// !$*UTF8*$!
{
	archiveVersion = 1;
	classes = {
	};
	objectVersion = 56;
	objects = {

/* Begin PBXBuildFile section */
		2A0C020E2B0A5E9A005764FA /* ImageLiterals.swift in Sources */ = {isa = PBXBuildFile; fileRef = 2A0C020D2B0A5E9A005764FA /* ImageLiterals.swift */; };
		2A0C02102B0A5EA5005764FA /* StringLiterals.swift in Sources */ = {isa = PBXBuildFile; fileRef = 2A0C020F2B0A5EA5005764FA /* StringLiterals.swift */; };
		2A0C02122B0A5EAE005764FA /* UIView+.swift in Sources */ = {isa = PBXBuildFile; fileRef = 2A0C02112B0A5EAE005764FA /* UIView+.swift */; };
		2A0C021A2B0A5F30005764FA /* a.swift in Sources */ = {isa = PBXBuildFile; fileRef = 2A0C02192B0A5F30005764FA /* a.swift */; };
		2A0C021D2B0A5F78005764FA /* b.swift in Sources */ = {isa = PBXBuildFile; fileRef = 2A0C021C2B0A5F78005764FA /* b.swift */; };
		2A0C02202B0A5F82005764FA /* x.swift in Sources */ = {isa = PBXBuildFile; fileRef = 2A0C021F2B0A5F82005764FA /* x.swift */; };
		2A0C022A2B0A61D3005764FA /* GmarketSansTTFBold.ttf in Resources */ = {isa = PBXBuildFile; fileRef = 2A0C02232B0A61D3005764FA /* GmarketSansTTFBold.ttf */; };
		2A0C022B2B0A61D3005764FA /* GmarketSansTTFLight.ttf in Resources */ = {isa = PBXBuildFile; fileRef = 2A0C02242B0A61D3005764FA /* GmarketSansTTFLight.ttf */; };
		2A0C022D2B0A61D3005764FA /* GmarketSansTTFMedium.ttf in Resources */ = {isa = PBXBuildFile; fileRef = 2A0C02262B0A61D3005764FA /* GmarketSansTTFMedium.ttf */; };
		2A0C02322B0A6407005764FA /* UIFont+.swift in Sources */ = {isa = PBXBuildFile; fileRef = 2A0C02312B0A6407005764FA /* UIFont+.swift */; };
		2A0C02342B0A6681005764FA /* UIColor+.swift in Sources */ = {isa = PBXBuildFile; fileRef = 2A0C02332B0A6681005764FA /* UIColor+.swift */; };
		2A0C02362B0A6B5B005764FA /* UIImage+.swift in Sources */ = {isa = PBXBuildFile; fileRef = 2A0C02352B0A6B5B005764FA /* UIImage+.swift */; };
		2A5296E72B051E8400279401 /* AppDelegate.swift in Sources */ = {isa = PBXBuildFile; fileRef = 2A5296E62B051E8400279401 /* AppDelegate.swift */; };
		2A5296E92B051E8400279401 /* SceneDelegate.swift in Sources */ = {isa = PBXBuildFile; fileRef = 2A5296E82B051E8400279401 /* SceneDelegate.swift */; };
		2A5296EB2B051E8400279401 /* ViewController.swift in Sources */ = {isa = PBXBuildFile; fileRef = 2A5296EA2B051E8400279401 /* ViewController.swift */; };
		2A5296F02B051E8600279401 /* Assets.xcassets in Resources */ = {isa = PBXBuildFile; fileRef = 2A5296EF2B051E8600279401 /* Assets.xcassets */; };
		2A5296F32B051E8600279401 /* LaunchScreen.storyboard in Resources */ = {isa = PBXBuildFile; fileRef = 2A5296F12B051E8600279401 /* LaunchScreen.storyboard */; };
		2AA327AA2B0B231B00732CE9 /* SnapKit in Frameworks */ = {isa = PBXBuildFile; productRef = 2AA327A92B0B231B00732CE9 /* SnapKit */; };
		2AA327AD2B0B233100732CE9 /* Then in Frameworks */ = {isa = PBXBuildFile; productRef = 2AA327AC2B0B233100732CE9 /* Then */; };
		2AA327B02B0B234800732CE9 /* Kingfisher in Frameworks */ = {isa = PBXBuildFile; productRef = 2AA327AF2B0B234800732CE9 /* Kingfisher */; };
		83D859182B0B98CE00FD982E /* HatDetailViewController.swift in Sources */ = {isa = PBXBuildFile; fileRef = 83D859172B0B98CE00FD982E /* HatDetailViewController.swift */; };
		83D8591A2B0B9A7600FD982E /* LayoutFactory.swift in Sources */ = {isa = PBXBuildFile; fileRef = 83D859192B0B9A7600FD982E /* LayoutFactory.swift */; };
		83D8591C2B0B9EA700FD982E /* MainInfoCollectionViewCell.swift in Sources */ = {isa = PBXBuildFile; fileRef = 83D8591B2B0B9EA700FD982E /* MainInfoCollectionViewCell.swift */; };
		83D8591F2B0B9EC100FD982E /* ProductInfoCollectionViewCell.swift in Sources */ = {isa = PBXBuildFile; fileRef = 83D8591E2B0B9EC100FD982E /* ProductInfoCollectionViewCell.swift */; };
		83D859212B0B9ED200FD982E /* SizeInfoCollectionViewCell.swift in Sources */ = {isa = PBXBuildFile; fileRef = 83D859202B0B9ED200FD982E /* SizeInfoCollectionViewCell.swift */; };
		83D859232B0B9EE500FD982E /* RecommendInfoCollectionViewCell.swift in Sources */ = {isa = PBXBuildFile; fileRef = 83D859222B0B9EE500FD982E /* RecommendInfoCollectionViewCell.swift */; };
		83D859252B0B9EF300FD982E /* ReviewInfoCollectionViewCell.swift in Sources */ = {isa = PBXBuildFile; fileRef = 83D859242B0B9EF300FD982E /* ReviewInfoCollectionViewCell.swift */; };
		83D859272B0B9F0900FD982E /* InquireInfoCollectionViewCell.swift in Sources */ = {isa = PBXBuildFile; fileRef = 83D859262B0B9F0900FD982E /* InquireInfoCollectionViewCell.swift */; };
		2AA327B32B0B261400732CE9 /* CategoryViewController.swift in Sources */ = {isa = PBXBuildFile; fileRef = 2AA327B22B0B261400732CE9 /* CategoryViewController.swift */; };
		2AA327B52B0B28B800732CE9 /* CategoryHeaderView.swift in Sources */ = {isa = PBXBuildFile; fileRef = 2AA327B42B0B28B800732CE9 /* CategoryHeaderView.swift */; };
		2AA327B72B0B544A00732CE9 /* Adjust+.swift in Sources */ = {isa = PBXBuildFile; fileRef = 2AA327B62B0B544A00732CE9 /* Adjust+.swift */; };
		2AA327BA2B0B6FFA00732CE9 /* Category.swift in Sources */ = {isa = PBXBuildFile; fileRef = 2AA327B92B0B6FFA00732CE9 /* Category.swift */; };
		2AA327BC2B0B722100732CE9 /* NSObject+.swift in Sources */ = {isa = PBXBuildFile; fileRef = 2AA327BB2B0B722100732CE9 /* NSObject+.swift */; };
		2AA327BE2B0B728600732CE9 /* CategoryHorizontalCollectionViewCell.swift in Sources */ = {isa = PBXBuildFile; fileRef = 2AA327BD2B0B728600732CE9 /* CategoryHorizontalCollectionViewCell.swift */; };
/* End PBXBuildFile section */

/* Begin PBXFileReference section */
		2A0C020D2B0A5E9A005764FA /* ImageLiterals.swift */ = {isa = PBXFileReference; lastKnownFileType = sourcecode.swift; path = ImageLiterals.swift; sourceTree = "<group>"; };
		2A0C020F2B0A5EA5005764FA /* StringLiterals.swift */ = {isa = PBXFileReference; lastKnownFileType = sourcecode.swift; path = StringLiterals.swift; sourceTree = "<group>"; };
		2A0C02112B0A5EAE005764FA /* UIView+.swift */ = {isa = PBXFileReference; lastKnownFileType = sourcecode.swift; path = "UIView+.swift"; sourceTree = "<group>"; };
		2A0C02192B0A5F30005764FA /* a.swift */ = {isa = PBXFileReference; lastKnownFileType = sourcecode.swift; path = a.swift; sourceTree = "<group>"; };
		2A0C021C2B0A5F78005764FA /* b.swift */ = {isa = PBXFileReference; lastKnownFileType = sourcecode.swift; path = b.swift; sourceTree = "<group>"; };
		2A0C021F2B0A5F82005764FA /* x.swift */ = {isa = PBXFileReference; lastKnownFileType = sourcecode.swift; path = x.swift; sourceTree = "<group>"; };
		2A0C02232B0A61D3005764FA /* GmarketSansTTFBold.ttf */ = {isa = PBXFileReference; lastKnownFileType = file; path = GmarketSansTTFBold.ttf; sourceTree = "<group>"; };
		2A0C02242B0A61D3005764FA /* GmarketSansTTFLight.ttf */ = {isa = PBXFileReference; lastKnownFileType = file; path = GmarketSansTTFLight.ttf; sourceTree = "<group>"; };
		2A0C02262B0A61D3005764FA /* GmarketSansTTFMedium.ttf */ = {isa = PBXFileReference; lastKnownFileType = file; path = GmarketSansTTFMedium.ttf; sourceTree = "<group>"; };
		2A0C02312B0A6407005764FA /* UIFont+.swift */ = {isa = PBXFileReference; lastKnownFileType = sourcecode.swift; path = "UIFont+.swift"; sourceTree = "<group>"; };
		2A0C02332B0A6681005764FA /* UIColor+.swift */ = {isa = PBXFileReference; lastKnownFileType = sourcecode.swift; path = "UIColor+.swift"; sourceTree = "<group>"; };
		2A0C02352B0A6B5B005764FA /* UIImage+.swift */ = {isa = PBXFileReference; lastKnownFileType = sourcecode.swift; path = "UIImage+.swift"; sourceTree = "<group>"; };
		2A5296E32B051E8400279401 /* CDS-APP-2-iOS.app */ = {isa = PBXFileReference; explicitFileType = wrapper.application; includeInIndex = 0; path = "CDS-APP-2-iOS.app"; sourceTree = BUILT_PRODUCTS_DIR; };
		2A5296E62B051E8400279401 /* AppDelegate.swift */ = {isa = PBXFileReference; lastKnownFileType = sourcecode.swift; path = AppDelegate.swift; sourceTree = "<group>"; };
		2A5296E82B051E8400279401 /* SceneDelegate.swift */ = {isa = PBXFileReference; lastKnownFileType = sourcecode.swift; path = SceneDelegate.swift; sourceTree = "<group>"; };
		2A5296EA2B051E8400279401 /* ViewController.swift */ = {isa = PBXFileReference; lastKnownFileType = sourcecode.swift; path = ViewController.swift; sourceTree = "<group>"; };
		2A5296EF2B051E8600279401 /* Assets.xcassets */ = {isa = PBXFileReference; lastKnownFileType = folder.assetcatalog; path = Assets.xcassets; sourceTree = "<group>"; };
		2A5296F22B051E8600279401 /* Base */ = {isa = PBXFileReference; lastKnownFileType = file.storyboard; name = Base; path = Base.lproj/LaunchScreen.storyboard; sourceTree = "<group>"; };
		2A5296F42B051E8600279401 /* Info.plist */ = {isa = PBXFileReference; lastKnownFileType = text.plist.xml; path = Info.plist; sourceTree = "<group>"; };

		83D859172B0B98CE00FD982E /* HatDetailViewController.swift */ = {isa = PBXFileReference; lastKnownFileType = sourcecode.swift; path = HatDetailViewController.swift; sourceTree = "<group>"; };
		83D859192B0B9A7600FD982E /* LayoutFactory.swift */ = {isa = PBXFileReference; lastKnownFileType = sourcecode.swift; path = LayoutFactory.swift; sourceTree = "<group>"; };
		83D8591B2B0B9EA700FD982E /* MainInfoCollectionViewCell.swift */ = {isa = PBXFileReference; lastKnownFileType = sourcecode.swift; path = MainInfoCollectionViewCell.swift; sourceTree = "<group>"; };
		83D8591E2B0B9EC100FD982E /* ProductInfoCollectionViewCell.swift */ = {isa = PBXFileReference; lastKnownFileType = sourcecode.swift; path = ProductInfoCollectionViewCell.swift; sourceTree = "<group>"; };
		83D859202B0B9ED200FD982E /* SizeInfoCollectionViewCell.swift */ = {isa = PBXFileReference; lastKnownFileType = sourcecode.swift; path = SizeInfoCollectionViewCell.swift; sourceTree = "<group>"; };
		83D859222B0B9EE500FD982E /* RecommendInfoCollectionViewCell.swift */ = {isa = PBXFileReference; lastKnownFileType = sourcecode.swift; path = RecommendInfoCollectionViewCell.swift; sourceTree = "<group>"; };
		83D859242B0B9EF300FD982E /* ReviewInfoCollectionViewCell.swift */ = {isa = PBXFileReference; lastKnownFileType = sourcecode.swift; path = ReviewInfoCollectionViewCell.swift; sourceTree = "<group>"; };
		83D859262B0B9F0900FD982E /* InquireInfoCollectionViewCell.swift */ = {isa = PBXFileReference; lastKnownFileType = sourcecode.swift; path = InquireInfoCollectionViewCell.swift; sourceTree = "<group>"; };
		2AA327B22B0B261400732CE9 /* CategoryViewController.swift */ = {isa = PBXFileReference; lastKnownFileType = sourcecode.swift; path = CategoryViewController.swift; sourceTree = "<group>"; };
		2AA327B42B0B28B800732CE9 /* CategoryHeaderView.swift */ = {isa = PBXFileReference; lastKnownFileType = sourcecode.swift; path = CategoryHeaderView.swift; sourceTree = "<group>"; };
		2AA327B62B0B544A00732CE9 /* Adjust+.swift */ = {isa = PBXFileReference; lastKnownFileType = sourcecode.swift; path = "Adjust+.swift"; sourceTree = "<group>"; };
		2AA327B92B0B6FFA00732CE9 /* Category.swift */ = {isa = PBXFileReference; lastKnownFileType = sourcecode.swift; path = Category.swift; sourceTree = "<group>"; };
		2AA327BB2B0B722100732CE9 /* NSObject+.swift */ = {isa = PBXFileReference; lastKnownFileType = sourcecode.swift; path = "NSObject+.swift"; sourceTree = "<group>"; };
		2AA327BD2B0B728600732CE9 /* CategoryHorizontalCollectionViewCell.swift */ = {isa = PBXFileReference; lastKnownFileType = sourcecode.swift; path = CategoryHorizontalCollectionViewCell.swift; sourceTree = "<group>"; };
/* End PBXFileReference section */

/* Begin PBXFrameworksBuildPhase section */
		2A5296E02B051E8400279401 /* Frameworks */ = {
			isa = PBXFrameworksBuildPhase;
			buildActionMask = 2147483647;
			files = (
				2AA327B02B0B234800732CE9 /* Kingfisher in Frameworks */,
				2AA327AA2B0B231B00732CE9 /* SnapKit in Frameworks */,
				2AA327AD2B0B233100732CE9 /* Then in Frameworks */,
			);
			runOnlyForDeploymentPostprocessing = 0;
		};
/* End PBXFrameworksBuildPhase section */

/* Begin PBXGroup section */
		2A0C02052B0A5DF0005764FA /* Application */ = {
			isa = PBXGroup;
			children = (
				2A5296E62B051E8400279401 /* AppDelegate.swift */,
				2A5296E82B051E8400279401 /* SceneDelegate.swift */,
			);
			path = Application;
			sourceTree = "<group>";
		};
		2A0C02062B0A5E25005764FA /* Global */ = {
			isa = PBXGroup;
			children = (
				2A0C02132B0A5EC6005764FA /* Resources */,
				2A0C020B2B0A5E85005764FA /* Literals */,
				2A0C020A2B0A5E77005764FA /* Extension */,
				2A0C02152B0A5EF1005764FA /* SupportingFiles */,
			);
			path = Global;
			sourceTree = "<group>";
		};
		2A0C02072B0A5E3F005764FA /* Network */ = {
			isa = PBXGroup;
			children = (
				2A0C02172B0A5F1F005764FA /* Home */,
			);
			path = Network;
			sourceTree = "<group>";
		};
		2A0C02082B0A5E4C005764FA /* Presentation */ = {
			isa = PBXGroup;
			children = (
				83D859162B0B988600FD982E /* HatDetail */,
				2AA327B12B0B260000732CE9 /* Category */,
				2A0C02092B0A5E5E005764FA /* Home */,
			);
			path = Presentation;
			sourceTree = "<group>";
		};
		2A0C02092B0A5E5E005764FA /* Home */ = {
			isa = PBXGroup;
			children = (
				2A5296EA2B051E8400279401 /* ViewController.swift */,
			);
			path = Home;
			sourceTree = "<group>";
		};
		2A0C020A2B0A5E77005764FA /* Extension */ = {
			isa = PBXGroup;
			children = (
				2A0C02112B0A5EAE005764FA /* UIView+.swift */,
				2A0C02312B0A6407005764FA /* UIFont+.swift */,
				2A0C02332B0A6681005764FA /* UIColor+.swift */,
				2A0C02352B0A6B5B005764FA /* UIImage+.swift */,
				2AA327B62B0B544A00732CE9 /* Adjust+.swift */,
				2AA327BB2B0B722100732CE9 /* NSObject+.swift */,
			);
			path = Extension;
			sourceTree = "<group>";
		};
		2A0C020B2B0A5E85005764FA /* Literals */ = {
			isa = PBXGroup;
			children = (
				2A0C020D2B0A5E9A005764FA /* ImageLiterals.swift */,
				2A0C020F2B0A5EA5005764FA /* StringLiterals.swift */,
			);
			path = Literals;
			sourceTree = "<group>";
		};
		2A0C02132B0A5EC6005764FA /* Resources */ = {
			isa = PBXGroup;
			children = (
				2A0C02142B0A5ED5005764FA /* Font */,
				2A5296EF2B051E8600279401 /* Assets.xcassets */,
			);
			path = Resources;
			sourceTree = "<group>";
		};
		2A0C02142B0A5ED5005764FA /* Font */ = {
			isa = PBXGroup;
			children = (
				2A0C02232B0A61D3005764FA /* GmarketSansTTFBold.ttf */,
				2A0C02242B0A61D3005764FA /* GmarketSansTTFLight.ttf */,
				2A0C02262B0A61D3005764FA /* GmarketSansTTFMedium.ttf */,
			);
			path = Font;
			sourceTree = "<group>";
		};
		2A0C02152B0A5EF1005764FA /* SupportingFiles */ = {
			isa = PBXGroup;
			children = (
				2A0C02162B0A5F01005764FA /* Base */,
			);
			path = SupportingFiles;
			sourceTree = "<group>";
		};
		2A0C02162B0A5F01005764FA /* Base */ = {
			isa = PBXGroup;
			children = (
				2A5296F12B051E8600279401 /* LaunchScreen.storyboard */,
			);
			path = Base;
			sourceTree = "<group>";
		};
		2A0C02172B0A5F1F005764FA /* Home */ = {
			isa = PBXGroup;
			children = (
				2A0C02182B0A5F27005764FA /* DTO */,
				2A0C021E2B0A5F7B005764FA /* Sevice */,
				2A0C021B2B0A5F66005764FA /* Foundation */,
			);
			path = Home;
			sourceTree = "<group>";
		};
		2A0C02182B0A5F27005764FA /* DTO */ = {
			isa = PBXGroup;
			children = (
				2A0C02192B0A5F30005764FA /* a.swift */,
			);
			path = DTO;
			sourceTree = "<group>";
		};
		2A0C021B2B0A5F66005764FA /* Foundation */ = {
			isa = PBXGroup;
			children = (
				2A0C021C2B0A5F78005764FA /* b.swift */,
			);
			path = Foundation;
			sourceTree = "<group>";
		};
		2A0C021E2B0A5F7B005764FA /* Sevice */ = {
			isa = PBXGroup;
			children = (
				2A0C021F2B0A5F82005764FA /* x.swift */,
			);
			path = Sevice;
			sourceTree = "<group>";
		};
		2A5296DA2B051E8400279401 = {
			isa = PBXGroup;
			children = (
				2A5296E52B051E8400279401 /* CDS-APP-2-iOS */,
				2A5296E42B051E8400279401 /* Products */,
			);
			sourceTree = "<group>";
		};
		2A5296E42B051E8400279401 /* Products */ = {
			isa = PBXGroup;
			children = (
				2A5296E32B051E8400279401 /* CDS-APP-2-iOS.app */,
			);
			name = Products;
			sourceTree = "<group>";
		};
		2A5296E52B051E8400279401 /* CDS-APP-2-iOS */ = {
			isa = PBXGroup;
			children = (
				2A0C02052B0A5DF0005764FA /* Application */,
				2A0C02062B0A5E25005764FA /* Global */,
				2A0C02082B0A5E4C005764FA /* Presentation */,
				2A0C02072B0A5E3F005764FA /* Network */,
				2A5296F42B051E8600279401 /* Info.plist */,
			);
			path = "CDS-APP-2-iOS";
			sourceTree = "<group>";
		};

		83D859162B0B988600FD982E /* HatDetail */ = {
			isa = PBXGroup;
			children = (
				83D8591D2B0B9EAD00FD982E /* cell */,
				83D859172B0B98CE00FD982E /* HatDetailViewController.swift */,
				83D859192B0B9A7600FD982E /* LayoutFactory.swift */,
			);
			path = HatDetail;
			sourceTree = "<group>";
		};
		83D8591D2B0B9EAD00FD982E /* cell */ = {
			isa = PBXGroup;
			children = (
				83D8591B2B0B9EA700FD982E /* MainInfoCollectionViewCell.swift */,
				83D8591E2B0B9EC100FD982E /* ProductInfoCollectionViewCell.swift */,
				83D859202B0B9ED200FD982E /* SizeInfoCollectionViewCell.swift */,
				83D859222B0B9EE500FD982E /* RecommendInfoCollectionViewCell.swift */,
				83D859242B0B9EF300FD982E /* ReviewInfoCollectionViewCell.swift */,
				83D859262B0B9F0900FD982E /* InquireInfoCollectionViewCell.swift */,
			);
			path = cell;
		2AA327B12B0B260000732CE9 /* Category */ = {
			isa = PBXGroup;
			children = (
				2AA327BF2B0B7B5000732CE9 /* View */,
				2AA327C12B0B7B7000732CE9 /* ViewController */,
				2AA327C02B0B7B5700732CE9 /* Cell */,
				2AA327B82B0B6FE800732CE9 /* Dummy */,
			);
			path = Category;
			sourceTree = "<group>";
		};
		2AA327B82B0B6FE800732CE9 /* Dummy */ = {
			isa = PBXGroup;
			children = (
				2AA327B92B0B6FFA00732CE9 /* Category.swift */,
			);
			path = Dummy;
			sourceTree = "<group>";
		};
		2AA327BF2B0B7B5000732CE9 /* View */ = {
			isa = PBXGroup;
			children = (
				2AA327B42B0B28B800732CE9 /* CategoryHeaderView.swift */,
			);
			path = View;
			sourceTree = "<group>";
		};
		2AA327C02B0B7B5700732CE9 /* Cell */ = {
			isa = PBXGroup;
			children = (
				2AA327BD2B0B728600732CE9 /* CategoryHorizontalCollectionViewCell.swift */,
			);
			path = Cell;
			sourceTree = "<group>";
		};
		2AA327C12B0B7B7000732CE9 /* ViewController */ = {
			isa = PBXGroup;
			children = (
				2AA327B22B0B261400732CE9 /* CategoryViewController.swift */,
			);
			path = ViewController;
			sourceTree = "<group>";
		};
/* End PBXGroup section */

/* Begin PBXNativeTarget section */
		2A5296E22B051E8400279401 /* CDS-APP-2-iOS */ = {
			isa = PBXNativeTarget;
			buildConfigurationList = 2A5296F72B051E8600279401 /* Build configuration list for PBXNativeTarget "CDS-APP-2-iOS" */;
			buildPhases = (
				2A5296DF2B051E8400279401 /* Sources */,
				2A5296E02B051E8400279401 /* Frameworks */,
				2A5296E12B051E8400279401 /* Resources */,
			);
			buildRules = (
			);
			dependencies = (
			);
			name = "CDS-APP-2-iOS";
			packageProductDependencies = (
				2AA327A92B0B231B00732CE9 /* SnapKit */,
				2AA327AC2B0B233100732CE9 /* Then */,
				2AA327AF2B0B234800732CE9 /* Kingfisher */,
			);
			productName = "CDS-APP-2-iOS";
			productReference = 2A5296E32B051E8400279401 /* CDS-APP-2-iOS.app */;
			productType = "com.apple.product-type.application";
		};
/* End PBXNativeTarget section */

/* Begin PBXProject section */
		2A5296DB2B051E8400279401 /* Project object */ = {
			isa = PBXProject;
			attributes = {
				BuildIndependentTargetsInParallel = 1;
				LastSwiftUpdateCheck = 1420;
				LastUpgradeCheck = 1420;
				TargetAttributes = {
					2A5296E22B051E8400279401 = {
						CreatedOnToolsVersion = 14.2;
					};
				};
			};
			buildConfigurationList = 2A5296DE2B051E8400279401 /* Build configuration list for PBXProject "CDS-APP-2-iOS" */;
			compatibilityVersion = "Xcode 14.0";
			developmentRegion = en;
			hasScannedForEncodings = 0;
			knownRegions = (
				en,
				Base,
			);
			mainGroup = 2A5296DA2B051E8400279401;
			packageReferences = (
				2AA327A82B0B231B00732CE9 /* XCRemoteSwiftPackageReference "SnapKit" */,
				2AA327AB2B0B233100732CE9 /* XCRemoteSwiftPackageReference "Then" */,
				2AA327AE2B0B234800732CE9 /* XCRemoteSwiftPackageReference "Kingfisher" */,
			);
			productRefGroup = 2A5296E42B051E8400279401 /* Products */;
			projectDirPath = "";
			projectRoot = "";
			targets = (
				2A5296E22B051E8400279401 /* CDS-APP-2-iOS */,
			);
		};
/* End PBXProject section */

/* Begin PBXResourcesBuildPhase section */
		2A5296E12B051E8400279401 /* Resources */ = {
			isa = PBXResourcesBuildPhase;
			buildActionMask = 2147483647;
			files = (
				2A5296F32B051E8600279401 /* LaunchScreen.storyboard in Resources */,
				2A0C022B2B0A61D3005764FA /* GmarketSansTTFLight.ttf in Resources */,
				2A5296F02B051E8600279401 /* Assets.xcassets in Resources */,
				2A0C022A2B0A61D3005764FA /* GmarketSansTTFBold.ttf in Resources */,
				2A0C022D2B0A61D3005764FA /* GmarketSansTTFMedium.ttf in Resources */,
			);
			runOnlyForDeploymentPostprocessing = 0;
		};
/* End PBXResourcesBuildPhase section */

/* Begin PBXSourcesBuildPhase section */
		2A5296DF2B051E8400279401 /* Sources */ = {
			isa = PBXSourcesBuildPhase;
			buildActionMask = 2147483647;
			files = (
				2A0C02122B0A5EAE005764FA /* UIView+.swift in Sources */,
				2A5296EB2B051E8400279401 /* ViewController.swift in Sources */,

				83D8591F2B0B9EC100FD982E /* ProductInfoCollectionViewCell.swift in Sources */,

				2AA327B72B0B544A00732CE9 /* Adjust+.swift in Sources */,

				2A0C02322B0A6407005764FA /* UIFont+.swift in Sources */,
				83D8591C2B0B9EA700FD982E /* MainInfoCollectionViewCell.swift in Sources */,
				83D859232B0B9EE500FD982E /* RecommendInfoCollectionViewCell.swift in Sources */,
				2A0C02102B0A5EA5005764FA /* StringLiterals.swift in Sources */,
				2A0C02342B0A6681005764FA /* UIColor+.swift in Sources */,
				2AA327BE2B0B728600732CE9 /* CategoryHorizontalCollectionViewCell.swift in Sources */,
				2A0C02202B0A5F82005764FA /* x.swift in Sources */,

				83D859182B0B98CE00FD982E /* HatDetailViewController.swift in Sources */,

				2AA327BA2B0B6FFA00732CE9 /* Category.swift in Sources */,

				2A0C021D2B0A5F78005764FA /* b.swift in Sources */,
				83D859212B0B9ED200FD982E /* SizeInfoCollectionViewCell.swift in Sources */,
				2A0C020E2B0A5E9A005764FA /* ImageLiterals.swift in Sources */,
				2AA327BC2B0B722100732CE9 /* NSObject+.swift in Sources */,
				2AA327B52B0B28B800732CE9 /* CategoryHeaderView.swift in Sources */,
				2A0C021A2B0A5F30005764FA /* a.swift in Sources */,
				2A0C02362B0A6B5B005764FA /* UIImage+.swift in Sources */,
				2AA327B32B0B261400732CE9 /* CategoryViewController.swift in Sources */,
				2A5296E72B051E8400279401 /* AppDelegate.swift in Sources */,
				83D8591A2B0B9A7600FD982E /* LayoutFactory.swift in Sources */,
				2A5296E92B051E8400279401 /* SceneDelegate.swift in Sources */,
				83D859272B0B9F0900FD982E /* InquireInfoCollectionViewCell.swift in Sources */,
				83D859252B0B9EF300FD982E /* ReviewInfoCollectionViewCell.swift in Sources */,
			);
			runOnlyForDeploymentPostprocessing = 0;
		};
/* End PBXSourcesBuildPhase section */

/* Begin PBXVariantGroup section */
		2A5296F12B051E8600279401 /* LaunchScreen.storyboard */ = {
			isa = PBXVariantGroup;
			children = (
				2A5296F22B051E8600279401 /* Base */,
			);
			name = LaunchScreen.storyboard;
			sourceTree = "<group>";
		};
/* End PBXVariantGroup section */

/* Begin XCBuildConfiguration section */
		2A5296F52B051E8600279401 /* Debug */ = {
			isa = XCBuildConfiguration;
			buildSettings = {
				ALWAYS_SEARCH_USER_PATHS = NO;
				CLANG_ANALYZER_NONNULL = YES;
				CLANG_ANALYZER_NUMBER_OBJECT_CONVERSION = YES_AGGRESSIVE;
				CLANG_CXX_LANGUAGE_STANDARD = "gnu++20";
				CLANG_ENABLE_MODULES = YES;
				CLANG_ENABLE_OBJC_ARC = YES;
				CLANG_ENABLE_OBJC_WEAK = YES;
				CLANG_WARN_BLOCK_CAPTURE_AUTORELEASING = YES;
				CLANG_WARN_BOOL_CONVERSION = YES;
				CLANG_WARN_COMMA = YES;
				CLANG_WARN_CONSTANT_CONVERSION = YES;
				CLANG_WARN_DEPRECATED_OBJC_IMPLEMENTATIONS = YES;
				CLANG_WARN_DIRECT_OBJC_ISA_USAGE = YES_ERROR;
				CLANG_WARN_DOCUMENTATION_COMMENTS = YES;
				CLANG_WARN_EMPTY_BODY = YES;
				CLANG_WARN_ENUM_CONVERSION = YES;
				CLANG_WARN_INFINITE_RECURSION = YES;
				CLANG_WARN_INT_CONVERSION = YES;
				CLANG_WARN_NON_LITERAL_NULL_CONVERSION = YES;
				CLANG_WARN_OBJC_IMPLICIT_RETAIN_SELF = YES;
				CLANG_WARN_OBJC_LITERAL_CONVERSION = YES;
				CLANG_WARN_OBJC_ROOT_CLASS = YES_ERROR;
				CLANG_WARN_QUOTED_INCLUDE_IN_FRAMEWORK_HEADER = YES;
				CLANG_WARN_RANGE_LOOP_ANALYSIS = YES;
				CLANG_WARN_STRICT_PROTOTYPES = YES;
				CLANG_WARN_SUSPICIOUS_MOVE = YES;
				CLANG_WARN_UNGUARDED_AVAILABILITY = YES_AGGRESSIVE;
				CLANG_WARN_UNREACHABLE_CODE = YES;
				CLANG_WARN__DUPLICATE_METHOD_MATCH = YES;
				COPY_PHASE_STRIP = NO;
				DEBUG_INFORMATION_FORMAT = dwarf;
				ENABLE_STRICT_OBJC_MSGSEND = YES;
				ENABLE_TESTABILITY = YES;
				GCC_C_LANGUAGE_STANDARD = gnu11;
				GCC_DYNAMIC_NO_PIC = NO;
				GCC_NO_COMMON_BLOCKS = YES;
				GCC_OPTIMIZATION_LEVEL = 0;
				GCC_PREPROCESSOR_DEFINITIONS = (
					"DEBUG=1",
					"$(inherited)",
				);
				GCC_WARN_64_TO_32_BIT_CONVERSION = YES;
				GCC_WARN_ABOUT_RETURN_TYPE = YES_ERROR;
				GCC_WARN_UNDECLARED_SELECTOR = YES;
				GCC_WARN_UNINITIALIZED_AUTOS = YES_AGGRESSIVE;
				GCC_WARN_UNUSED_FUNCTION = YES;
				GCC_WARN_UNUSED_VARIABLE = YES;
				IPHONEOS_DEPLOYMENT_TARGET = 16.2;
				MTL_ENABLE_DEBUG_INFO = INCLUDE_SOURCE;
				MTL_FAST_MATH = YES;
				ONLY_ACTIVE_ARCH = YES;
				SDKROOT = iphoneos;
				SWIFT_ACTIVE_COMPILATION_CONDITIONS = DEBUG;
				SWIFT_OPTIMIZATION_LEVEL = "-Onone";
			};
			name = Debug;
		};
		2A5296F62B051E8600279401 /* Release */ = {
			isa = XCBuildConfiguration;
			buildSettings = {
				ALWAYS_SEARCH_USER_PATHS = NO;
				CLANG_ANALYZER_NONNULL = YES;
				CLANG_ANALYZER_NUMBER_OBJECT_CONVERSION = YES_AGGRESSIVE;
				CLANG_CXX_LANGUAGE_STANDARD = "gnu++20";
				CLANG_ENABLE_MODULES = YES;
				CLANG_ENABLE_OBJC_ARC = YES;
				CLANG_ENABLE_OBJC_WEAK = YES;
				CLANG_WARN_BLOCK_CAPTURE_AUTORELEASING = YES;
				CLANG_WARN_BOOL_CONVERSION = YES;
				CLANG_WARN_COMMA = YES;
				CLANG_WARN_CONSTANT_CONVERSION = YES;
				CLANG_WARN_DEPRECATED_OBJC_IMPLEMENTATIONS = YES;
				CLANG_WARN_DIRECT_OBJC_ISA_USAGE = YES_ERROR;
				CLANG_WARN_DOCUMENTATION_COMMENTS = YES;
				CLANG_WARN_EMPTY_BODY = YES;
				CLANG_WARN_ENUM_CONVERSION = YES;
				CLANG_WARN_INFINITE_RECURSION = YES;
				CLANG_WARN_INT_CONVERSION = YES;
				CLANG_WARN_NON_LITERAL_NULL_CONVERSION = YES;
				CLANG_WARN_OBJC_IMPLICIT_RETAIN_SELF = YES;
				CLANG_WARN_OBJC_LITERAL_CONVERSION = YES;
				CLANG_WARN_OBJC_ROOT_CLASS = YES_ERROR;
				CLANG_WARN_QUOTED_INCLUDE_IN_FRAMEWORK_HEADER = YES;
				CLANG_WARN_RANGE_LOOP_ANALYSIS = YES;
				CLANG_WARN_STRICT_PROTOTYPES = YES;
				CLANG_WARN_SUSPICIOUS_MOVE = YES;
				CLANG_WARN_UNGUARDED_AVAILABILITY = YES_AGGRESSIVE;
				CLANG_WARN_UNREACHABLE_CODE = YES;
				CLANG_WARN__DUPLICATE_METHOD_MATCH = YES;
				COPY_PHASE_STRIP = NO;
				DEBUG_INFORMATION_FORMAT = "dwarf-with-dsym";
				ENABLE_NS_ASSERTIONS = NO;
				ENABLE_STRICT_OBJC_MSGSEND = YES;
				GCC_C_LANGUAGE_STANDARD = gnu11;
				GCC_NO_COMMON_BLOCKS = YES;
				GCC_WARN_64_TO_32_BIT_CONVERSION = YES;
				GCC_WARN_ABOUT_RETURN_TYPE = YES_ERROR;
				GCC_WARN_UNDECLARED_SELECTOR = YES;
				GCC_WARN_UNINITIALIZED_AUTOS = YES_AGGRESSIVE;
				GCC_WARN_UNUSED_FUNCTION = YES;
				GCC_WARN_UNUSED_VARIABLE = YES;
				IPHONEOS_DEPLOYMENT_TARGET = 16.2;
				MTL_ENABLE_DEBUG_INFO = NO;
				MTL_FAST_MATH = YES;
				SDKROOT = iphoneos;
				SWIFT_COMPILATION_MODE = wholemodule;
				SWIFT_OPTIMIZATION_LEVEL = "-O";
				VALIDATE_PRODUCT = YES;
			};
			name = Release;
		};
		2A5296F82B051E8600279401 /* Debug */ = {
			isa = XCBuildConfiguration;
			buildSettings = {
				ASSETCATALOG_COMPILER_APPICON_NAME = AppIcon;
				ASSETCATALOG_COMPILER_GLOBAL_ACCENT_COLOR_NAME = AccentColor;
				CODE_SIGN_STYLE = Automatic;
				CURRENT_PROJECT_VERSION = 1;
				DEVELOPMENT_TEAM = 349HWJV2J8;
				GENERATE_INFOPLIST_FILE = YES;
				INFOPLIST_FILE = "CDS-APP-2-iOS/Info.plist";
				INFOPLIST_KEY_UIApplicationSupportsIndirectInputEvents = YES;
				INFOPLIST_KEY_UILaunchStoryboardName = LaunchScreen;
				INFOPLIST_KEY_UISupportedInterfaceOrientations_iPad = "UIInterfaceOrientationPortrait UIInterfaceOrientationPortraitUpsideDown UIInterfaceOrientationLandscapeLeft UIInterfaceOrientationLandscapeRight";
				INFOPLIST_KEY_UISupportedInterfaceOrientations_iPhone = "UIInterfaceOrientationPortrait UIInterfaceOrientationLandscapeLeft UIInterfaceOrientationLandscapeRight";
				LD_RUNPATH_SEARCH_PATHS = (
					"$(inherited)",
					"@executable_path/Frameworks",
				);
				MARKETING_VERSION = 1.0;
				PRODUCT_BUNDLE_IDENTIFIER = "com.naver-heejoo-byun.CDS-APP-2-iOS";
				PRODUCT_NAME = "$(TARGET_NAME)";
				SWIFT_EMIT_LOC_STRINGS = YES;
				SWIFT_VERSION = 5.0;
				TARGETED_DEVICE_FAMILY = "1,2";
			};
			name = Debug;
		};
		2A5296F92B051E8600279401 /* Release */ = {
			isa = XCBuildConfiguration;
			buildSettings = {
				ASSETCATALOG_COMPILER_APPICON_NAME = AppIcon;
				ASSETCATALOG_COMPILER_GLOBAL_ACCENT_COLOR_NAME = AccentColor;
				CODE_SIGN_STYLE = Automatic;
				CURRENT_PROJECT_VERSION = 1;
				DEVELOPMENT_TEAM = 349HWJV2J8;
				GENERATE_INFOPLIST_FILE = YES;
				INFOPLIST_FILE = "CDS-APP-2-iOS/Info.plist";
				INFOPLIST_KEY_UIApplicationSupportsIndirectInputEvents = YES;
				INFOPLIST_KEY_UILaunchStoryboardName = LaunchScreen;
				INFOPLIST_KEY_UISupportedInterfaceOrientations_iPad = "UIInterfaceOrientationPortrait UIInterfaceOrientationPortraitUpsideDown UIInterfaceOrientationLandscapeLeft UIInterfaceOrientationLandscapeRight";
				INFOPLIST_KEY_UISupportedInterfaceOrientations_iPhone = "UIInterfaceOrientationPortrait UIInterfaceOrientationLandscapeLeft UIInterfaceOrientationLandscapeRight";
				LD_RUNPATH_SEARCH_PATHS = (
					"$(inherited)",
					"@executable_path/Frameworks",
				);
				MARKETING_VERSION = 1.0;
				PRODUCT_BUNDLE_IDENTIFIER = "com.naver-heejoo-byun.CDS-APP-2-iOS";
				PRODUCT_NAME = "$(TARGET_NAME)";
				SWIFT_EMIT_LOC_STRINGS = YES;
				SWIFT_VERSION = 5.0;
				TARGETED_DEVICE_FAMILY = "1,2";
			};
			name = Release;
		};
/* End XCBuildConfiguration section */

/* Begin XCConfigurationList section */
		2A5296DE2B051E8400279401 /* Build configuration list for PBXProject "CDS-APP-2-iOS" */ = {
			isa = XCConfigurationList;
			buildConfigurations = (
				2A5296F52B051E8600279401 /* Debug */,
				2A5296F62B051E8600279401 /* Release */,
			);
			defaultConfigurationIsVisible = 0;
			defaultConfigurationName = Release;
		};
		2A5296F72B051E8600279401 /* Build configuration list for PBXNativeTarget "CDS-APP-2-iOS" */ = {
			isa = XCConfigurationList;
			buildConfigurations = (
				2A5296F82B051E8600279401 /* Debug */,
				2A5296F92B051E8600279401 /* Release */,
			);
			defaultConfigurationIsVisible = 0;
			defaultConfigurationName = Release;
		};
/* End XCConfigurationList section */

/* Begin XCRemoteSwiftPackageReference section */
		2AA327A82B0B231B00732CE9 /* XCRemoteSwiftPackageReference "SnapKit" */ = {
			isa = XCRemoteSwiftPackageReference;
			repositoryURL = "https://github.com/SnapKit/SnapKit.git";
			requirement = {
				kind = upToNextMajorVersion;
				minimumVersion = 5.0.0;
			};
		};
		2AA327AB2B0B233100732CE9 /* XCRemoteSwiftPackageReference "Then" */ = {
			isa = XCRemoteSwiftPackageReference;
			repositoryURL = "https://github.com/devxoul/Then.git";
			requirement = {
				kind = upToNextMajorVersion;
				minimumVersion = 3.0.0;
			};
		};
		2AA327AE2B0B234800732CE9 /* XCRemoteSwiftPackageReference "Kingfisher" */ = {
			isa = XCRemoteSwiftPackageReference;
			repositoryURL = "https://github.com/onevcat/Kingfisher.git";
			requirement = {
				kind = upToNextMajorVersion;
				minimumVersion = 7.0.0;
			};
		};
/* End XCRemoteSwiftPackageReference section */

/* Begin XCSwiftPackageProductDependency section */
		2AA327A92B0B231B00732CE9 /* SnapKit */ = {
			isa = XCSwiftPackageProductDependency;
			package = 2AA327A82B0B231B00732CE9 /* XCRemoteSwiftPackageReference "SnapKit" */;
			productName = SnapKit;
		};
		2AA327AC2B0B233100732CE9 /* Then */ = {
			isa = XCSwiftPackageProductDependency;
			package = 2AA327AB2B0B233100732CE9 /* XCRemoteSwiftPackageReference "Then" */;
			productName = Then;
		};
		2AA327AF2B0B234800732CE9 /* Kingfisher */ = {
			isa = XCSwiftPackageProductDependency;
			package = 2AA327AE2B0B234800732CE9 /* XCRemoteSwiftPackageReference "Kingfisher" */;
			productName = Kingfisher;
		};
/* End XCSwiftPackageProductDependency section */
	};
	rootObject = 2A5296DB2B051E8400279401 /* Project object */;
}
