// !$*UTF8*$!
{
	archiveVersion = 1;
	classes = {
	};
	objectVersion = 56;
	objects = {

/* Begin PBXBuildFile section */
		0518361E2B11C81100D4FB81 /* HomeRecommendSmallCollectionViewCell.swift in Sources */ = {isa = PBXBuildFile; fileRef = 0518361D2B11C81100D4FB81 /* HomeRecommendSmallCollectionViewCell.swift */; };
		051836202B11E22E00D4FB81 /* HomeRecommendBigCollectionViewCell.swift in Sources */ = {isa = PBXBuildFile; fileRef = 0518361F2B11E22E00D4FB81 /* HomeRecommendBigCollectionViewCell.swift */; };
		051836222B11E66100D4FB81 /* UILabel+.swift in Sources */ = {isa = PBXBuildFile; fileRef = 051836212B11E66100D4FB81 /* UILabel+.swift */; };
		0518362A2B1487B700D4FB81 /* HomePromotionReusableView.swift in Sources */ = {isa = PBXBuildFile; fileRef = 051836292B1487B700D4FB81 /* HomePromotionReusableView.swift */; };
		0518362C2B1487C700D4FB81 /* HomePromotionCollectionViewCell.swift in Sources */ = {isa = PBXBuildFile; fileRef = 0518362B2B1487C700D4FB81 /* HomePromotionCollectionViewCell.swift */; };
		0518362F2B149AE300D4FB81 /* LineView.swift in Sources */ = {isa = PBXBuildFile; fileRef = 0518362E2B149AE300D4FB81 /* LineView.swift */; };
		051836322B14A71500D4FB81 /* RecommendSmallCellData.swift in Sources */ = {isa = PBXBuildFile; fileRef = 051836312B14A71500D4FB81 /* RecommendSmallCellData.swift */; };
		051836342B14A78700D4FB81 /* PromotionCellData.swift in Sources */ = {isa = PBXBuildFile; fileRef = 051836332B14A78700D4FB81 /* PromotionCellData.swift */; };
		051836362B14AA6F00D4FB81 /* PromotionHeaderData.swift in Sources */ = {isa = PBXBuildFile; fileRef = 051836352B14AA6F00D4FB81 /* PromotionHeaderData.swift */; };
		056F2F372B0DE5BC00BA6ED8 /* HomeTopView.swift in Sources */ = {isa = PBXBuildFile; fileRef = 056F2F362B0DE5BC00BA6ED8 /* HomeTopView.swift */; };
		056F2F392B0DF1C700BA6ED8 /* UIStackView+.swift in Sources */ = {isa = PBXBuildFile; fileRef = 056F2F382B0DF1C600BA6ED8 /* UIStackView+.swift */; };
		056F2F3B2B0DF67D00BA6ED8 /* ChipView.swift in Sources */ = {isa = PBXBuildFile; fileRef = 056F2F3A2B0DF67D00BA6ED8 /* ChipView.swift */; };
		0583D6532B172AD500A87981 /* HomeChipReusableView.swift in Sources */ = {isa = PBXBuildFile; fileRef = 0583D6522B172AD500A87981 /* HomeChipReusableView.swift */; };
		0583D6552B172CD200A87981 /* HomePopularCollectionViewCell.swift in Sources */ = {isa = PBXBuildFile; fileRef = 0583D6542B172CD200A87981 /* HomePopularCollectionViewCell.swift */; };
		0583D6572B17322700A87981 /* PopularCellData.swift in Sources */ = {isa = PBXBuildFile; fileRef = 0583D6562B17322700A87981 /* PopularCellData.swift */; };
		0583D6592B18506F00A87981 /* PromotionDataModel.swift in Sources */ = {isa = PBXBuildFile; fileRef = 0583D6582B18506F00A87981 /* PromotionDataModel.swift */; };
		0583D65B2B1851A100A87981 /* HomePromotionService.swift in Sources */ = {isa = PBXBuildFile; fileRef = 0583D65A2B1851A100A87981 /* HomePromotionService.swift */; };
		0583D65E2B18678E00A87981 /* UIImageView+.swift in Sources */ = {isa = PBXBuildFile; fileRef = 0583D65D2B18678E00A87981 /* UIImageView+.swift */; };
		058D7AB42B10C850002D6A0A /* HomeLayoutFactory.swift in Sources */ = {isa = PBXBuildFile; fileRef = 058D7AB32B10C850002D6A0A /* HomeLayoutFactory.swift */; };
		058D7AB72B10CBB5002D6A0A /* HomeCardCollectionViewCell.swift in Sources */ = {isa = PBXBuildFile; fileRef = 058D7AB62B10CBB5002D6A0A /* HomeCardCollectionViewCell.swift */; };
		058D7AB92B11044B002D6A0A /* HomeSection.swift in Sources */ = {isa = PBXBuildFile; fileRef = 058D7AB82B11044B002D6A0A /* HomeSection.swift */; };
		058DD4442B109A4B001C63A6 /* HomeView.swift in Sources */ = {isa = PBXBuildFile; fileRef = 058DD4432B109A4B001C63A6 /* HomeView.swift */; };
		05C3D3AC2B150C2F00A51903 /* HomeTitleReusableView.swift in Sources */ = {isa = PBXBuildFile; fileRef = 05C3D3AB2B150C2F00A51903 /* HomeTitleReusableView.swift */; };
		05C3D3AE2B150CD800A51903 /* HomeProductCollectionViewCell.swift in Sources */ = {isa = PBXBuildFile; fileRef = 05C3D3AD2B150CD800A51903 /* HomeProductCollectionViewCell.swift */; };
		05C3D3B02B150FAF00A51903 /* ProductCellData.swift in Sources */ = {isa = PBXBuildFile; fileRef = 05C3D3AF2B150FAF00A51903 /* ProductCellData.swift */; };
		05C3D3B22B1511D400A51903 /* HomeSeeAllReusableView.swift in Sources */ = {isa = PBXBuildFile; fileRef = 05C3D3B12B1511D400A51903 /* HomeSeeAllReusableView.swift */; };
		05C3D3B62B15E9EE00A51903 /* HomeBrandBigCollectionViewCell.swift in Sources */ = {isa = PBXBuildFile; fileRef = 05C3D3B52B15E9EE00A51903 /* HomeBrandBigCollectionViewCell.swift */; };
		05C3D3B82B15EC4000A51903 /* HomeBrandSmallCollectionViewCell.swift in Sources */ = {isa = PBXBuildFile; fileRef = 05C3D3B72B15EC4000A51903 /* HomeBrandSmallCollectionViewCell.swift */; };
		2A0C020E2B0A5E9A005764FA /* ImageLiterals.swift in Sources */ = {isa = PBXBuildFile; fileRef = 2A0C020D2B0A5E9A005764FA /* ImageLiterals.swift */; };
		2A0C02102B0A5EA5005764FA /* StringLiterals.swift in Sources */ = {isa = PBXBuildFile; fileRef = 2A0C020F2B0A5EA5005764FA /* StringLiterals.swift */; };
		2A0C02122B0A5EAE005764FA /* UIView+.swift in Sources */ = {isa = PBXBuildFile; fileRef = 2A0C02112B0A5EAE005764FA /* UIView+.swift */; };
		2A0C021D2B0A5F78005764FA /* Config.swift in Sources */ = {isa = PBXBuildFile; fileRef = 2A0C021C2B0A5F78005764FA /* Config.swift */; };
		2A0C022A2B0A61D3005764FA /* GmarketSansTTFBold.ttf in Resources */ = {isa = PBXBuildFile; fileRef = 2A0C02232B0A61D3005764FA /* GmarketSansTTFBold.ttf */; };
		2A0C022B2B0A61D3005764FA /* GmarketSansTTFLight.ttf in Resources */ = {isa = PBXBuildFile; fileRef = 2A0C02242B0A61D3005764FA /* GmarketSansTTFLight.ttf */; };
		2A0C022D2B0A61D3005764FA /* GmarketSansTTFMedium.ttf in Resources */ = {isa = PBXBuildFile; fileRef = 2A0C02262B0A61D3005764FA /* GmarketSansTTFMedium.ttf */; };
		2A0C02322B0A6407005764FA /* UIFont+.swift in Sources */ = {isa = PBXBuildFile; fileRef = 2A0C02312B0A6407005764FA /* UIFont+.swift */; };
		2A0C02342B0A6681005764FA /* UIColor+.swift in Sources */ = {isa = PBXBuildFile; fileRef = 2A0C02332B0A6681005764FA /* UIColor+.swift */; };
		2A0C02362B0A6B5B005764FA /* UIImage+.swift in Sources */ = {isa = PBXBuildFile; fileRef = 2A0C02352B0A6B5B005764FA /* UIImage+.swift */; };
		2A0ED7502B3024DB00593920 /* Config.xcconfig in Resources */ = {isa = PBXBuildFile; fileRef = 2A0ED74F2B3024DB00593920 /* Config.xcconfig */; };
		2A0ED7522B302ECF00593920 /* Observable.swift in Sources */ = {isa = PBXBuildFile; fileRef = 2A0ED7512B302ECF00593920 /* Observable.swift */; };
		2A2EAFE52B176A2C002D3800 /* NetworkError.swift in Sources */ = {isa = PBXBuildFile; fileRef = 2A2EAFE42B176A2C002D3800 /* NetworkError.swift */; };
		2A2EAFEA2B1826A2002D3800 /* HeartButtonService.swift in Sources */ = {isa = PBXBuildFile; fileRef = 2A2EAFE92B1826A2002D3800 /* HeartButtonService.swift */; };
		2A2EAFEC2B182ED1002D3800 /* HeartButtonResponseDTO.swift in Sources */ = {isa = PBXBuildFile; fileRef = 2A2EAFEB2B182ED1002D3800 /* HeartButtonResponseDTO.swift */; };
		2A5296E72B051E8400279401 /* AppDelegate.swift in Sources */ = {isa = PBXBuildFile; fileRef = 2A5296E62B051E8400279401 /* AppDelegate.swift */; };
		2A5296E92B051E8400279401 /* SceneDelegate.swift in Sources */ = {isa = PBXBuildFile; fileRef = 2A5296E82B051E8400279401 /* SceneDelegate.swift */; };
		2A5296EB2B051E8400279401 /* HomeViewController.swift in Sources */ = {isa = PBXBuildFile; fileRef = 2A5296EA2B051E8400279401 /* HomeViewController.swift */; };
		2A5296F02B051E8600279401 /* Assets.xcassets in Resources */ = {isa = PBXBuildFile; fileRef = 2A5296EF2B051E8600279401 /* Assets.xcassets */; };
		2A5296F32B051E8600279401 /* LaunchScreen.storyboard in Resources */ = {isa = PBXBuildFile; fileRef = 2A5296F12B051E8600279401 /* LaunchScreen.storyboard */; };
		2AA327AA2B0B231B00732CE9 /* SnapKit in Frameworks */ = {isa = PBXBuildFile; productRef = 2AA327A92B0B231B00732CE9 /* SnapKit */; };
		2AA327AD2B0B233100732CE9 /* Then in Frameworks */ = {isa = PBXBuildFile; productRef = 2AA327AC2B0B233100732CE9 /* Then */; };
		2AA327B02B0B234800732CE9 /* Kingfisher in Frameworks */ = {isa = PBXBuildFile; productRef = 2AA327AF2B0B234800732CE9 /* Kingfisher */; };
		2AA327B72B0B544A00732CE9 /* Adjust+.swift in Sources */ = {isa = PBXBuildFile; fileRef = 2AA327B62B0B544A00732CE9 /* Adjust+.swift */; };
		2AA327BC2B0B722100732CE9 /* NSObject+.swift in Sources */ = {isa = PBXBuildFile; fileRef = 2AA327BB2B0B722100732CE9 /* NSObject+.swift */; };
		2AA327D22B0C30E700732CE9 /* CALayer+.swift in Sources */ = {isa = PBXBuildFile; fileRef = 2AA327D12B0C30E700732CE9 /* CALayer+.swift */; };
		2AB7944D2B0CFD15003DFF48 /* CategoryList.swift in Sources */ = {isa = PBXBuildFile; fileRef = 2AB794402B0CFD15003DFF48 /* CategoryList.swift */; };
		2AB7944E2B0CFD15003DFF48 /* Category.swift in Sources */ = {isa = PBXBuildFile; fileRef = 2AB794412B0CFD15003DFF48 /* Category.swift */; };
		2AB7944F2B0CFD15003DFF48 /* CategoryDetailList.swift in Sources */ = {isa = PBXBuildFile; fileRef = 2AB794422B0CFD15003DFF48 /* CategoryDetailList.swift */; };
		2AB794502B0CFD15003DFF48 /* CategoryDetailTableViewCell.swift in Sources */ = {isa = PBXBuildFile; fileRef = 2AB794442B0CFD15003DFF48 /* CategoryDetailTableViewCell.swift */; };
		2AB794512B0CFD15003DFF48 /* CategoryTableViewCell.swift in Sources */ = {isa = PBXBuildFile; fileRef = 2AB794452B0CFD15003DFF48 /* CategoryTableViewCell.swift */; };
		2AB794522B0CFD15003DFF48 /* CategoryHorizontalCollectionViewCell.swift in Sources */ = {isa = PBXBuildFile; fileRef = 2AB794462B0CFD15003DFF48 /* CategoryHorizontalCollectionViewCell.swift */; };
		2AB794532B0CFD15003DFF48 /* CategoryTableView.swift in Sources */ = {isa = PBXBuildFile; fileRef = 2AB794482B0CFD15003DFF48 /* CategoryTableView.swift */; };
		2AB794542B0CFD15003DFF48 /* CategoryHeaderView.swift in Sources */ = {isa = PBXBuildFile; fileRef = 2AB794492B0CFD15003DFF48 /* CategoryHeaderView.swift */; };
		2AB794552B0CFD15003DFF48 /* CategoryDetailTableHeaderView.swift in Sources */ = {isa = PBXBuildFile; fileRef = 2AB7944A2B0CFD15003DFF48 /* CategoryDetailTableHeaderView.swift */; };
		2AB794562B0CFD15003DFF48 /* CategoryViewController.swift in Sources */ = {isa = PBXBuildFile; fileRef = 2AB7944C2B0CFD15003DFF48 /* CategoryViewController.swift */; };
		2AB794612B0CFDE8003DFF48 /* HatDetailViewController.swift in Sources */ = {isa = PBXBuildFile; fileRef = 2AB794582B0CFDE8003DFF48 /* HatDetailViewController.swift */; };
		2AB794622B0CFDE8003DFF48 /* MainInfoCollectionViewCell.swift in Sources */ = {isa = PBXBuildFile; fileRef = 2AB7945A2B0CFDE8003DFF48 /* MainInfoCollectionViewCell.swift */; };
		2AB794632B0CFDE8003DFF48 /* ProductInfoCollectionViewCell.swift in Sources */ = {isa = PBXBuildFile; fileRef = 2AB7945B2B0CFDE8003DFF48 /* ProductInfoCollectionViewCell.swift */; };
		832B0C532B15D3920042A417 /* RecommendItem.swift in Sources */ = {isa = PBXBuildFile; fileRef = 832B0C522B15D3920042A417 /* RecommendItem.swift */; };
		832B0C582B15E9230042A417 /* SecondRecommendCollectionViewCell.swift in Sources */ = {isa = PBXBuildFile; fileRef = 832B0C572B15E9230042A417 /* SecondRecommendCollectionViewCell.swift */; };
		832B0C5A2B15F0330042A417 /* EventItem.swift in Sources */ = {isa = PBXBuildFile; fileRef = 832B0C592B15F0330042A417 /* EventItem.swift */; };
		832B0C5D2B1627960042A417 /* FirstDetailCollectionViewCell.swift in Sources */ = {isa = PBXBuildFile; fileRef = 832B0C5C2B1627960042A417 /* FirstDetailCollectionViewCell.swift */; };
		832B0C5F2B1627B60042A417 /* SecondDetailCollectionViewCell.swift in Sources */ = {isa = PBXBuildFile; fileRef = 832B0C5E2B1627B60042A417 /* SecondDetailCollectionViewCell.swift */; };
		832B0C632B16407B0042A417 /* RecommendInfoHeaderCollectionReusableView.swift in Sources */ = {isa = PBXBuildFile; fileRef = 832B0C622B16407B0042A417 /* RecommendInfoHeaderCollectionReusableView.swift */; };
		832B0C672B1675FC0042A417 /* ReviewInfoHeaderCollectionReusableView.swift in Sources */ = {isa = PBXBuildFile; fileRef = 832B0C662B1675FC0042A417 /* ReviewInfoHeaderCollectionReusableView.swift */; };
		832B0C692B168ED20042A417 /* ReviewPhotoCollectionViewCell.swift in Sources */ = {isa = PBXBuildFile; fileRef = 832B0C682B168ED20042A417 /* ReviewPhotoCollectionViewCell.swift */; };
		832B0C6B2B168F220042A417 /* ReviewPhotoItem.swift in Sources */ = {isa = PBXBuildFile; fileRef = 832B0C6A2B168F220042A417 /* ReviewPhotoItem.swift */; };
		832B0C732B16A04F0042A417 /* InquireInfoCollectionViewCell.swift in Sources */ = {isa = PBXBuildFile; fileRef = 832B0C722B16A04F0042A417 /* InquireInfoCollectionViewCell.swift */; };
		832B0C772B16A2CA0042A417 /* InquireList.swift in Sources */ = {isa = PBXBuildFile; fileRef = 832B0C762B16A2CA0042A417 /* InquireList.swift */; };
		832B0C792B16A8450042A417 /* ListCollectionViewCell.swift in Sources */ = {isa = PBXBuildFile; fileRef = 832B0C782B16A8450042A417 /* ListCollectionViewCell.swift */; };
		832B0C7B2B16B2540042A417 /* InquireInfoHeaderCollectionReusableView.swift in Sources */ = {isa = PBXBuildFile; fileRef = 832B0C7A2B16B2540042A417 /* InquireInfoHeaderCollectionReusableView.swift */; };
		8358989C2B0DE62100503CD1 /* ProductInfoHeaderCollectionReusableView.swift in Sources */ = {isa = PBXBuildFile; fileRef = 8358989B2B0DE62100503CD1 /* ProductInfoHeaderCollectionReusableView.swift */; };
		835898A02B0E455500503CD1 /* ProductInfoFooterCollectionReusableView.swift in Sources */ = {isa = PBXBuildFile; fileRef = 8358989F2B0E455500503CD1 /* ProductInfoFooterCollectionReusableView.swift */; };
		835898CB2B0FA68100503CD1 /* RecommendInfoCollectionViewCell.swift in Sources */ = {isa = PBXBuildFile; fileRef = 835898CA2B0FA68100503CD1 /* RecommendInfoCollectionViewCell.swift */; };
		835898CD2B0FA68700503CD1 /* ReviewInfoCollectionViewCell.swift in Sources */ = {isa = PBXBuildFile; fileRef = 835898CC2B0FA68700503CD1 /* ReviewInfoCollectionViewCell.swift */; };
		835898CF2B0FA68D00503CD1 /* SizeInfoCollectionViewCell.swift in Sources */ = {isa = PBXBuildFile; fileRef = 835898CE2B0FA68D00503CD1 /* SizeInfoCollectionViewCell.swift */; };
		835898E42B0FFEFE00503CD1 /* TabbarItem.swift in Sources */ = {isa = PBXBuildFile; fileRef = 835898E32B0FFEFE00503CD1 /* TabbarItem.swift */; };
		835898E72B0FFF2200503CD1 /* TabbarController.swift in Sources */ = {isa = PBXBuildFile; fileRef = 835898E62B0FFF2200503CD1 /* TabbarController.swift */; };
		835899182B13016B00503CD1 /* MainInfoDetailView.swift in Sources */ = {isa = PBXBuildFile; fileRef = 835899172B13016B00503CD1 /* MainInfoDetailView.swift */; };
		835A452A2B1490360026F6C8 /* SizeInfoHeaderCollectionReusableView.swift in Sources */ = {isa = PBXBuildFile; fileRef = 835A45292B1490360026F6C8 /* SizeInfoHeaderCollectionReusableView.swift */; };
		835A452C2B1493760026F6C8 /* SizeInfoFooterCollectionReusableView.swift in Sources */ = {isa = PBXBuildFile; fileRef = 835A452B2B1493760026F6C8 /* SizeInfoFooterCollectionReusableView.swift */; };
		83A886452B184E9A003D12FC /* HatDetailService.swift in Sources */ = {isa = PBXBuildFile; fileRef = 83A886442B184E9A003D12FC /* HatDetailService.swift */; };
		83A886472B1852D3003D12FC /* HatDetailResponseDTO.swift in Sources */ = {isa = PBXBuildFile; fileRef = 83A886462B1852D3003D12FC /* HatDetailResponseDTO.swift */; };
		83AC9A9D2B15188100B10222 /* FirstRecommendCollectionViewCell.swift in Sources */ = {isa = PBXBuildFile; fileRef = 83AC9A9C2B15188100B10222 /* FirstRecommendCollectionViewCell.swift */; };
		A122D17F2B14DA82009752A7 /* MainCategoryDummy.swift in Sources */ = {isa = PBXBuildFile; fileRef = A122D17E2B14DA82009752A7 /* MainCategoryDummy.swift */; };
		A17FBB552B11C227009214D9 /* HatCategoryMainView.swift in Sources */ = {isa = PBXBuildFile; fileRef = A17FBB542B11C227009214D9 /* HatCategoryMainView.swift */; };
		A17FBB572B11C52F009214D9 /* RealTimeBestCollectionViewCell.swift in Sources */ = {isa = PBXBuildFile; fileRef = A17FBB562B11C52F009214D9 /* RealTimeBestCollectionViewCell.swift */; };
		A19559A12B0DC360002EED37 /* HatCategoryViewController.swift in Sources */ = {isa = PBXBuildFile; fileRef = A19559A02B0DC360002EED37 /* HatCategoryViewController.swift */; };
		A19559B62B0DFAA0002EED37 /* NavigationController+.swift in Sources */ = {isa = PBXBuildFile; fileRef = A19559B52B0DFAA0002EED37 /* NavigationController+.swift */; };
		A19DB9112B171F5700CD1113 /* FreeDelieveryChipView.swift in Sources */ = {isa = PBXBuildFile; fileRef = A19DB9102B171F5700CD1113 /* FreeDelieveryChipView.swift */; };
		A1A29DED2B0F223C00C9F25D /* HeaderCollectionViewCell.swift in Sources */ = {isa = PBXBuildFile; fileRef = A1A29DEC2B0F223C00C9F25D /* HeaderCollectionViewCell.swift */; };
		A1A29DF02B0F37DA00C9F25D /* HeaderCategoryDummy.swift in Sources */ = {isa = PBXBuildFile; fileRef = A1A29DEF2B0F37DA00C9F25D /* HeaderCategoryDummy.swift */; };
		A1A8FE3E2B186373006D0C25 /* HatCategoryService.swift in Sources */ = {isa = PBXBuildFile; fileRef = A1A8FE3D2B186373006D0C25 /* HatCategoryService.swift */; };
		A1A8FE402B186BA0006D0C25 /* HatCategoryDTO.swift in Sources */ = {isa = PBXBuildFile; fileRef = A1A8FE3F2B186BA0006D0C25 /* HatCategoryDTO.swift */; };
		A1AE48F92B16CF810069859F /* DetailProductCollectionViewCell.swift in Sources */ = {isa = PBXBuildFile; fileRef = A1AE48F82B16CF810069859F /* DetailProductCollectionViewCell.swift */; };
		A1E12D1D2B2174AC005B8BDE /* HatDetailTabbarView.swift in Sources */ = {isa = PBXBuildFile; fileRef = A1E12D1C2B2174AC005B8BDE /* HatDetailTabbarView.swift */; };
		A1EB0FF22B15DA8A0023B8AD /* FilterCategoryCollectionViewCell.swift in Sources */ = {isa = PBXBuildFile; fileRef = A1EB0FF12B15DA8A0023B8AD /* FilterCategoryCollectionViewCell.swift */; };
/* End PBXBuildFile section */

/* Begin PBXFileReference section */
		0518361D2B11C81100D4FB81 /* HomeRecommendSmallCollectionViewCell.swift */ = {isa = PBXFileReference; lastKnownFileType = sourcecode.swift; path = HomeRecommendSmallCollectionViewCell.swift; sourceTree = "<group>"; };
		0518361F2B11E22E00D4FB81 /* HomeRecommendBigCollectionViewCell.swift */ = {isa = PBXFileReference; lastKnownFileType = sourcecode.swift; path = HomeRecommendBigCollectionViewCell.swift; sourceTree = "<group>"; };
		051836212B11E66100D4FB81 /* UILabel+.swift */ = {isa = PBXFileReference; lastKnownFileType = sourcecode.swift; path = "UILabel+.swift"; sourceTree = "<group>"; };
		051836292B1487B700D4FB81 /* HomePromotionReusableView.swift */ = {isa = PBXFileReference; lastKnownFileType = sourcecode.swift; path = HomePromotionReusableView.swift; sourceTree = "<group>"; };
		0518362B2B1487C700D4FB81 /* HomePromotionCollectionViewCell.swift */ = {isa = PBXFileReference; lastKnownFileType = sourcecode.swift; path = HomePromotionCollectionViewCell.swift; sourceTree = "<group>"; };
		0518362E2B149AE300D4FB81 /* LineView.swift */ = {isa = PBXFileReference; lastKnownFileType = sourcecode.swift; path = LineView.swift; sourceTree = "<group>"; };
		051836312B14A71500D4FB81 /* RecommendSmallCellData.swift */ = {isa = PBXFileReference; lastKnownFileType = sourcecode.swift; path = RecommendSmallCellData.swift; sourceTree = "<group>"; };
		051836332B14A78700D4FB81 /* PromotionCellData.swift */ = {isa = PBXFileReference; lastKnownFileType = sourcecode.swift; path = PromotionCellData.swift; sourceTree = "<group>"; };
		051836352B14AA6F00D4FB81 /* PromotionHeaderData.swift */ = {isa = PBXFileReference; lastKnownFileType = sourcecode.swift; path = PromotionHeaderData.swift; sourceTree = "<group>"; };
		056F2F362B0DE5BC00BA6ED8 /* HomeTopView.swift */ = {isa = PBXFileReference; lastKnownFileType = sourcecode.swift; path = HomeTopView.swift; sourceTree = "<group>"; };
		056F2F382B0DF1C600BA6ED8 /* UIStackView+.swift */ = {isa = PBXFileReference; lastKnownFileType = sourcecode.swift; path = "UIStackView+.swift"; sourceTree = "<group>"; };
		056F2F3A2B0DF67D00BA6ED8 /* ChipView.swift */ = {isa = PBXFileReference; lastKnownFileType = sourcecode.swift; path = ChipView.swift; sourceTree = "<group>"; };
		0583D6522B172AD500A87981 /* HomeChipReusableView.swift */ = {isa = PBXFileReference; lastKnownFileType = sourcecode.swift; path = HomeChipReusableView.swift; sourceTree = "<group>"; };
		0583D6542B172CD200A87981 /* HomePopularCollectionViewCell.swift */ = {isa = PBXFileReference; lastKnownFileType = sourcecode.swift; path = HomePopularCollectionViewCell.swift; sourceTree = "<group>"; };
		0583D6562B17322700A87981 /* PopularCellData.swift */ = {isa = PBXFileReference; lastKnownFileType = sourcecode.swift; path = PopularCellData.swift; sourceTree = "<group>"; };
		0583D6582B18506F00A87981 /* PromotionDataModel.swift */ = {isa = PBXFileReference; lastKnownFileType = sourcecode.swift; path = PromotionDataModel.swift; sourceTree = "<group>"; };
		0583D65A2B1851A100A87981 /* HomePromotionService.swift */ = {isa = PBXFileReference; lastKnownFileType = sourcecode.swift; path = HomePromotionService.swift; sourceTree = "<group>"; };
		0583D65D2B18678E00A87981 /* UIImageView+.swift */ = {isa = PBXFileReference; lastKnownFileType = sourcecode.swift; path = "UIImageView+.swift"; sourceTree = "<group>"; };
		058D7AB32B10C850002D6A0A /* HomeLayoutFactory.swift */ = {isa = PBXFileReference; lastKnownFileType = sourcecode.swift; path = HomeLayoutFactory.swift; sourceTree = "<group>"; };
		058D7AB62B10CBB5002D6A0A /* HomeCardCollectionViewCell.swift */ = {isa = PBXFileReference; lastKnownFileType = sourcecode.swift; path = HomeCardCollectionViewCell.swift; sourceTree = "<group>"; };
		058D7AB82B11044B002D6A0A /* HomeSection.swift */ = {isa = PBXFileReference; lastKnownFileType = sourcecode.swift; path = HomeSection.swift; sourceTree = "<group>"; };
		058DD4432B109A4B001C63A6 /* HomeView.swift */ = {isa = PBXFileReference; lastKnownFileType = sourcecode.swift; path = HomeView.swift; sourceTree = "<group>"; };
		05C3D3AB2B150C2F00A51903 /* HomeTitleReusableView.swift */ = {isa = PBXFileReference; lastKnownFileType = sourcecode.swift; path = HomeTitleReusableView.swift; sourceTree = "<group>"; };
		05C3D3AD2B150CD800A51903 /* HomeProductCollectionViewCell.swift */ = {isa = PBXFileReference; lastKnownFileType = sourcecode.swift; path = HomeProductCollectionViewCell.swift; sourceTree = "<group>"; };
		05C3D3AF2B150FAF00A51903 /* ProductCellData.swift */ = {isa = PBXFileReference; lastKnownFileType = sourcecode.swift; path = ProductCellData.swift; sourceTree = "<group>"; };
		05C3D3B12B1511D400A51903 /* HomeSeeAllReusableView.swift */ = {isa = PBXFileReference; lastKnownFileType = sourcecode.swift; path = HomeSeeAllReusableView.swift; sourceTree = "<group>"; };
		05C3D3B52B15E9EE00A51903 /* HomeBrandBigCollectionViewCell.swift */ = {isa = PBXFileReference; lastKnownFileType = sourcecode.swift; path = HomeBrandBigCollectionViewCell.swift; sourceTree = "<group>"; };
		05C3D3B72B15EC4000A51903 /* HomeBrandSmallCollectionViewCell.swift */ = {isa = PBXFileReference; lastKnownFileType = sourcecode.swift; path = HomeBrandSmallCollectionViewCell.swift; sourceTree = "<group>"; };
		2A0C020D2B0A5E9A005764FA /* ImageLiterals.swift */ = {isa = PBXFileReference; lastKnownFileType = sourcecode.swift; path = ImageLiterals.swift; sourceTree = "<group>"; };
		2A0C020F2B0A5EA5005764FA /* StringLiterals.swift */ = {isa = PBXFileReference; lastKnownFileType = sourcecode.swift; path = StringLiterals.swift; sourceTree = "<group>"; };
		2A0C02112B0A5EAE005764FA /* UIView+.swift */ = {isa = PBXFileReference; lastKnownFileType = sourcecode.swift; path = "UIView+.swift"; sourceTree = "<group>"; };
		2A0C021C2B0A5F78005764FA /* Config.swift */ = {isa = PBXFileReference; lastKnownFileType = sourcecode.swift; path = Config.swift; sourceTree = "<group>"; };
		2A0C02232B0A61D3005764FA /* GmarketSansTTFBold.ttf */ = {isa = PBXFileReference; lastKnownFileType = file; path = GmarketSansTTFBold.ttf; sourceTree = "<group>"; };
		2A0C02242B0A61D3005764FA /* GmarketSansTTFLight.ttf */ = {isa = PBXFileReference; lastKnownFileType = file; path = GmarketSansTTFLight.ttf; sourceTree = "<group>"; };
		2A0C02262B0A61D3005764FA /* GmarketSansTTFMedium.ttf */ = {isa = PBXFileReference; lastKnownFileType = file; path = GmarketSansTTFMedium.ttf; sourceTree = "<group>"; };
		2A0C02312B0A6407005764FA /* UIFont+.swift */ = {isa = PBXFileReference; lastKnownFileType = sourcecode.swift; path = "UIFont+.swift"; sourceTree = "<group>"; };
		2A0C02332B0A6681005764FA /* UIColor+.swift */ = {isa = PBXFileReference; lastKnownFileType = sourcecode.swift; path = "UIColor+.swift"; sourceTree = "<group>"; };
		2A0C02352B0A6B5B005764FA /* UIImage+.swift */ = {isa = PBXFileReference; lastKnownFileType = sourcecode.swift; path = "UIImage+.swift"; sourceTree = "<group>"; };
		2A0ED74F2B3024DB00593920 /* Config.xcconfig */ = {isa = PBXFileReference; fileEncoding = 4; lastKnownFileType = text.xcconfig; path = Config.xcconfig; sourceTree = "<group>"; };
		2A0ED7512B302ECF00593920 /* Observable.swift */ = {isa = PBXFileReference; lastKnownFileType = sourcecode.swift; path = Observable.swift; sourceTree = "<group>"; };
		2A2EAFE42B176A2C002D3800 /* NetworkError.swift */ = {isa = PBXFileReference; lastKnownFileType = sourcecode.swift; path = NetworkError.swift; sourceTree = "<group>"; };
		2A2EAFE92B1826A2002D3800 /* HeartButtonService.swift */ = {isa = PBXFileReference; lastKnownFileType = sourcecode.swift; path = HeartButtonService.swift; sourceTree = "<group>"; };
		2A2EAFEB2B182ED1002D3800 /* HeartButtonResponseDTO.swift */ = {isa = PBXFileReference; lastKnownFileType = sourcecode.swift; path = HeartButtonResponseDTO.swift; sourceTree = "<group>"; };
		2A5296E32B051E8400279401 /* CDS-APP-2-iOS.app */ = {isa = PBXFileReference; explicitFileType = wrapper.application; includeInIndex = 0; path = "CDS-APP-2-iOS.app"; sourceTree = BUILT_PRODUCTS_DIR; };
		2A5296E62B051E8400279401 /* AppDelegate.swift */ = {isa = PBXFileReference; lastKnownFileType = sourcecode.swift; path = AppDelegate.swift; sourceTree = "<group>"; };
		2A5296E82B051E8400279401 /* SceneDelegate.swift */ = {isa = PBXFileReference; lastKnownFileType = sourcecode.swift; path = SceneDelegate.swift; sourceTree = "<group>"; };
		2A5296EA2B051E8400279401 /* HomeViewController.swift */ = {isa = PBXFileReference; lastKnownFileType = sourcecode.swift; path = HomeViewController.swift; sourceTree = "<group>"; };
		2A5296EF2B051E8600279401 /* Assets.xcassets */ = {isa = PBXFileReference; lastKnownFileType = folder.assetcatalog; path = Assets.xcassets; sourceTree = "<group>"; };
		2A5296F22B051E8600279401 /* Base */ = {isa = PBXFileReference; lastKnownFileType = file.storyboard; name = Base; path = Base.lproj/LaunchScreen.storyboard; sourceTree = "<group>"; };
		2A5296F42B051E8600279401 /* Info.plist */ = {isa = PBXFileReference; lastKnownFileType = text.plist.xml; path = Info.plist; sourceTree = "<group>"; };
		2AA327B62B0B544A00732CE9 /* Adjust+.swift */ = {isa = PBXFileReference; lastKnownFileType = sourcecode.swift; path = "Adjust+.swift"; sourceTree = "<group>"; };
		2AA327BB2B0B722100732CE9 /* NSObject+.swift */ = {isa = PBXFileReference; lastKnownFileType = sourcecode.swift; path = "NSObject+.swift"; sourceTree = "<group>"; };
		2AA327D12B0C30E700732CE9 /* CALayer+.swift */ = {isa = PBXFileReference; lastKnownFileType = sourcecode.swift; path = "CALayer+.swift"; sourceTree = "<group>"; };
		2AB794402B0CFD15003DFF48 /* CategoryList.swift */ = {isa = PBXFileReference; fileEncoding = 4; lastKnownFileType = sourcecode.swift; path = CategoryList.swift; sourceTree = "<group>"; };
		2AB794412B0CFD15003DFF48 /* Category.swift */ = {isa = PBXFileReference; fileEncoding = 4; lastKnownFileType = sourcecode.swift; path = Category.swift; sourceTree = "<group>"; };
		2AB794422B0CFD15003DFF48 /* CategoryDetailList.swift */ = {isa = PBXFileReference; fileEncoding = 4; lastKnownFileType = sourcecode.swift; path = CategoryDetailList.swift; sourceTree = "<group>"; };
		2AB794442B0CFD15003DFF48 /* CategoryDetailTableViewCell.swift */ = {isa = PBXFileReference; fileEncoding = 4; lastKnownFileType = sourcecode.swift; path = CategoryDetailTableViewCell.swift; sourceTree = "<group>"; };
		2AB794452B0CFD15003DFF48 /* CategoryTableViewCell.swift */ = {isa = PBXFileReference; fileEncoding = 4; lastKnownFileType = sourcecode.swift; path = CategoryTableViewCell.swift; sourceTree = "<group>"; };
		2AB794462B0CFD15003DFF48 /* CategoryHorizontalCollectionViewCell.swift */ = {isa = PBXFileReference; fileEncoding = 4; lastKnownFileType = sourcecode.swift; path = CategoryHorizontalCollectionViewCell.swift; sourceTree = "<group>"; };
		2AB794482B0CFD15003DFF48 /* CategoryTableView.swift */ = {isa = PBXFileReference; fileEncoding = 4; lastKnownFileType = sourcecode.swift; path = CategoryTableView.swift; sourceTree = "<group>"; };
		2AB794492B0CFD15003DFF48 /* CategoryHeaderView.swift */ = {isa = PBXFileReference; fileEncoding = 4; lastKnownFileType = sourcecode.swift; path = CategoryHeaderView.swift; sourceTree = "<group>"; };
		2AB7944A2B0CFD15003DFF48 /* CategoryDetailTableHeaderView.swift */ = {isa = PBXFileReference; fileEncoding = 4; lastKnownFileType = sourcecode.swift; path = CategoryDetailTableHeaderView.swift; sourceTree = "<group>"; };
		2AB7944C2B0CFD15003DFF48 /* CategoryViewController.swift */ = {isa = PBXFileReference; fileEncoding = 4; lastKnownFileType = sourcecode.swift; path = CategoryViewController.swift; sourceTree = "<group>"; };
		2AB794582B0CFDE8003DFF48 /* HatDetailViewController.swift */ = {isa = PBXFileReference; fileEncoding = 4; lastKnownFileType = sourcecode.swift; path = HatDetailViewController.swift; sourceTree = "<group>"; };
		2AB7945A2B0CFDE8003DFF48 /* MainInfoCollectionViewCell.swift */ = {isa = PBXFileReference; fileEncoding = 4; lastKnownFileType = sourcecode.swift; path = MainInfoCollectionViewCell.swift; sourceTree = "<group>"; };
		2AB7945B2B0CFDE8003DFF48 /* ProductInfoCollectionViewCell.swift */ = {isa = PBXFileReference; fileEncoding = 4; lastKnownFileType = sourcecode.swift; path = ProductInfoCollectionViewCell.swift; sourceTree = "<group>"; };
		832B0C522B15D3920042A417 /* RecommendItem.swift */ = {isa = PBXFileReference; lastKnownFileType = sourcecode.swift; path = RecommendItem.swift; sourceTree = "<group>"; };
		832B0C572B15E9230042A417 /* SecondRecommendCollectionViewCell.swift */ = {isa = PBXFileReference; lastKnownFileType = sourcecode.swift; path = SecondRecommendCollectionViewCell.swift; sourceTree = "<group>"; };
		832B0C592B15F0330042A417 /* EventItem.swift */ = {isa = PBXFileReference; lastKnownFileType = sourcecode.swift; path = EventItem.swift; sourceTree = "<group>"; };
		832B0C5C2B1627960042A417 /* FirstDetailCollectionViewCell.swift */ = {isa = PBXFileReference; lastKnownFileType = sourcecode.swift; path = FirstDetailCollectionViewCell.swift; sourceTree = "<group>"; };
		832B0C5E2B1627B60042A417 /* SecondDetailCollectionViewCell.swift */ = {isa = PBXFileReference; lastKnownFileType = sourcecode.swift; path = SecondDetailCollectionViewCell.swift; sourceTree = "<group>"; };
		832B0C622B16407B0042A417 /* RecommendInfoHeaderCollectionReusableView.swift */ = {isa = PBXFileReference; lastKnownFileType = sourcecode.swift; path = RecommendInfoHeaderCollectionReusableView.swift; sourceTree = "<group>"; };
		832B0C662B1675FC0042A417 /* ReviewInfoHeaderCollectionReusableView.swift */ = {isa = PBXFileReference; lastKnownFileType = sourcecode.swift; path = ReviewInfoHeaderCollectionReusableView.swift; sourceTree = "<group>"; };
		832B0C682B168ED20042A417 /* ReviewPhotoCollectionViewCell.swift */ = {isa = PBXFileReference; lastKnownFileType = sourcecode.swift; path = ReviewPhotoCollectionViewCell.swift; sourceTree = "<group>"; };
		832B0C6A2B168F220042A417 /* ReviewPhotoItem.swift */ = {isa = PBXFileReference; lastKnownFileType = sourcecode.swift; path = ReviewPhotoItem.swift; sourceTree = "<group>"; };
		832B0C722B16A04F0042A417 /* InquireInfoCollectionViewCell.swift */ = {isa = PBXFileReference; lastKnownFileType = sourcecode.swift; path = InquireInfoCollectionViewCell.swift; sourceTree = "<group>"; };
		832B0C762B16A2CA0042A417 /* InquireList.swift */ = {isa = PBXFileReference; lastKnownFileType = sourcecode.swift; path = InquireList.swift; sourceTree = "<group>"; };
		832B0C782B16A8450042A417 /* ListCollectionViewCell.swift */ = {isa = PBXFileReference; lastKnownFileType = sourcecode.swift; path = ListCollectionViewCell.swift; sourceTree = "<group>"; };
		832B0C7A2B16B2540042A417 /* InquireInfoHeaderCollectionReusableView.swift */ = {isa = PBXFileReference; lastKnownFileType = sourcecode.swift; path = InquireInfoHeaderCollectionReusableView.swift; sourceTree = "<group>"; };
		8358989B2B0DE62100503CD1 /* ProductInfoHeaderCollectionReusableView.swift */ = {isa = PBXFileReference; lastKnownFileType = sourcecode.swift; path = ProductInfoHeaderCollectionReusableView.swift; sourceTree = "<group>"; };
		8358989F2B0E455500503CD1 /* ProductInfoFooterCollectionReusableView.swift */ = {isa = PBXFileReference; lastKnownFileType = sourcecode.swift; path = ProductInfoFooterCollectionReusableView.swift; sourceTree = "<group>"; };
		835898CA2B0FA68100503CD1 /* RecommendInfoCollectionViewCell.swift */ = {isa = PBXFileReference; fileEncoding = 4; lastKnownFileType = sourcecode.swift; path = RecommendInfoCollectionViewCell.swift; sourceTree = "<group>"; };
		835898CC2B0FA68700503CD1 /* ReviewInfoCollectionViewCell.swift */ = {isa = PBXFileReference; fileEncoding = 4; lastKnownFileType = sourcecode.swift; path = ReviewInfoCollectionViewCell.swift; sourceTree = "<group>"; };
		835898CE2B0FA68D00503CD1 /* SizeInfoCollectionViewCell.swift */ = {isa = PBXFileReference; fileEncoding = 4; lastKnownFileType = sourcecode.swift; path = SizeInfoCollectionViewCell.swift; sourceTree = "<group>"; };
		835898E32B0FFEFE00503CD1 /* TabbarItem.swift */ = {isa = PBXFileReference; fileEncoding = 4; lastKnownFileType = sourcecode.swift; path = TabbarItem.swift; sourceTree = "<group>"; };
		835898E62B0FFF2200503CD1 /* TabbarController.swift */ = {isa = PBXFileReference; fileEncoding = 4; lastKnownFileType = sourcecode.swift; path = TabbarController.swift; sourceTree = "<group>"; };
		835899172B13016B00503CD1 /* MainInfoDetailView.swift */ = {isa = PBXFileReference; lastKnownFileType = sourcecode.swift; path = MainInfoDetailView.swift; sourceTree = "<group>"; };
		835A45292B1490360026F6C8 /* SizeInfoHeaderCollectionReusableView.swift */ = {isa = PBXFileReference; lastKnownFileType = sourcecode.swift; path = SizeInfoHeaderCollectionReusableView.swift; sourceTree = "<group>"; };
		835A452B2B1493760026F6C8 /* SizeInfoFooterCollectionReusableView.swift */ = {isa = PBXFileReference; lastKnownFileType = sourcecode.swift; path = SizeInfoFooterCollectionReusableView.swift; sourceTree = "<group>"; };
		83A886442B184E9A003D12FC /* HatDetailService.swift */ = {isa = PBXFileReference; lastKnownFileType = sourcecode.swift; path = HatDetailService.swift; sourceTree = "<group>"; };
		83A886462B1852D3003D12FC /* HatDetailResponseDTO.swift */ = {isa = PBXFileReference; lastKnownFileType = sourcecode.swift; path = HatDetailResponseDTO.swift; sourceTree = "<group>"; };
		83AC9A9C2B15188100B10222 /* FirstRecommendCollectionViewCell.swift */ = {isa = PBXFileReference; lastKnownFileType = sourcecode.swift; path = FirstRecommendCollectionViewCell.swift; sourceTree = "<group>"; };
		A122D17E2B14DA82009752A7 /* MainCategoryDummy.swift */ = {isa = PBXFileReference; lastKnownFileType = sourcecode.swift; path = MainCategoryDummy.swift; sourceTree = "<group>"; };
		A17FBB542B11C227009214D9 /* HatCategoryMainView.swift */ = {isa = PBXFileReference; lastKnownFileType = sourcecode.swift; path = HatCategoryMainView.swift; sourceTree = "<group>"; };
		A17FBB562B11C52F009214D9 /* RealTimeBestCollectionViewCell.swift */ = {isa = PBXFileReference; lastKnownFileType = sourcecode.swift; path = RealTimeBestCollectionViewCell.swift; sourceTree = "<group>"; };
		A18370082B0D01B700B64568 /* TabbarItem.swift */ = {isa = PBXFileReference; lastKnownFileType = sourcecode.swift; path = TabbarItem.swift; sourceTree = "<group>"; };
		A183700C2B0D032200B64568 /* TabbarController.swift */ = {isa = PBXFileReference; lastKnownFileType = sourcecode.swift; path = TabbarController.swift; sourceTree = "<group>"; };
		A19559A02B0DC360002EED37 /* HatCategoryViewController.swift */ = {isa = PBXFileReference; lastKnownFileType = sourcecode.swift; path = HatCategoryViewController.swift; sourceTree = "<group>"; };
		A19559B52B0DFAA0002EED37 /* NavigationController+.swift */ = {isa = PBXFileReference; lastKnownFileType = sourcecode.swift; path = "NavigationController+.swift"; sourceTree = "<group>"; };
		A19DB9102B171F5700CD1113 /* FreeDelieveryChipView.swift */ = {isa = PBXFileReference; lastKnownFileType = sourcecode.swift; path = FreeDelieveryChipView.swift; sourceTree = "<group>"; };
		A1A29DEC2B0F223C00C9F25D /* HeaderCollectionViewCell.swift */ = {isa = PBXFileReference; lastKnownFileType = sourcecode.swift; path = HeaderCollectionViewCell.swift; sourceTree = "<group>"; };
		A1A29DEF2B0F37DA00C9F25D /* HeaderCategoryDummy.swift */ = {isa = PBXFileReference; lastKnownFileType = sourcecode.swift; path = HeaderCategoryDummy.swift; sourceTree = "<group>"; };
		A1A8FE3D2B186373006D0C25 /* HatCategoryService.swift */ = {isa = PBXFileReference; lastKnownFileType = sourcecode.swift; path = HatCategoryService.swift; sourceTree = "<group>"; };
		A1A8FE3F2B186BA0006D0C25 /* HatCategoryDTO.swift */ = {isa = PBXFileReference; lastKnownFileType = sourcecode.swift; path = HatCategoryDTO.swift; sourceTree = "<group>"; };
		A1AE48F82B16CF810069859F /* DetailProductCollectionViewCell.swift */ = {isa = PBXFileReference; lastKnownFileType = sourcecode.swift; path = DetailProductCollectionViewCell.swift; sourceTree = "<group>"; };
		A1E12D1C2B2174AC005B8BDE /* HatDetailTabbarView.swift */ = {isa = PBXFileReference; lastKnownFileType = sourcecode.swift; path = HatDetailTabbarView.swift; sourceTree = "<group>"; };
		A1EB0FF12B15DA8A0023B8AD /* FilterCategoryCollectionViewCell.swift */ = {isa = PBXFileReference; lastKnownFileType = sourcecode.swift; path = FilterCategoryCollectionViewCell.swift; sourceTree = "<group>"; };
/* End PBXFileReference section */

/* Begin PBXFrameworksBuildPhase section */
		2A5296E02B051E8400279401 /* Frameworks */ = {
			isa = PBXFrameworksBuildPhase;
			buildActionMask = 2147483647;
			files = (
				2AA327B02B0B234800732CE9 /* Kingfisher in Frameworks */,
				2AA327AA2B0B231B00732CE9 /* SnapKit in Frameworks */,
				2AA327AD2B0B233100732CE9 /* Then in Frameworks */,
			);
			runOnlyForDeploymentPostprocessing = 0;
		};
/* End PBXFrameworksBuildPhase section */

/* Begin PBXGroup section */
		0518362D2B1494C800D4FB81 /* Reusable */ = {
			isa = PBXGroup;
			children = (
				051836292B1487B700D4FB81 /* HomePromotionReusableView.swift */,
				05C3D3AB2B150C2F00A51903 /* HomeTitleReusableView.swift */,
				05C3D3B12B1511D400A51903 /* HomeSeeAllReusableView.swift */,
				0583D6522B172AD500A87981 /* HomeChipReusableView.swift */,
			);
			path = Reusable;
			sourceTree = "<group>";
		};
		051836302B14A6FF00D4FB81 /* Data */ = {
			isa = PBXGroup;
			children = (
				051836312B14A71500D4FB81 /* RecommendSmallCellData.swift */,
				051836332B14A78700D4FB81 /* PromotionCellData.swift */,
				051836352B14AA6F00D4FB81 /* PromotionHeaderData.swift */,
				05C3D3AF2B150FAF00A51903 /* ProductCellData.swift */,
				0583D6562B17322700A87981 /* PopularCellData.swift */,
			);
			path = Data;
			sourceTree = "<group>";
		};
		051836372B14AB4500D4FB81 /* HomeComponents */ = {
			isa = PBXGroup;
			children = (
				0518362E2B149AE300D4FB81 /* LineView.swift */,
				056F2F3A2B0DF67D00BA6ED8 /* ChipView.swift */,
			);
			path = HomeComponents;
			sourceTree = "<group>";
		};
		056F2F342B0DE59B00BA6ED8 /* View */ = {
			isa = PBXGroup;
			children = (
				051836372B14AB4500D4FB81 /* HomeComponents */,
				0518362D2B1494C800D4FB81 /* Reusable */,
				058D7AB52B10CB73002D6A0A /* Cell */,
				056F2F362B0DE5BC00BA6ED8 /* HomeTopView.swift */,
				058DD4432B109A4B001C63A6 /* HomeView.swift */,
			);
			path = View;
			sourceTree = "<group>";
		};
		056F2F352B0DE5A200BA6ED8 /* ViewController */ = {
			isa = PBXGroup;
			children = (
				2A5296EA2B051E8400279401 /* HomeViewController.swift */,
			);
			path = ViewController;
			sourceTree = "<group>";
		};
		058D7AB22B10C82D002D6A0A /* Enum */ = {
			isa = PBXGroup;
			children = (
				058D7AB32B10C850002D6A0A /* HomeLayoutFactory.swift */,
				058D7AB82B11044B002D6A0A /* HomeSection.swift */,
			);
			path = Enum;
			sourceTree = "<group>";
		};
		058D7AB52B10CB73002D6A0A /* Cell */ = {
			isa = PBXGroup;
			children = (
				058D7AB62B10CBB5002D6A0A /* HomeCardCollectionViewCell.swift */,
				0518361D2B11C81100D4FB81 /* HomeRecommendSmallCollectionViewCell.swift */,
				0518361F2B11E22E00D4FB81 /* HomeRecommendBigCollectionViewCell.swift */,
				0518362B2B1487C700D4FB81 /* HomePromotionCollectionViewCell.swift */,
				05C3D3AD2B150CD800A51903 /* HomeProductCollectionViewCell.swift */,
				05C3D3B52B15E9EE00A51903 /* HomeBrandBigCollectionViewCell.swift */,
				05C3D3B72B15EC4000A51903 /* HomeBrandSmallCollectionViewCell.swift */,
				0583D6542B172CD200A87981 /* HomePopularCollectionViewCell.swift */,
			);
			path = Cell;
			sourceTree = "<group>";
		};
		2A0C02052B0A5DF0005764FA /* Application */ = {
			isa = PBXGroup;
			children = (
				2A5296E62B051E8400279401 /* AppDelegate.swift */,
				2A5296E82B051E8400279401 /* SceneDelegate.swift */,
			);
			path = Application;
			sourceTree = "<group>";
		};
		2A0C02062B0A5E25005764FA /* Global */ = {
			isa = PBXGroup;
			children = (
				2A0C02132B0A5EC6005764FA /* Resources */,
				2A0C020B2B0A5E85005764FA /* Literals */,
				2A0C020A2B0A5E77005764FA /* Extension */,
				2A0C02152B0A5EF1005764FA /* SupportingFiles */,
			);
			path = Global;
			sourceTree = "<group>";
		};
		2A0C02072B0A5E3F005764FA /* Network */ = {
			isa = PBXGroup;
			children = (
				A1A8FE3A2B186288006D0C25 /* HatCategory */,
				83A886432B184E78003D12FC /* HatDetail */,
				2A0C021B2B0A5F66005764FA /* Foundation */,
				2A2EAFE62B182672002D3800 /* Category */,
				2A0C02172B0A5F1F005764FA /* Home */,
			);
			path = Network;
			sourceTree = "<group>";
		};
		2A0C02082B0A5E4C005764FA /* Presentation */ = {
			isa = PBXGroup;
			children = (
				2AB7943E2B0CFD15003DFF48 /* Category */,
				A195599E2B0DC1F3002EED37 /* HatCategory */,
				2AB794572B0CFDE8003DFF48 /* HatDetail */,
				2A0C02092B0A5E5E005764FA /* Home */,
				835898E52B0FFF2200503CD1 /* Tabbar */,
			);
			path = Presentation;
			sourceTree = "<group>";
		};
		2A0C02092B0A5E5E005764FA /* Home */ = {
			isa = PBXGroup;
			children = (
				051836302B14A6FF00D4FB81 /* Data */,
				058D7AB22B10C82D002D6A0A /* Enum */,
				056F2F352B0DE5A200BA6ED8 /* ViewController */,
				056F2F342B0DE59B00BA6ED8 /* View */,
			);
			path = Home;
			sourceTree = "<group>";
		};
		2A0C020A2B0A5E77005764FA /* Extension */ = {
			isa = PBXGroup;
			children = (
				2A0C02112B0A5EAE005764FA /* UIView+.swift */,
				2A0C02312B0A6407005764FA /* UIFont+.swift */,
				2A0C02332B0A6681005764FA /* UIColor+.swift */,
				2A0C02352B0A6B5B005764FA /* UIImage+.swift */,
				2AA327B62B0B544A00732CE9 /* Adjust+.swift */,
				2AA327BB2B0B722100732CE9 /* NSObject+.swift */,
				2AA327D12B0C30E700732CE9 /* CALayer+.swift */,
				A19559B52B0DFAA0002EED37 /* NavigationController+.swift */,
				056F2F382B0DF1C600BA6ED8 /* UIStackView+.swift */,
				051836212B11E66100D4FB81 /* UILabel+.swift */,
				0583D65D2B18678E00A87981 /* UIImageView+.swift */,
			);
			path = Extension;
			sourceTree = "<group>";
		};
		2A0C020B2B0A5E85005764FA /* Literals */ = {
			isa = PBXGroup;
			children = (
				2A0C020D2B0A5E9A005764FA /* ImageLiterals.swift */,
				2A0C020F2B0A5EA5005764FA /* StringLiterals.swift */,
			);
			path = Literals;
			sourceTree = "<group>";
		};
		2A0C02132B0A5EC6005764FA /* Resources */ = {
			isa = PBXGroup;
			children = (
				2A0C02142B0A5ED5005764FA /* Font */,
				2A5296EF2B051E8600279401 /* Assets.xcassets */,
			);
			path = Resources;
			sourceTree = "<group>";
		};
		2A0C02142B0A5ED5005764FA /* Font */ = {
			isa = PBXGroup;
			children = (
				2A0C02232B0A61D3005764FA /* GmarketSansTTFBold.ttf */,
				2A0C02242B0A61D3005764FA /* GmarketSansTTFLight.ttf */,
				2A0C02262B0A61D3005764FA /* GmarketSansTTFMedium.ttf */,
			);
			path = Font;
			sourceTree = "<group>";
		};
		2A0C02152B0A5EF1005764FA /* SupportingFiles */ = {
			isa = PBXGroup;
			children = (
				2A0C02162B0A5F01005764FA /* Base */,
			);
			path = SupportingFiles;
			sourceTree = "<group>";
		};
		2A0C02162B0A5F01005764FA /* Base */ = {
			isa = PBXGroup;
			children = (
				2A5296F12B051E8600279401 /* LaunchScreen.storyboard */,
			);
			path = Base;
			sourceTree = "<group>";
		};
		2A0C02172B0A5F1F005764FA /* Home */ = {
			isa = PBXGroup;
			children = (
				2A0C02182B0A5F27005764FA /* DTO */,
				2A0C021E2B0A5F7B005764FA /* Sevice */,
			);
			path = Home;
			sourceTree = "<group>";
		};
		2A0C02182B0A5F27005764FA /* DTO */ = {
			isa = PBXGroup;
			children = (
				0583D6582B18506F00A87981 /* PromotionDataModel.swift */,
			);
			path = DTO;
			sourceTree = "<group>";
		};
		2A0C021B2B0A5F66005764FA /* Foundation */ = {
			isa = PBXGroup;
			children = (
				2A0C021C2B0A5F78005764FA /* Config.swift */,
				2A2EAFE42B176A2C002D3800 /* NetworkError.swift */,
			);
			path = Foundation;
			sourceTree = "<group>";
		};
		2A0C021E2B0A5F7B005764FA /* Sevice */ = {
			isa = PBXGroup;
			children = (
				0583D65A2B1851A100A87981 /* HomePromotionService.swift */,
			);
			path = Sevice;
			sourceTree = "<group>";
		};
		2A0ED7532B302EDB00593920 /* Observable */ = {
			isa = PBXGroup;
			children = (
				2A0ED7512B302ECF00593920 /* Observable.swift */,
			);
			path = Observable;
			sourceTree = "<group>";
		};
		2A2EAFE62B182672002D3800 /* Category */ = {
			isa = PBXGroup;
			children = (
				2A2EAFE72B182682002D3800 /* DTO */,
				2A2EAFE82B182687002D3800 /* Service */,
			);
			path = Category;
			sourceTree = "<group>";
		};
		2A2EAFE72B182682002D3800 /* DTO */ = {
			isa = PBXGroup;
			children = (
				2A2EAFEB2B182ED1002D3800 /* HeartButtonResponseDTO.swift */,
			);
			path = DTO;
			sourceTree = "<group>";
		};
		2A2EAFE82B182687002D3800 /* Service */ = {
			isa = PBXGroup;
			children = (
				2A2EAFE92B1826A2002D3800 /* HeartButtonService.swift */,
			);
			path = Service;
			sourceTree = "<group>";
		};
		2A5296DA2B051E8400279401 = {
			isa = PBXGroup;
			children = (
				2A0ED74F2B3024DB00593920 /* Config.xcconfig */,
				2A5296E52B051E8400279401 /* CDS-APP-2-iOS */,
				2A5296E42B051E8400279401 /* Products */,
				835898C22B0FA61100503CD1 /* Recovered References */,
			);
			sourceTree = "<group>";
		};
		2A5296E42B051E8400279401 /* Products */ = {
			isa = PBXGroup;
			children = (
				2A5296E32B051E8400279401 /* CDS-APP-2-iOS.app */,
			);
			name = Products;
			sourceTree = "<group>";
		};
		2A5296E52B051E8400279401 /* CDS-APP-2-iOS */ = {
			isa = PBXGroup;
			children = (
				2A0C02052B0A5DF0005764FA /* Application */,
				2A0C02062B0A5E25005764FA /* Global */,
				2A0C02082B0A5E4C005764FA /* Presentation */,
				2A0C02072B0A5E3F005764FA /* Network */,
				2A5296F42B051E8600279401 /* Info.plist */,
			);
			path = "CDS-APP-2-iOS";
			sourceTree = "<group>";
		};
		2AB7943E2B0CFD15003DFF48 /* Category */ = {
			isa = PBXGroup;
			children = (
				2A0ED7532B302EDB00593920 /* Observable */,
				2AB7943F2B0CFD15003DFF48 /* Model */,
				2AB794432B0CFD15003DFF48 /* Cell */,
				2AB794472B0CFD15003DFF48 /* View */,
				2AB7944B2B0CFD15003DFF48 /* ViewController */,
			);
			name = Category;
			path = "CDS-APP-2-iOS/Presentation/Category";
			sourceTree = SOURCE_ROOT;
		};
		2AB7943F2B0CFD15003DFF48 /* Model */ = {
			isa = PBXGroup;
			children = (
				2AB794412B0CFD15003DFF48 /* Category.swift */,
				2AB794402B0CFD15003DFF48 /* CategoryList.swift */,
				2AB794422B0CFD15003DFF48 /* CategoryDetailList.swift */,
			);
			path = Model;
			sourceTree = "<group>";
		};
		2AB794432B0CFD15003DFF48 /* Cell */ = {
			isa = PBXGroup;
			children = (
				2AB794462B0CFD15003DFF48 /* CategoryHorizontalCollectionViewCell.swift */,
				2AB794452B0CFD15003DFF48 /* CategoryTableViewCell.swift */,
				2AB794442B0CFD15003DFF48 /* CategoryDetailTableViewCell.swift */,
			);
			path = Cell;
			sourceTree = "<group>";
		};
		2AB794472B0CFD15003DFF48 /* View */ = {
			isa = PBXGroup;
			children = (
				2AB794492B0CFD15003DFF48 /* CategoryHeaderView.swift */,
				2AB794482B0CFD15003DFF48 /* CategoryTableView.swift */,
				2AB7944A2B0CFD15003DFF48 /* CategoryDetailTableHeaderView.swift */,
			);
			path = View;
			sourceTree = "<group>";
		};
		2AB7944B2B0CFD15003DFF48 /* ViewController */ = {
			isa = PBXGroup;
			children = (
				2AB7944C2B0CFD15003DFF48 /* CategoryViewController.swift */,
			);
			path = ViewController;
			sourceTree = "<group>";
		};
		2AB794572B0CFDE8003DFF48 /* HatDetail */ = {
			isa = PBXGroup;
			children = (
				2AB794582B0CFDE8003DFF48 /* HatDetailViewController.swift */,
				2AB794592B0CFDE8003DFF48 /* cell */,
			);
			path = HatDetail;
			sourceTree = "<group>";
		};
		2AB794592B0CFDE8003DFF48 /* cell */ = {
			isa = PBXGroup;
			children = (
				835898972B0DE59E00503CD1 /* MainInfo */,
				8358989A2B0DE60500503CD1 /* ProductInfo */,
				835898D02B0FA69200503CD1 /* SizeInfo */,
				835898D22B0FA6B000503CD1 /* RecommendInfo */,
				835898D12B0FA6A200503CD1 /* ReviewInfo */,
				832B0C6F2B16A00E0042A417 /* InquireInfo */,
			);
			path = cell;
			sourceTree = "<group>";
		};
		832B0C602B162C320042A417 /* FirstRecommend */ = {
			isa = PBXGroup;
			children = (
				83AC9A9C2B15188100B10222 /* FirstRecommendCollectionViewCell.swift */,
				832B0C5C2B1627960042A417 /* FirstDetailCollectionViewCell.swift */,
				832B0C522B15D3920042A417 /* RecommendItem.swift */,
			);
			path = FirstRecommend;
			sourceTree = "<group>";
		};
		832B0C612B162C440042A417 /* SecondRecommend */ = {
			isa = PBXGroup;
			children = (
				832B0C572B15E9230042A417 /* SecondRecommendCollectionViewCell.swift */,
				832B0C5E2B1627B60042A417 /* SecondDetailCollectionViewCell.swift */,
				832B0C592B15F0330042A417 /* EventItem.swift */,
			);
			path = SecondRecommend;
			sourceTree = "<group>";
		};
		832B0C6F2B16A00E0042A417 /* InquireInfo */ = {
			isa = PBXGroup;
			children = (
				832B0C722B16A04F0042A417 /* InquireInfoCollectionViewCell.swift */,
				832B0C782B16A8450042A417 /* ListCollectionViewCell.swift */,
				832B0C762B16A2CA0042A417 /* InquireList.swift */,
				832B0C7A2B16B2540042A417 /* InquireInfoHeaderCollectionReusableView.swift */,
			);
			path = InquireInfo;
			sourceTree = "<group>";
		};
		835898972B0DE59E00503CD1 /* MainInfo */ = {
			isa = PBXGroup;
			children = (
				2AB7945A2B0CFDE8003DFF48 /* MainInfoCollectionViewCell.swift */,
				835899172B13016B00503CD1 /* MainInfoDetailView.swift */,
			);
			path = MainInfo;
			sourceTree = "<group>";
		};
		8358989A2B0DE60500503CD1 /* ProductInfo */ = {
			isa = PBXGroup;
			children = (
				2AB7945B2B0CFDE8003DFF48 /* ProductInfoCollectionViewCell.swift */,
				8358989B2B0DE62100503CD1 /* ProductInfoHeaderCollectionReusableView.swift */,
				8358989F2B0E455500503CD1 /* ProductInfoFooterCollectionReusableView.swift */,
			);
			path = ProductInfo;
			sourceTree = "<group>";
		};
		835898C22B0FA61100503CD1 /* Recovered References */ = {
			isa = PBXGroup;
			children = (
				A18370082B0D01B700B64568 /* TabbarItem.swift */,
				A183700C2B0D032200B64568 /* TabbarController.swift */,
			);
			name = "Recovered References";
			sourceTree = "<group>";
		};
		835898D02B0FA69200503CD1 /* SizeInfo */ = {
			isa = PBXGroup;
			children = (
				835898CE2B0FA68D00503CD1 /* SizeInfoCollectionViewCell.swift */,
				835A45292B1490360026F6C8 /* SizeInfoHeaderCollectionReusableView.swift */,
				835A452B2B1493760026F6C8 /* SizeInfoFooterCollectionReusableView.swift */,
			);
			path = SizeInfo;
			sourceTree = "<group>";
		};
		835898D12B0FA6A200503CD1 /* ReviewInfo */ = {
			isa = PBXGroup;
			children = (
				835898CC2B0FA68700503CD1 /* ReviewInfoCollectionViewCell.swift */,
				832B0C662B1675FC0042A417 /* ReviewInfoHeaderCollectionReusableView.swift */,
				832B0C682B168ED20042A417 /* ReviewPhotoCollectionViewCell.swift */,
				832B0C6A2B168F220042A417 /* ReviewPhotoItem.swift */,
			);
			path = ReviewInfo;
			sourceTree = "<group>";
		};
		835898D22B0FA6B000503CD1 /* RecommendInfo */ = {
			isa = PBXGroup;
			children = (
				835898CA2B0FA68100503CD1 /* RecommendInfoCollectionViewCell.swift */,
				832B0C622B16407B0042A417 /* RecommendInfoHeaderCollectionReusableView.swift */,
				832B0C602B162C320042A417 /* FirstRecommend */,
				832B0C612B162C440042A417 /* SecondRecommend */,
			);
			path = RecommendInfo;
			sourceTree = "<group>";
		};
		835898E52B0FFF2200503CD1 /* Tabbar */ = {
			isa = PBXGroup;
			children = (
				835898E32B0FFEFE00503CD1 /* TabbarItem.swift */,
				835898E62B0FFF2200503CD1 /* TabbarController.swift */,
				A1E12D1C2B2174AC005B8BDE /* HatDetailTabbarView.swift */,
			);
			path = Tabbar;
			sourceTree = "<group>";
		};
		83A886432B184E78003D12FC /* HatDetail */ = {
			isa = PBXGroup;
			children = (
				83A886492B18580A003D12FC /* Service */,
				83A886482B1857FF003D12FC /* DTO */,
			);
			path = HatDetail;
			sourceTree = "<group>";
		};
		83A886482B1857FF003D12FC /* DTO */ = {
			isa = PBXGroup;
			children = (
				83A886462B1852D3003D12FC /* HatDetailResponseDTO.swift */,
			);
			path = DTO;
			sourceTree = "<group>";
		};
		83A886492B18580A003D12FC /* Service */ = {
			isa = PBXGroup;
			children = (
				83A886442B184E9A003D12FC /* HatDetailService.swift */,
			);
			path = Service;
			sourceTree = "<group>";
		};
		A17FBB532B11C219009214D9 /* View */ = {
			isa = PBXGroup;
			children = (
				A17FBB542B11C227009214D9 /* HatCategoryMainView.swift */,
				A19DB9102B171F5700CD1113 /* FreeDelieveryChipView.swift */,
			);
			path = View;
			sourceTree = "<group>";
		};
		A195599E2B0DC1F3002EED37 /* HatCategory */ = {
			isa = PBXGroup;
			children = (
				A17FBB532B11C219009214D9 /* View */,
				A1A29DEE2B0F37C900C9F25D /* Dummy */,
				A1A29DEB2B0F221900C9F25D /* Cell */,
				A195599F2B0DC34E002EED37 /* ViewController */,
			);
			path = HatCategory;
			sourceTree = "<group>";
		};
		A195599F2B0DC34E002EED37 /* ViewController */ = {
			isa = PBXGroup;
			children = (
				A19559A02B0DC360002EED37 /* HatCategoryViewController.swift */,
			);
			path = ViewController;
			sourceTree = "<group>";
		};
		A1A29DEB2B0F221900C9F25D /* Cell */ = {
			isa = PBXGroup;
			children = (
				A1A29DEC2B0F223C00C9F25D /* HeaderCollectionViewCell.swift */,
				A17FBB562B11C52F009214D9 /* RealTimeBestCollectionViewCell.swift */,
				A1EB0FF12B15DA8A0023B8AD /* FilterCategoryCollectionViewCell.swift */,
				A1AE48F82B16CF810069859F /* DetailProductCollectionViewCell.swift */,
			);
			path = Cell;
			sourceTree = "<group>";
		};
		A1A29DEE2B0F37C900C9F25D /* Dummy */ = {
			isa = PBXGroup;
			children = (
				A1A29DEF2B0F37DA00C9F25D /* HeaderCategoryDummy.swift */,
				A122D17E2B14DA82009752A7 /* MainCategoryDummy.swift */,
			);
			path = Dummy;
			sourceTree = "<group>";
		};
		A1A8FE3A2B186288006D0C25 /* HatCategory */ = {
			isa = PBXGroup;
			children = (
				A1A8FE3C2B18629B006D0C25 /* Service */,
				A1A8FE3B2B186296006D0C25 /* DTO */,
			);
			path = HatCategory;
			sourceTree = "<group>";
		};
		A1A8FE3B2B186296006D0C25 /* DTO */ = {
			isa = PBXGroup;
			children = (
				A1A8FE3F2B186BA0006D0C25 /* HatCategoryDTO.swift */,
			);
			path = DTO;
			sourceTree = "<group>";
		};
		A1A8FE3C2B18629B006D0C25 /* Service */ = {
			isa = PBXGroup;
			children = (
				A1A8FE3D2B186373006D0C25 /* HatCategoryService.swift */,
			);
			path = Service;
			sourceTree = "<group>";
		};
/* End PBXGroup section */

/* Begin PBXNativeTarget section */
		2A5296E22B051E8400279401 /* CDS-APP-2-iOS */ = {
			isa = PBXNativeTarget;
			buildConfigurationList = 2A5296F72B051E8600279401 /* Build configuration list for PBXNativeTarget "CDS-APP-2-iOS" */;
			buildPhases = (
				2A5296DF2B051E8400279401 /* Sources */,
				2A5296E02B051E8400279401 /* Frameworks */,
				2A5296E12B051E8400279401 /* Resources */,
			);
			buildRules = (
			);
			dependencies = (
			);
			name = "CDS-APP-2-iOS";
			packageProductDependencies = (
				2AA327A92B0B231B00732CE9 /* SnapKit */,
				2AA327AC2B0B233100732CE9 /* Then */,
				2AA327AF2B0B234800732CE9 /* Kingfisher */,
			);
			productName = "CDS-APP-2-iOS";
			productReference = 2A5296E32B051E8400279401 /* CDS-APP-2-iOS.app */;
			productType = "com.apple.product-type.application";
		};
/* End PBXNativeTarget section */

/* Begin PBXProject section */
		2A5296DB2B051E8400279401 /* Project object */ = {
			isa = PBXProject;
			attributes = {
				BuildIndependentTargetsInParallel = 1;
				LastSwiftUpdateCheck = 1420;
				LastUpgradeCheck = 1420;
				TargetAttributes = {
					2A5296E22B051E8400279401 = {
						CreatedOnToolsVersion = 14.2;
					};
				};
			};
			buildConfigurationList = 2A5296DE2B051E8400279401 /* Build configuration list for PBXProject "CDS-APP-2-iOS" */;
			compatibilityVersion = "Xcode 14.0";
			developmentRegion = en;
			hasScannedForEncodings = 0;
			knownRegions = (
				en,
				Base,
			);
			mainGroup = 2A5296DA2B051E8400279401;
			packageReferences = (
				2AA327A82B0B231B00732CE9 /* XCRemoteSwiftPackageReference "SnapKit" */,
				2AA327AB2B0B233100732CE9 /* XCRemoteSwiftPackageReference "Then" */,
				2AA327AE2B0B234800732CE9 /* XCRemoteSwiftPackageReference "Kingfisher" */,
			);
			productRefGroup = 2A5296E42B051E8400279401 /* Products */;
			projectDirPath = "";
			projectRoot = "";
			targets = (
				2A5296E22B051E8400279401 /* CDS-APP-2-iOS */,
			);
		};
/* End PBXProject section */

/* Begin PBXResourcesBuildPhase section */
		2A5296E12B051E8400279401 /* Resources */ = {
			isa = PBXResourcesBuildPhase;
			buildActionMask = 2147483647;
			files = (
				2A5296F32B051E8600279401 /* LaunchScreen.storyboard in Resources */,
				2A0C022B2B0A61D3005764FA /* GmarketSansTTFLight.ttf in Resources */,
				2A5296F02B051E8600279401 /* Assets.xcassets in Resources */,
				2A0C022A2B0A61D3005764FA /* GmarketSansTTFBold.ttf in Resources */,
				2A0ED7502B3024DB00593920 /* Config.xcconfig in Resources */,
				2A0C022D2B0A61D3005764FA /* GmarketSansTTFMedium.ttf in Resources */,
			);
			runOnlyForDeploymentPostprocessing = 0;
		};
/* End PBXResourcesBuildPhase section */

/* Begin PBXSourcesBuildPhase section */
		2A5296DF2B051E8400279401 /* Sources */ = {
			isa = PBXSourcesBuildPhase;
			buildActionMask = 2147483647;
			files = (
				05C3D3B62B15E9EE00A51903 /* HomeBrandBigCollectionViewCell.swift in Sources */,
				0518362A2B1487B700D4FB81 /* HomePromotionReusableView.swift in Sources */,
				2A5296EB2B051E8400279401 /* HomeViewController.swift in Sources */,
				835898CD2B0FA68700503CD1 /* ReviewInfoCollectionViewCell.swift in Sources */,
				0583D6532B172AD500A87981 /* HomeChipReusableView.swift in Sources */,
				0583D6572B17322700A87981 /* PopularCellData.swift in Sources */,
				835899182B13016B00503CD1 /* MainInfoDetailView.swift in Sources */,
				832B0C672B1675FC0042A417 /* ReviewInfoHeaderCollectionReusableView.swift in Sources */,
				05C3D3B22B1511D400A51903 /* HomeSeeAllReusableView.swift in Sources */,
				2A5296EB2B051E8400279401 /* HomeViewController.swift in Sources */,
				2A2EAFEA2B1826A2002D3800 /* HeartButtonService.swift in Sources */,
				05C3D3AE2B150CD800A51903 /* HomeProductCollectionViewCell.swift in Sources */,
				056F2F372B0DE5BC00BA6ED8 /* HomeTopView.swift in Sources */,
				2AB794632B0CFDE8003DFF48 /* ProductInfoCollectionViewCell.swift in Sources */,
				058DD4442B109A4B001C63A6 /* HomeView.swift in Sources */,
				832B0C6B2B168F220042A417 /* ReviewPhotoItem.swift in Sources */,
				2AA327B72B0B544A00732CE9 /* Adjust+.swift in Sources */,
				832B0C772B16A2CA0042A417 /* InquireList.swift in Sources */,
				2A0C02322B0A6407005764FA /* UIFont+.swift in Sources */,
				832B0C5A2B15F0330042A417 /* EventItem.swift in Sources */,
				835A452C2B1493760026F6C8 /* SizeInfoFooterCollectionReusableView.swift in Sources */,
				A1EB0FF22B15DA8A0023B8AD /* FilterCategoryCollectionViewCell.swift in Sources */,
				056F2F392B0DF1C700BA6ED8 /* UIStackView+.swift in Sources */,
				2A0C02102B0A5EA5005764FA /* StringLiterals.swift in Sources */,
				0583D6592B18506F00A87981 /* PromotionDataModel.swift in Sources */,
				832B0C732B16A04F0042A417 /* InquireInfoCollectionViewCell.swift in Sources */,
				8358989C2B0DE62100503CD1 /* ProductInfoHeaderCollectionReusableView.swift in Sources */,
				0518362C2B1487C700D4FB81 /* HomePromotionCollectionViewCell.swift in Sources */,
				051836202B11E22E00D4FB81 /* HomeRecommendBigCollectionViewCell.swift in Sources */,
				A19559A12B0DC360002EED37 /* HatCategoryViewController.swift in Sources */,
				2AB794542B0CFD15003DFF48 /* CategoryHeaderView.swift in Sources */,
				A19DB9112B171F5700CD1113 /* FreeDelieveryChipView.swift in Sources */,
				A122D17F2B14DA82009752A7 /* MainCategoryDummy.swift in Sources */,
				832B0C5F2B1627B60042A417 /* SecondDetailCollectionViewCell.swift in Sources */,
				2A0C02122B0A5EAE005764FA /* UIView+.swift in Sources */,
				83AC9A9D2B15188100B10222 /* FirstRecommendCollectionViewCell.swift in Sources */,
				83A886452B184E9A003D12FC /* HatDetailService.swift in Sources */,
				835898E42B0FFEFE00503CD1 /* TabbarItem.swift in Sources */,
				835898CF2B0FA68D00503CD1 /* SizeInfoCollectionViewCell.swift in Sources */,
				2AB794502B0CFD15003DFF48 /* CategoryDetailTableViewCell.swift in Sources */,
				058D7AB42B10C850002D6A0A /* HomeLayoutFactory.swift in Sources */,
				832B0C5D2B1627960042A417 /* FirstDetailCollectionViewCell.swift in Sources */,
				2A0C02342B0A6681005764FA /* UIColor+.swift in Sources */,
				832B0C532B15D3920042A417 /* RecommendItem.swift in Sources */,
				2AB794622B0CFDE8003DFF48 /* MainInfoCollectionViewCell.swift in Sources */,
				A1A29DED2B0F223C00C9F25D /* HeaderCollectionViewCell.swift in Sources */,
				2AB794512B0CFD15003DFF48 /* CategoryTableViewCell.swift in Sources */,
				2A2EAFEC2B182ED1002D3800 /* HeartButtonResponseDTO.swift in Sources */,
				058D7AB72B10CBB5002D6A0A /* HomeCardCollectionViewCell.swift in Sources */,
				A1AE48F92B16CF810069859F /* DetailProductCollectionViewCell.swift in Sources */,
				056F2F3B2B0DF67D00BA6ED8 /* ChipView.swift in Sources */,
				A17FBB572B11C52F009214D9 /* RealTimeBestCollectionViewCell.swift in Sources */,
				2A0ED7522B302ECF00593920 /* Observable.swift in Sources */,
				2AA327D22B0C30E700732CE9 /* CALayer+.swift in Sources */,
				832B0C7B2B16B2540042A417 /* InquireInfoHeaderCollectionReusableView.swift in Sources */,
				A1A8FE402B186BA0006D0C25 /* HatCategoryDTO.swift in Sources */,
				832B0C792B16A8450042A417 /* ListCollectionViewCell.swift in Sources */,
				832B0C582B15E9230042A417 /* SecondRecommendCollectionViewCell.swift in Sources */,
				2AB794532B0CFD15003DFF48 /* CategoryTableView.swift in Sources */,
				832B0C692B168ED20042A417 /* ReviewPhotoCollectionViewCell.swift in Sources */,
				83A886472B1852D3003D12FC /* HatDetailResponseDTO.swift in Sources */,
				2A0C021D2B0A5F78005764FA /* Config.swift in Sources */,
				A19559B62B0DFAA0002EED37 /* NavigationController+.swift in Sources */,
				2A0C020E2B0A5E9A005764FA /* ImageLiterals.swift in Sources */,
				835898A02B0E455500503CD1 /* ProductInfoFooterCollectionReusableView.swift in Sources */,
				A17FBB552B11C227009214D9 /* HatCategoryMainView.swift in Sources */,
				051836322B14A71500D4FB81 /* RecommendSmallCellData.swift in Sources */,
				A1A8FE3E2B186373006D0C25 /* HatCategoryService.swift in Sources */,
				2AB794552B0CFD15003DFF48 /* CategoryDetailTableHeaderView.swift in Sources */,
				2AA327BC2B0B722100732CE9 /* NSObject+.swift in Sources */,
				0518362F2B149AE300D4FB81 /* LineView.swift in Sources */,
				835A452A2B1490360026F6C8 /* SizeInfoHeaderCollectionReusableView.swift in Sources */,
				2AB7944E2B0CFD15003DFF48 /* Category.swift in Sources */,
				0583D65E2B18678E00A87981 /* UIImageView+.swift in Sources */,
				0518361E2B11C81100D4FB81 /* HomeRecommendSmallCollectionViewCell.swift in Sources */,
				0583D65B2B1851A100A87981 /* HomePromotionService.swift in Sources */,
				A1E12D1D2B2174AC005B8BDE /* HatDetailTabbarView.swift in Sources */,
				05C3D3B82B15EC4000A51903 /* HomeBrandSmallCollectionViewCell.swift in Sources */,
				0583D6552B172CD200A87981 /* HomePopularCollectionViewCell.swift in Sources */,
				2A0C02362B0A6B5B005764FA /* UIImage+.swift in Sources */,
				051836362B14AA6F00D4FB81 /* PromotionHeaderData.swift in Sources */,
				A1A29DF02B0F37DA00C9F25D /* HeaderCategoryDummy.swift in Sources */,
				2AB794612B0CFDE8003DFF48 /* HatDetailViewController.swift in Sources */,
				051836342B14A78700D4FB81 /* PromotionCellData.swift in Sources */,
				051836222B11E66100D4FB81 /* UILabel+.swift in Sources */,
				2A5296E72B051E8400279401 /* AppDelegate.swift in Sources */,
				05C3D3AC2B150C2F00A51903 /* HomeTitleReusableView.swift in Sources */,
				2A2EAFE52B176A2C002D3800 /* NetworkError.swift in Sources */,
				058D7AB92B11044B002D6A0A /* HomeSection.swift in Sources */,
				2A5296E92B051E8400279401 /* SceneDelegate.swift in Sources */,
				2AB794522B0CFD15003DFF48 /* CategoryHorizontalCollectionViewCell.swift in Sources */,
				2AB7944F2B0CFD15003DFF48 /* CategoryDetailList.swift in Sources */,
				832B0C632B16407B0042A417 /* RecommendInfoHeaderCollectionReusableView.swift in Sources */,
				2AB794562B0CFD15003DFF48 /* CategoryViewController.swift in Sources */,
				2AB7944D2B0CFD15003DFF48 /* CategoryList.swift in Sources */,
				835898E72B0FFF2200503CD1 /* TabbarController.swift in Sources */,
				835898CB2B0FA68100503CD1 /* RecommendInfoCollectionViewCell.swift in Sources */,
				05C3D3B02B150FAF00A51903 /* ProductCellData.swift in Sources */,
			);
			runOnlyForDeploymentPostprocessing = 0;
		};
/* End PBXSourcesBuildPhase section */

/* Begin PBXVariantGroup section */
		2A5296F12B051E8600279401 /* LaunchScreen.storyboard */ = {
			isa = PBXVariantGroup;
			children = (
				2A5296F22B051E8600279401 /* Base */,
			);
			name = LaunchScreen.storyboard;
			sourceTree = "<group>";
		};
/* End PBXVariantGroup section */

/* Begin XCBuildConfiguration section */
		2A5296F52B051E8600279401 /* Debug */ = {
			isa = XCBuildConfiguration;
			buildSettings = {
				ALWAYS_SEARCH_USER_PATHS = NO;
				CLANG_ANALYZER_NONNULL = YES;
				CLANG_ANALYZER_NUMBER_OBJECT_CONVERSION = YES_AGGRESSIVE;
				CLANG_CXX_LANGUAGE_STANDARD = "gnu++20";
				CLANG_ENABLE_MODULES = YES;
				CLANG_ENABLE_OBJC_ARC = YES;
				CLANG_ENABLE_OBJC_WEAK = YES;
				CLANG_WARN_BLOCK_CAPTURE_AUTORELEASING = YES;
				CLANG_WARN_BOOL_CONVERSION = YES;
				CLANG_WARN_COMMA = YES;
				CLANG_WARN_CONSTANT_CONVERSION = YES;
				CLANG_WARN_DEPRECATED_OBJC_IMPLEMENTATIONS = YES;
				CLANG_WARN_DIRECT_OBJC_ISA_USAGE = YES_ERROR;
				CLANG_WARN_DOCUMENTATION_COMMENTS = YES;
				CLANG_WARN_EMPTY_BODY = YES;
				CLANG_WARN_ENUM_CONVERSION = YES;
				CLANG_WARN_INFINITE_RECURSION = YES;
				CLANG_WARN_INT_CONVERSION = YES;
				CLANG_WARN_NON_LITERAL_NULL_CONVERSION = YES;
				CLANG_WARN_OBJC_IMPLICIT_RETAIN_SELF = YES;
				CLANG_WARN_OBJC_LITERAL_CONVERSION = YES;
				CLANG_WARN_OBJC_ROOT_CLASS = YES_ERROR;
				CLANG_WARN_QUOTED_INCLUDE_IN_FRAMEWORK_HEADER = YES;
				CLANG_WARN_RANGE_LOOP_ANALYSIS = YES;
				CLANG_WARN_STRICT_PROTOTYPES = YES;
				CLANG_WARN_SUSPICIOUS_MOVE = YES;
				CLANG_WARN_UNGUARDED_AVAILABILITY = YES_AGGRESSIVE;
				CLANG_WARN_UNREACHABLE_CODE = YES;
				CLANG_WARN__DUPLICATE_METHOD_MATCH = YES;
				COPY_PHASE_STRIP = NO;
				DEBUG_INFORMATION_FORMAT = dwarf;
				ENABLE_STRICT_OBJC_MSGSEND = YES;
				ENABLE_TESTABILITY = YES;
				GCC_C_LANGUAGE_STANDARD = gnu11;
				GCC_DYNAMIC_NO_PIC = NO;
				GCC_NO_COMMON_BLOCKS = YES;
				GCC_OPTIMIZATION_LEVEL = 0;
				GCC_PREPROCESSOR_DEFINITIONS = (
					"DEBUG=1",
					"$(inherited)",
				);
				GCC_WARN_64_TO_32_BIT_CONVERSION = YES;
				GCC_WARN_ABOUT_RETURN_TYPE = YES_ERROR;
				GCC_WARN_UNDECLARED_SELECTOR = YES;
				GCC_WARN_UNINITIALIZED_AUTOS = YES_AGGRESSIVE;
				GCC_WARN_UNUSED_FUNCTION = YES;
				GCC_WARN_UNUSED_VARIABLE = YES;
				IPHONEOS_DEPLOYMENT_TARGET = 16.2;
				MTL_ENABLE_DEBUG_INFO = INCLUDE_SOURCE;
				MTL_FAST_MATH = YES;
				ONLY_ACTIVE_ARCH = YES;
				SDKROOT = iphoneos;
				SWIFT_ACTIVE_COMPILATION_CONDITIONS = DEBUG;
				SWIFT_OPTIMIZATION_LEVEL = "-Onone";
			};
			name = Debug;
		};
		2A5296F62B051E8600279401 /* Release */ = {
			isa = XCBuildConfiguration;
			buildSettings = {
				ALWAYS_SEARCH_USER_PATHS = NO;
				CLANG_ANALYZER_NONNULL = YES;
				CLANG_ANALYZER_NUMBER_OBJECT_CONVERSION = YES_AGGRESSIVE;
				CLANG_CXX_LANGUAGE_STANDARD = "gnu++20";
				CLANG_ENABLE_MODULES = YES;
				CLANG_ENABLE_OBJC_ARC = YES;
				CLANG_ENABLE_OBJC_WEAK = YES;
				CLANG_WARN_BLOCK_CAPTURE_AUTORELEASING = YES;
				CLANG_WARN_BOOL_CONVERSION = YES;
				CLANG_WARN_COMMA = YES;
				CLANG_WARN_CONSTANT_CONVERSION = YES;
				CLANG_WARN_DEPRECATED_OBJC_IMPLEMENTATIONS = YES;
				CLANG_WARN_DIRECT_OBJC_ISA_USAGE = YES_ERROR;
				CLANG_WARN_DOCUMENTATION_COMMENTS = YES;
				CLANG_WARN_EMPTY_BODY = YES;
				CLANG_WARN_ENUM_CONVERSION = YES;
				CLANG_WARN_INFINITE_RECURSION = YES;
				CLANG_WARN_INT_CONVERSION = YES;
				CLANG_WARN_NON_LITERAL_NULL_CONVERSION = YES;
				CLANG_WARN_OBJC_IMPLICIT_RETAIN_SELF = YES;
				CLANG_WARN_OBJC_LITERAL_CONVERSION = YES;
				CLANG_WARN_OBJC_ROOT_CLASS = YES_ERROR;
				CLANG_WARN_QUOTED_INCLUDE_IN_FRAMEWORK_HEADER = YES;
				CLANG_WARN_RANGE_LOOP_ANALYSIS = YES;
				CLANG_WARN_STRICT_PROTOTYPES = YES;
				CLANG_WARN_SUSPICIOUS_MOVE = YES;
				CLANG_WARN_UNGUARDED_AVAILABILITY = YES_AGGRESSIVE;
				CLANG_WARN_UNREACHABLE_CODE = YES;
				CLANG_WARN__DUPLICATE_METHOD_MATCH = YES;
				COPY_PHASE_STRIP = NO;
				DEBUG_INFORMATION_FORMAT = "dwarf-with-dsym";
				ENABLE_NS_ASSERTIONS = NO;
				ENABLE_STRICT_OBJC_MSGSEND = YES;
				GCC_C_LANGUAGE_STANDARD = gnu11;
				GCC_NO_COMMON_BLOCKS = YES;
				GCC_WARN_64_TO_32_BIT_CONVERSION = YES;
				GCC_WARN_ABOUT_RETURN_TYPE = YES_ERROR;
				GCC_WARN_UNDECLARED_SELECTOR = YES;
				GCC_WARN_UNINITIALIZED_AUTOS = YES_AGGRESSIVE;
				GCC_WARN_UNUSED_FUNCTION = YES;
				GCC_WARN_UNUSED_VARIABLE = YES;
				IPHONEOS_DEPLOYMENT_TARGET = 16.2;
				MTL_ENABLE_DEBUG_INFO = NO;
				MTL_FAST_MATH = YES;
				SDKROOT = iphoneos;
				SWIFT_COMPILATION_MODE = wholemodule;
				SWIFT_OPTIMIZATION_LEVEL = "-O";
				VALIDATE_PRODUCT = YES;
			};
			name = Release;
		};
		2A5296F82B051E8600279401 /* Debug */ = {
			isa = XCBuildConfiguration;
			buildSettings = {
				ASSETCATALOG_COMPILER_APPICON_NAME = AppIcon;
				ASSETCATALOG_COMPILER_GLOBAL_ACCENT_COLOR_NAME = AccentColor;
				CODE_SIGN_STYLE = Automatic;
				CURRENT_PROJECT_VERSION = 1;
				DEVELOPMENT_TEAM = 349HWJV2J8;
				GENERATE_INFOPLIST_FILE = YES;
				INFOPLIST_FILE = "CDS-APP-2-iOS/Info.plist";
				INFOPLIST_KEY_UIApplicationSupportsIndirectInputEvents = YES;
				INFOPLIST_KEY_UILaunchStoryboardName = LaunchScreen;
				INFOPLIST_KEY_UISupportedInterfaceOrientations_iPad = "UIInterfaceOrientationPortrait UIInterfaceOrientationPortraitUpsideDown UIInterfaceOrientationLandscapeLeft UIInterfaceOrientationLandscapeRight";
				INFOPLIST_KEY_UISupportedInterfaceOrientations_iPhone = "UIInterfaceOrientationPortrait UIInterfaceOrientationLandscapeLeft UIInterfaceOrientationLandscapeRight";
				LD_RUNPATH_SEARCH_PATHS = (
					"$(inherited)",
					"@executable_path/Frameworks",
				);
				MARKETING_VERSION = 1.0;
				PRODUCT_BUNDLE_IDENTIFIER = "com.naver-heejoo-byun.CDS-APP-2-iOS";
				PRODUCT_NAME = "$(TARGET_NAME)";
				SWIFT_EMIT_LOC_STRINGS = YES;
				SWIFT_VERSION = 5.0;
				TARGETED_DEVICE_FAMILY = "1,2";
			};
			name = Debug;
		};
		2A5296F92B051E8600279401 /* Release */ = {
			isa = XCBuildConfiguration;
			buildSettings = {
				ASSETCATALOG_COMPILER_APPICON_NAME = AppIcon;
				ASSETCATALOG_COMPILER_GLOBAL_ACCENT_COLOR_NAME = AccentColor;
				CODE_SIGN_STYLE = Automatic;
				CURRENT_PROJECT_VERSION = 1;
				DEVELOPMENT_TEAM = 349HWJV2J8;
				GENERATE_INFOPLIST_FILE = YES;
				INFOPLIST_FILE = "CDS-APP-2-iOS/Info.plist";
				INFOPLIST_KEY_UIApplicationSupportsIndirectInputEvents = YES;
				INFOPLIST_KEY_UILaunchStoryboardName = LaunchScreen;
				INFOPLIST_KEY_UISupportedInterfaceOrientations_iPad = "UIInterfaceOrientationPortrait UIInterfaceOrientationPortraitUpsideDown UIInterfaceOrientationLandscapeLeft UIInterfaceOrientationLandscapeRight";
				INFOPLIST_KEY_UISupportedInterfaceOrientations_iPhone = "UIInterfaceOrientationPortrait UIInterfaceOrientationLandscapeLeft UIInterfaceOrientationLandscapeRight";
				LD_RUNPATH_SEARCH_PATHS = (
					"$(inherited)",
					"@executable_path/Frameworks",
				);
				MARKETING_VERSION = 1.0;
				PRODUCT_BUNDLE_IDENTIFIER = "com.naver-heejoo-byun.CDS-APP-2-iOS";
				PRODUCT_NAME = "$(TARGET_NAME)";
				SWIFT_EMIT_LOC_STRINGS = YES;
				SWIFT_VERSION = 5.0;
				TARGETED_DEVICE_FAMILY = "1,2";
			};
			name = Release;
		};
/* End XCBuildConfiguration section */

/* Begin XCConfigurationList section */
		2A5296DE2B051E8400279401 /* Build configuration list for PBXProject "CDS-APP-2-iOS" */ = {
			isa = XCConfigurationList;
			buildConfigurations = (
				2A5296F52B051E8600279401 /* Debug */,
				2A5296F62B051E8600279401 /* Release */,
			);
			defaultConfigurationIsVisible = 0;
			defaultConfigurationName = Release;
		};
		2A5296F72B051E8600279401 /* Build configuration list for PBXNativeTarget "CDS-APP-2-iOS" */ = {
			isa = XCConfigurationList;
			buildConfigurations = (
				2A5296F82B051E8600279401 /* Debug */,
				2A5296F92B051E8600279401 /* Release */,
			);
			defaultConfigurationIsVisible = 0;
			defaultConfigurationName = Release;
		};
/* End XCConfigurationList section */

/* Begin XCRemoteSwiftPackageReference section */
		2AA327A82B0B231B00732CE9 /* XCRemoteSwiftPackageReference "SnapKit" */ = {
			isa = XCRemoteSwiftPackageReference;
			repositoryURL = "https://github.com/SnapKit/SnapKit.git";
			requirement = {
				kind = upToNextMajorVersion;
				minimumVersion = 5.0.0;
			};
		};
		2AA327AB2B0B233100732CE9 /* XCRemoteSwiftPackageReference "Then" */ = {
			isa = XCRemoteSwiftPackageReference;
			repositoryURL = "https://github.com/devxoul/Then.git";
			requirement = {
				kind = upToNextMajorVersion;
				minimumVersion = 3.0.0;
			};
		};
		2AA327AE2B0B234800732CE9 /* XCRemoteSwiftPackageReference "Kingfisher" */ = {
			isa = XCRemoteSwiftPackageReference;
			repositoryURL = "https://github.com/onevcat/Kingfisher.git";
			requirement = {
				kind = upToNextMajorVersion;
				minimumVersion = 7.0.0;
			};
		};
/* End XCRemoteSwiftPackageReference section */

/* Begin XCSwiftPackageProductDependency section */
		2AA327A92B0B231B00732CE9 /* SnapKit */ = {
			isa = XCSwiftPackageProductDependency;
			package = 2AA327A82B0B231B00732CE9 /* XCRemoteSwiftPackageReference "SnapKit" */;
			productName = SnapKit;
		};
		2AA327AC2B0B233100732CE9 /* Then */ = {
			isa = XCSwiftPackageProductDependency;
			package = 2AA327AB2B0B233100732CE9 /* XCRemoteSwiftPackageReference "Then" */;
			productName = Then;
		};
		2AA327AF2B0B234800732CE9 /* Kingfisher */ = {
			isa = XCSwiftPackageProductDependency;
			package = 2AA327AE2B0B234800732CE9 /* XCRemoteSwiftPackageReference "Kingfisher" */;
			productName = Kingfisher;
		};
/* End XCSwiftPackageProductDependency section */
	};
	rootObject = 2A5296DB2B051E8400279401 /* Project object */;
}
