// !$*UTF8*$!
{
	archiveVersion = 1;
	classes = {
	};
	objectVersion = 56;
	objects = {

/* Begin PBXBuildFile section */
		0518361E2B11C81100D4FB81 /* HomeRecommendSmallCollectionViewCell.swift in Sources */ = {isa = PBXBuildFile; fileRef = 0518361D2B11C81100D4FB81 /* HomeRecommendSmallCollectionViewCell.swift */; };
		051836202B11E22E00D4FB81 /* HomeRecommendBigCollectionViewCell.swift in Sources */ = {isa = PBXBuildFile; fileRef = 0518361F2B11E22E00D4FB81 /* HomeRecommendBigCollectionViewCell.swift */; };
		051836222B11E66100D4FB81 /* UILabel+.swift in Sources */ = {isa = PBXBuildFile; fileRef = 051836212B11E66100D4FB81 /* UILabel+.swift */; };
		056F2F372B0DE5BC00BA6ED8 /* HomeTopView.swift in Sources */ = {isa = PBXBuildFile; fileRef = 056F2F362B0DE5BC00BA6ED8 /* HomeTopView.swift */; };
		056F2F392B0DF1C700BA6ED8 /* UIStackView+.swift in Sources */ = {isa = PBXBuildFile; fileRef = 056F2F382B0DF1C600BA6ED8 /* UIStackView+.swift */; };
		056F2F3B2B0DF67D00BA6ED8 /* ChipView.swift in Sources */ = {isa = PBXBuildFile; fileRef = 056F2F3A2B0DF67D00BA6ED8 /* ChipView.swift */; };
		058D7AB42B10C850002D6A0A /* HomeLayoutFactory.swift in Sources */ = {isa = PBXBuildFile; fileRef = 058D7AB32B10C850002D6A0A /* HomeLayoutFactory.swift */; };
		058D7AB72B10CBB5002D6A0A /* HomeCardCollectionViewCell.swift in Sources */ = {isa = PBXBuildFile; fileRef = 058D7AB62B10CBB5002D6A0A /* HomeCardCollectionViewCell.swift */; };
		058D7AB92B11044B002D6A0A /* HomeSection.swift in Sources */ = {isa = PBXBuildFile; fileRef = 058D7AB82B11044B002D6A0A /* HomeSection.swift */; };
		058DD4442B109A4B001C63A6 /* HomeView.swift in Sources */ = {isa = PBXBuildFile; fileRef = 058DD4432B109A4B001C63A6 /* HomeView.swift */; };
		2A0C020E2B0A5E9A005764FA /* ImageLiterals.swift in Sources */ = {isa = PBXBuildFile; fileRef = 2A0C020D2B0A5E9A005764FA /* ImageLiterals.swift */; };
		2A0C02102B0A5EA5005764FA /* StringLiterals.swift in Sources */ = {isa = PBXBuildFile; fileRef = 2A0C020F2B0A5EA5005764FA /* StringLiterals.swift */; };
		2A0C02122B0A5EAE005764FA /* UIView+.swift in Sources */ = {isa = PBXBuildFile; fileRef = 2A0C02112B0A5EAE005764FA /* UIView+.swift */; };
		2A0C021A2B0A5F30005764FA /* a.swift in Sources */ = {isa = PBXBuildFile; fileRef = 2A0C02192B0A5F30005764FA /* a.swift */; };
		2A0C021D2B0A5F78005764FA /* b.swift in Sources */ = {isa = PBXBuildFile; fileRef = 2A0C021C2B0A5F78005764FA /* b.swift */; };
		2A0C02202B0A5F82005764FA /* x.swift in Sources */ = {isa = PBXBuildFile; fileRef = 2A0C021F2B0A5F82005764FA /* x.swift */; };
		2A0C022A2B0A61D3005764FA /* GmarketSansTTFBold.ttf in Resources */ = {isa = PBXBuildFile; fileRef = 2A0C02232B0A61D3005764FA /* GmarketSansTTFBold.ttf */; };
		2A0C022B2B0A61D3005764FA /* GmarketSansTTFLight.ttf in Resources */ = {isa = PBXBuildFile; fileRef = 2A0C02242B0A61D3005764FA /* GmarketSansTTFLight.ttf */; };
		2A0C022D2B0A61D3005764FA /* GmarketSansTTFMedium.ttf in Resources */ = {isa = PBXBuildFile; fileRef = 2A0C02262B0A61D3005764FA /* GmarketSansTTFMedium.ttf */; };
		2A0C02322B0A6407005764FA /* UIFont+.swift in Sources */ = {isa = PBXBuildFile; fileRef = 2A0C02312B0A6407005764FA /* UIFont+.swift */; };
		2A0C02342B0A6681005764FA /* UIColor+.swift in Sources */ = {isa = PBXBuildFile; fileRef = 2A0C02332B0A6681005764FA /* UIColor+.swift */; };
		2A0C02362B0A6B5B005764FA /* UIImage+.swift in Sources */ = {isa = PBXBuildFile; fileRef = 2A0C02352B0A6B5B005764FA /* UIImage+.swift */; };
		2A5296E72B051E8400279401 /* AppDelegate.swift in Sources */ = {isa = PBXBuildFile; fileRef = 2A5296E62B051E8400279401 /* AppDelegate.swift */; };
		2A5296E92B051E8400279401 /* SceneDelegate.swift in Sources */ = {isa = PBXBuildFile; fileRef = 2A5296E82B051E8400279401 /* SceneDelegate.swift */; };
		2A5296EB2B051E8400279401 /* HomeViewController.swift in Sources */ = {isa = PBXBuildFile; fileRef = 2A5296EA2B051E8400279401 /* HomeViewController.swift */; };
		2A5296F02B051E8600279401 /* Assets.xcassets in Resources */ = {isa = PBXBuildFile; fileRef = 2A5296EF2B051E8600279401 /* Assets.xcassets */; };
		2A5296F32B051E8600279401 /* LaunchScreen.storyboard in Resources */ = {isa = PBXBuildFile; fileRef = 2A5296F12B051E8600279401 /* LaunchScreen.storyboard */; };
		2AA327AA2B0B231B00732CE9 /* SnapKit in Frameworks */ = {isa = PBXBuildFile; productRef = 2AA327A92B0B231B00732CE9 /* SnapKit */; };
		2AA327AD2B0B233100732CE9 /* Then in Frameworks */ = {isa = PBXBuildFile; productRef = 2AA327AC2B0B233100732CE9 /* Then */; };
		2AA327B02B0B234800732CE9 /* Kingfisher in Frameworks */ = {isa = PBXBuildFile; productRef = 2AA327AF2B0B234800732CE9 /* Kingfisher */; };
		2AA327B72B0B544A00732CE9 /* Adjust+.swift in Sources */ = {isa = PBXBuildFile; fileRef = 2AA327B62B0B544A00732CE9 /* Adjust+.swift */; };
		2AA327BC2B0B722100732CE9 /* NSObject+.swift in Sources */ = {isa = PBXBuildFile; fileRef = 2AA327BB2B0B722100732CE9 /* NSObject+.swift */; };
		2AA327D22B0C30E700732CE9 /* CALayer+.swift in Sources */ = {isa = PBXBuildFile; fileRef = 2AA327D12B0C30E700732CE9 /* CALayer+.swift */; };
		2AB7944D2B0CFD15003DFF48 /* CategoryList.swift in Sources */ = {isa = PBXBuildFile; fileRef = 2AB794402B0CFD15003DFF48 /* CategoryList.swift */; };
		2AB7944E2B0CFD15003DFF48 /* Category.swift in Sources */ = {isa = PBXBuildFile; fileRef = 2AB794412B0CFD15003DFF48 /* Category.swift */; };
		2AB7944F2B0CFD15003DFF48 /* CategoryDetailList.swift in Sources */ = {isa = PBXBuildFile; fileRef = 2AB794422B0CFD15003DFF48 /* CategoryDetailList.swift */; };
		2AB794502B0CFD15003DFF48 /* CategoryDetailTableViewCell.swift in Sources */ = {isa = PBXBuildFile; fileRef = 2AB794442B0CFD15003DFF48 /* CategoryDetailTableViewCell.swift */; };
		2AB794512B0CFD15003DFF48 /* CategoryTableViewCell.swift in Sources */ = {isa = PBXBuildFile; fileRef = 2AB794452B0CFD15003DFF48 /* CategoryTableViewCell.swift */; };
		2AB794522B0CFD15003DFF48 /* CategoryHorizontalCollectionViewCell.swift in Sources */ = {isa = PBXBuildFile; fileRef = 2AB794462B0CFD15003DFF48 /* CategoryHorizontalCollectionViewCell.swift */; };
		2AB794532B0CFD15003DFF48 /* CategoryTableView.swift in Sources */ = {isa = PBXBuildFile; fileRef = 2AB794482B0CFD15003DFF48 /* CategoryTableView.swift */; };
		2AB794542B0CFD15003DFF48 /* CategoryHeaderView.swift in Sources */ = {isa = PBXBuildFile; fileRef = 2AB794492B0CFD15003DFF48 /* CategoryHeaderView.swift */; };
		2AB794552B0CFD15003DFF48 /* CategoryDetailTableHeaderView.swift in Sources */ = {isa = PBXBuildFile; fileRef = 2AB7944A2B0CFD15003DFF48 /* CategoryDetailTableHeaderView.swift */; };
		2AB794562B0CFD15003DFF48 /* CategoryViewController.swift in Sources */ = {isa = PBXBuildFile; fileRef = 2AB7944C2B0CFD15003DFF48 /* CategoryViewController.swift */; };
		2AB794612B0CFDE8003DFF48 /* HatDetailViewController.swift in Sources */ = {isa = PBXBuildFile; fileRef = 2AB794582B0CFDE8003DFF48 /* HatDetailViewController.swift */; };
		2AB794622B0CFDE8003DFF48 /* MainInfoCollectionViewCell.swift in Sources */ = {isa = PBXBuildFile; fileRef = 2AB7945A2B0CFDE8003DFF48 /* MainInfoCollectionViewCell.swift */; };
		2AB794632B0CFDE8003DFF48 /* ProductInfoCollectionViewCell.swift in Sources */ = {isa = PBXBuildFile; fileRef = 2AB7945B2B0CFDE8003DFF48 /* ProductInfoCollectionViewCell.swift */; };
		2AB794682B0CFDE8003DFF48 /* LayoutFactory.swift in Sources */ = {isa = PBXBuildFile; fileRef = 2AB794602B0CFDE8003DFF48 /* LayoutFactory.swift */; };
		8358989C2B0DE62100503CD1 /* ProductInfoHeaderCollectionReusableView.swift in Sources */ = {isa = PBXBuildFile; fileRef = 8358989B2B0DE62100503CD1 /* ProductInfoHeaderCollectionReusableView.swift */; };
		835898A02B0E455500503CD1 /* ProductInfoFooterCollectionReusableView.swift in Sources */ = {isa = PBXBuildFile; fileRef = 8358989F2B0E455500503CD1 /* ProductInfoFooterCollectionReusableView.swift */; };
		835898CB2B0FA68100503CD1 /* RecommendInfoCollectionViewCell.swift in Sources */ = {isa = PBXBuildFile; fileRef = 835898CA2B0FA68100503CD1 /* RecommendInfoCollectionViewCell.swift */; };
		835898CD2B0FA68700503CD1 /* ReviewInfoCollectionViewCell.swift in Sources */ = {isa = PBXBuildFile; fileRef = 835898CC2B0FA68700503CD1 /* ReviewInfoCollectionViewCell.swift */; };
		835898CF2B0FA68D00503CD1 /* SizeInfoCollectionViewCell.swift in Sources */ = {isa = PBXBuildFile; fileRef = 835898CE2B0FA68D00503CD1 /* SizeInfoCollectionViewCell.swift */; };
		835898E42B0FFEFE00503CD1 /* TabbarItem.swift in Sources */ = {isa = PBXBuildFile; fileRef = 835898E32B0FFEFE00503CD1 /* TabbarItem.swift */; };
		835898E72B0FFF2200503CD1 /* TabbarController.swift in Sources */ = {isa = PBXBuildFile; fileRef = 835898E62B0FFF2200503CD1 /* TabbarController.swift */; };
		835899182B13016B00503CD1 /* MainInfoDetailView.swift in Sources */ = {isa = PBXBuildFile; fileRef = 835899172B13016B00503CD1 /* MainInfoDetailView.swift */; };
		835A452A2B1490360026F6C8 /* SizeInfoHeaderCollectionReusableView.swift in Sources */ = {isa = PBXBuildFile; fileRef = 835A45292B1490360026F6C8 /* SizeInfoHeaderCollectionReusableView.swift */; };
		835A452C2B1493760026F6C8 /* SizeInfoFooterCollectionReusableView.swift in Sources */ = {isa = PBXBuildFile; fileRef = 835A452B2B1493760026F6C8 /* SizeInfoFooterCollectionReusableView.swift */; };
		83AC9A9D2B15188100B10222 /* FirstRecommendCollectionViewCell.swift in Sources */ = {isa = PBXBuildFile; fileRef = 83AC9A9C2B15188100B10222 /* FirstRecommendCollectionViewCell.swift */; };
		A19559A12B0DC360002EED37 /* HatCategoryViewController.swift in Sources */ = {isa = PBXBuildFile; fileRef = A19559A02B0DC360002EED37 /* HatCategoryViewController.swift */; };
		A19559B62B0DFAA0002EED37 /* NavigationController+.swift in Sources */ = {isa = PBXBuildFile; fileRef = A19559B52B0DFAA0002EED37 /* NavigationController+.swift */; };
		A1A29DED2B0F223C00C9F25D /* HeaderCollectionViewCell.swift in Sources */ = {isa = PBXBuildFile; fileRef = A1A29DEC2B0F223C00C9F25D /* HeaderCollectionViewCell.swift */; };
		A1A29DF02B0F37DA00C9F25D /* HeaderCategoryDummy.swift in Sources */ = {isa = PBXBuildFile; fileRef = A1A29DEF2B0F37DA00C9F25D /* HeaderCategoryDummy.swift */; };
/* End PBXBuildFile section */

/* Begin PBXFileReference section */
		0518361D2B11C81100D4FB81 /* HomeRecommendSmallCollectionViewCell.swift */ = {isa = PBXFileReference; lastKnownFileType = sourcecode.swift; path = HomeRecommendSmallCollectionViewCell.swift; sourceTree = "<group>"; };
		0518361F2B11E22E00D4FB81 /* HomeRecommendBigCollectionViewCell.swift */ = {isa = PBXFileReference; lastKnownFileType = sourcecode.swift; path = HomeRecommendBigCollectionViewCell.swift; sourceTree = "<group>"; };
		051836212B11E66100D4FB81 /* UILabel+.swift */ = {isa = PBXFileReference; lastKnownFileType = sourcecode.swift; path = "UILabel+.swift"; sourceTree = "<group>"; };
		056F2F362B0DE5BC00BA6ED8 /* HomeTopView.swift */ = {isa = PBXFileReference; lastKnownFileType = sourcecode.swift; path = HomeTopView.swift; sourceTree = "<group>"; };
		056F2F382B0DF1C600BA6ED8 /* UIStackView+.swift */ = {isa = PBXFileReference; lastKnownFileType = sourcecode.swift; path = "UIStackView+.swift"; sourceTree = "<group>"; };
		056F2F3A2B0DF67D00BA6ED8 /* ChipView.swift */ = {isa = PBXFileReference; lastKnownFileType = sourcecode.swift; path = ChipView.swift; sourceTree = "<group>"; };
		058D7AB32B10C850002D6A0A /* HomeLayoutFactory.swift */ = {isa = PBXFileReference; lastKnownFileType = sourcecode.swift; path = HomeLayoutFactory.swift; sourceTree = "<group>"; };
		058D7AB62B10CBB5002D6A0A /* HomeCardCollectionViewCell.swift */ = {isa = PBXFileReference; lastKnownFileType = sourcecode.swift; path = HomeCardCollectionViewCell.swift; sourceTree = "<group>"; };
		058D7AB82B11044B002D6A0A /* HomeSection.swift */ = {isa = PBXFileReference; lastKnownFileType = sourcecode.swift; path = HomeSection.swift; sourceTree = "<group>"; };
		058DD4432B109A4B001C63A6 /* HomeView.swift */ = {isa = PBXFileReference; lastKnownFileType = sourcecode.swift; path = HomeView.swift; sourceTree = "<group>"; };
		2A0C020D2B0A5E9A005764FA /* ImageLiterals.swift */ = {isa = PBXFileReference; lastKnownFileType = sourcecode.swift; path = ImageLiterals.swift; sourceTree = "<group>"; };
		2A0C020F2B0A5EA5005764FA /* StringLiterals.swift */ = {isa = PBXFileReference; lastKnownFileType = sourcecode.swift; path = StringLiterals.swift; sourceTree = "<group>"; };
		2A0C02112B0A5EAE005764FA /* UIView+.swift */ = {isa = PBXFileReference; lastKnownFileType = sourcecode.swift; path = "UIView+.swift"; sourceTree = "<group>"; };
		2A0C02192B0A5F30005764FA /* a.swift */ = {isa = PBXFileReference; lastKnownFileType = sourcecode.swift; path = a.swift; sourceTree = "<group>"; };
		2A0C021C2B0A5F78005764FA /* b.swift */ = {isa = PBXFileReference; lastKnownFileType = sourcecode.swift; path = b.swift; sourceTree = "<group>"; };
		2A0C021F2B0A5F82005764FA /* x.swift */ = {isa = PBXFileReference; lastKnownFileType = sourcecode.swift; path = x.swift; sourceTree = "<group>"; };
		2A0C02232B0A61D3005764FA /* GmarketSansTTFBold.ttf */ = {isa = PBXFileReference; lastKnownFileType = file; path = GmarketSansTTFBold.ttf; sourceTree = "<group>"; };
		2A0C02242B0A61D3005764FA /* GmarketSansTTFLight.ttf */ = {isa = PBXFileReference; lastKnownFileType = file; path = GmarketSansTTFLight.ttf; sourceTree = "<group>"; };
		2A0C02262B0A61D3005764FA /* GmarketSansTTFMedium.ttf */ = {isa = PBXFileReference; lastKnownFileType = file; path = GmarketSansTTFMedium.ttf; sourceTree = "<group>"; };
		2A0C02312B0A6407005764FA /* UIFont+.swift */ = {isa = PBXFileReference; lastKnownFileType = sourcecode.swift; path = "UIFont+.swift"; sourceTree = "<group>"; };
		2A0C02332B0A6681005764FA /* UIColor+.swift */ = {isa = PBXFileReference; lastKnownFileType = sourcecode.swift; path = "UIColor+.swift"; sourceTree = "<group>"; };
		2A0C02352B0A6B5B005764FA /* UIImage+.swift */ = {isa = PBXFileReference; lastKnownFileType = sourcecode.swift; path = "UIImage+.swift"; sourceTree = "<group>"; };
		2A5296E32B051E8400279401 /* CDS-APP-2-iOS.app */ = {isa = PBXFileReference; explicitFileType = wrapper.application; includeInIndex = 0; path = "CDS-APP-2-iOS.app"; sourceTree = BUILT_PRODUCTS_DIR; };
		2A5296E62B051E8400279401 /* AppDelegate.swift */ = {isa = PBXFileReference; lastKnownFileType = sourcecode.swift; path = AppDelegate.swift; sourceTree = "<group>"; };
		2A5296E82B051E8400279401 /* SceneDelegate.swift */ = {isa = PBXFileReference; lastKnownFileType = sourcecode.swift; path = SceneDelegate.swift; sourceTree = "<group>"; };
		2A5296EA2B051E8400279401 /* HomeViewController.swift */ = {isa = PBXFileReference; lastKnownFileType = sourcecode.swift; path = HomeViewController.swift; sourceTree = "<group>"; };
		2A5296EF2B051E8600279401 /* Assets.xcassets */ = {isa = PBXFileReference; lastKnownFileType = folder.assetcatalog; path = Assets.xcassets; sourceTree = "<group>"; };
		2A5296F22B051E8600279401 /* Base */ = {isa = PBXFileReference; lastKnownFileType = file.storyboard; name = Base; path = Base.lproj/LaunchScreen.storyboard; sourceTree = "<group>"; };
		2A5296F42B051E8600279401 /* Info.plist */ = {isa = PBXFileReference; lastKnownFileType = text.plist.xml; path = Info.plist; sourceTree = "<group>"; };
		2AA327B62B0B544A00732CE9 /* Adjust+.swift */ = {isa = PBXFileReference; lastKnownFileType = sourcecode.swift; path = "Adjust+.swift"; sourceTree = "<group>"; };
		2AA327BB2B0B722100732CE9 /* NSObject+.swift */ = {isa = PBXFileReference; lastKnownFileType = sourcecode.swift; path = "NSObject+.swift"; sourceTree = "<group>"; };
		2AA327D12B0C30E700732CE9 /* CALayer+.swift */ = {isa = PBXFileReference; lastKnownFileType = sourcecode.swift; path = "CALayer+.swift"; sourceTree = "<group>"; };
		2AB794402B0CFD15003DFF48 /* CategoryList.swift */ = {isa = PBXFileReference; fileEncoding = 4; lastKnownFileType = sourcecode.swift; path = CategoryList.swift; sourceTree = "<group>"; };
		2AB794412B0CFD15003DFF48 /* Category.swift */ = {isa = PBXFileReference; fileEncoding = 4; lastKnownFileType = sourcecode.swift; path = Category.swift; sourceTree = "<group>"; };
		2AB794422B0CFD15003DFF48 /* CategoryDetailList.swift */ = {isa = PBXFileReference; fileEncoding = 4; lastKnownFileType = sourcecode.swift; path = CategoryDetailList.swift; sourceTree = "<group>"; };
		2AB794442B0CFD15003DFF48 /* CategoryDetailTableViewCell.swift */ = {isa = PBXFileReference; fileEncoding = 4; lastKnownFileType = sourcecode.swift; path = CategoryDetailTableViewCell.swift; sourceTree = "<group>"; };
		2AB794452B0CFD15003DFF48 /* CategoryTableViewCell.swift */ = {isa = PBXFileReference; fileEncoding = 4; lastKnownFileType = sourcecode.swift; path = CategoryTableViewCell.swift; sourceTree = "<group>"; };
		2AB794462B0CFD15003DFF48 /* CategoryHorizontalCollectionViewCell.swift */ = {isa = PBXFileReference; fileEncoding = 4; lastKnownFileType = sourcecode.swift; path = CategoryHorizontalCollectionViewCell.swift; sourceTree = "<group>"; };
		2AB794482B0CFD15003DFF48 /* CategoryTableView.swift */ = {isa = PBXFileReference; fileEncoding = 4; lastKnownFileType = sourcecode.swift; path = CategoryTableView.swift; sourceTree = "<group>"; };
		2AB794492B0CFD15003DFF48 /* CategoryHeaderView.swift */ = {isa = PBXFileReference; fileEncoding = 4; lastKnownFileType = sourcecode.swift; path = CategoryHeaderView.swift; sourceTree = "<group>"; };
		2AB7944A2B0CFD15003DFF48 /* CategoryDetailTableHeaderView.swift */ = {isa = PBXFileReference; fileEncoding = 4; lastKnownFileType = sourcecode.swift; path = CategoryDetailTableHeaderView.swift; sourceTree = "<group>"; };
		2AB7944C2B0CFD15003DFF48 /* CategoryViewController.swift */ = {isa = PBXFileReference; fileEncoding = 4; lastKnownFileType = sourcecode.swift; path = CategoryViewController.swift; sourceTree = "<group>"; };
		2AB794582B0CFDE8003DFF48 /* HatDetailViewController.swift */ = {isa = PBXFileReference; fileEncoding = 4; lastKnownFileType = sourcecode.swift; path = HatDetailViewController.swift; sourceTree = "<group>"; };
		2AB7945A2B0CFDE8003DFF48 /* MainInfoCollectionViewCell.swift */ = {isa = PBXFileReference; fileEncoding = 4; lastKnownFileType = sourcecode.swift; path = MainInfoCollectionViewCell.swift; sourceTree = "<group>"; };
		2AB7945B2B0CFDE8003DFF48 /* ProductInfoCollectionViewCell.swift */ = {isa = PBXFileReference; fileEncoding = 4; lastKnownFileType = sourcecode.swift; path = ProductInfoCollectionViewCell.swift; sourceTree = "<group>"; };
		2AB794602B0CFDE8003DFF48 /* LayoutFactory.swift */ = {isa = PBXFileReference; fileEncoding = 4; lastKnownFileType = sourcecode.swift; path = LayoutFactory.swift; sourceTree = "<group>"; };
		8358989B2B0DE62100503CD1 /* ProductInfoHeaderCollectionReusableView.swift */ = {isa = PBXFileReference; lastKnownFileType = sourcecode.swift; path = ProductInfoHeaderCollectionReusableView.swift; sourceTree = "<group>"; };
		8358989F2B0E455500503CD1 /* ProductInfoFooterCollectionReusableView.swift */ = {isa = PBXFileReference; lastKnownFileType = sourcecode.swift; path = ProductInfoFooterCollectionReusableView.swift; sourceTree = "<group>"; };
		835898CA2B0FA68100503CD1 /* RecommendInfoCollectionViewCell.swift */ = {isa = PBXFileReference; fileEncoding = 4; lastKnownFileType = sourcecode.swift; path = RecommendInfoCollectionViewCell.swift; sourceTree = "<group>"; };
		835898CC2B0FA68700503CD1 /* ReviewInfoCollectionViewCell.swift */ = {isa = PBXFileReference; fileEncoding = 4; lastKnownFileType = sourcecode.swift; path = ReviewInfoCollectionViewCell.swift; sourceTree = "<group>"; };
		835898CE2B0FA68D00503CD1 /* SizeInfoCollectionViewCell.swift */ = {isa = PBXFileReference; fileEncoding = 4; lastKnownFileType = sourcecode.swift; path = SizeInfoCollectionViewCell.swift; sourceTree = "<group>"; };
		835898E32B0FFEFE00503CD1 /* TabbarItem.swift */ = {isa = PBXFileReference; fileEncoding = 4; lastKnownFileType = sourcecode.swift; path = TabbarItem.swift; sourceTree = "<group>"; };
		835898E62B0FFF2200503CD1 /* TabbarController.swift */ = {isa = PBXFileReference; fileEncoding = 4; lastKnownFileType = sourcecode.swift; path = TabbarController.swift; sourceTree = "<group>"; };
		835899172B13016B00503CD1 /* MainInfoDetailView.swift */ = {isa = PBXFileReference; lastKnownFileType = sourcecode.swift; path = MainInfoDetailView.swift; sourceTree = "<group>"; };
		835A45292B1490360026F6C8 /* SizeInfoHeaderCollectionReusableView.swift */ = {isa = PBXFileReference; lastKnownFileType = sourcecode.swift; path = SizeInfoHeaderCollectionReusableView.swift; sourceTree = "<group>"; };
		835A452B2B1493760026F6C8 /* SizeInfoFooterCollectionReusableView.swift */ = {isa = PBXFileReference; lastKnownFileType = sourcecode.swift; path = SizeInfoFooterCollectionReusableView.swift; sourceTree = "<group>"; };
		83AC9A9C2B15188100B10222 /* FirstRecommendCollectionViewCell.swift */ = {isa = PBXFileReference; lastKnownFileType = sourcecode.swift; path = FirstRecommendCollectionViewCell.swift; sourceTree = "<group>"; };
		A18370082B0D01B700B64568 /* TabbarItem.swift */ = {isa = PBXFileReference; lastKnownFileType = sourcecode.swift; path = TabbarItem.swift; sourceTree = "<group>"; };
		A183700C2B0D032200B64568 /* TabbarController.swift */ = {isa = PBXFileReference; lastKnownFileType = sourcecode.swift; path = TabbarController.swift; sourceTree = "<group>"; };
		A19559A02B0DC360002EED37 /* HatCategoryViewController.swift */ = {isa = PBXFileReference; lastKnownFileType = sourcecode.swift; path = HatCategoryViewController.swift; sourceTree = "<group>"; };
		A19559B52B0DFAA0002EED37 /* NavigationController+.swift */ = {isa = PBXFileReference; lastKnownFileType = sourcecode.swift; path = "NavigationController+.swift"; sourceTree = "<group>"; };
		A1A29DEC2B0F223C00C9F25D /* HeaderCollectionViewCell.swift */ = {isa = PBXFileReference; lastKnownFileType = sourcecode.swift; path = HeaderCollectionViewCell.swift; sourceTree = "<group>"; };
		A1A29DEF2B0F37DA00C9F25D /* HeaderCategoryDummy.swift */ = {isa = PBXFileReference; lastKnownFileType = sourcecode.swift; path = HeaderCategoryDummy.swift; sourceTree = "<group>"; };
/* End PBXFileReference section */

/* Begin PBXFrameworksBuildPhase section */
		2A5296E02B051E8400279401 /* Frameworks */ = {
			isa = PBXFrameworksBuildPhase;
			buildActionMask = 2147483647;
			files = (
				2AA327B02B0B234800732CE9 /* Kingfisher in Frameworks */,
				2AA327AA2B0B231B00732CE9 /* SnapKit in Frameworks */,
				2AA327AD2B0B233100732CE9 /* Then in Frameworks */,
			);
			runOnlyForDeploymentPostprocessing = 0;
		};
/* End PBXFrameworksBuildPhase section */

/* Begin PBXGroup section */
		056F2F342B0DE59B00BA6ED8 /* View */ = {
			isa = PBXGroup;
			children = (
				058D7AB52B10CB73002D6A0A /* Cell */,
				056F2F362B0DE5BC00BA6ED8 /* HomeTopView.swift */,
				056F2F3A2B0DF67D00BA6ED8 /* ChipView.swift */,
				058DD4432B109A4B001C63A6 /* HomeView.swift */,
			);
			path = View;
			sourceTree = "<group>";
		};
		056F2F352B0DE5A200BA6ED8 /* ViewController */ = {
			isa = PBXGroup;
			children = (
				2A5296EA2B051E8400279401 /* HomeViewController.swift */,
			);
			path = ViewController;
			sourceTree = "<group>";
		};
		058D7AB22B10C82D002D6A0A /* Enum */ = {
			isa = PBXGroup;
			children = (
				058D7AB32B10C850002D6A0A /* HomeLayoutFactory.swift */,
				058D7AB82B11044B002D6A0A /* HomeSection.swift */,
			);
			path = Enum;
			sourceTree = "<group>";
		};
		058D7AB52B10CB73002D6A0A /* Cell */ = {
			isa = PBXGroup;
			children = (
				058D7AB62B10CBB5002D6A0A /* HomeCardCollectionViewCell.swift */,
				0518361D2B11C81100D4FB81 /* HomeRecommendSmallCollectionViewCell.swift */,
				0518361F2B11E22E00D4FB81 /* HomeRecommendBigCollectionViewCell.swift */,
			);
			path = Cell;
			sourceTree = "<group>";
		};
		2A0C02052B0A5DF0005764FA /* Application */ = {
			isa = PBXGroup;
			children = (
				2A5296E62B051E8400279401 /* AppDelegate.swift */,
				2A5296E82B051E8400279401 /* SceneDelegate.swift */,
			);
			path = Application;
			sourceTree = "<group>";
		};
		2A0C02062B0A5E25005764FA /* Global */ = {
			isa = PBXGroup;
			children = (
				2A0C02132B0A5EC6005764FA /* Resources */,
				2A0C020B2B0A5E85005764FA /* Literals */,
				2A0C020A2B0A5E77005764FA /* Extension */,
				2A0C02152B0A5EF1005764FA /* SupportingFiles */,
			);
			path = Global;
			sourceTree = "<group>";
		};
		2A0C02072B0A5E3F005764FA /* Network */ = {
			isa = PBXGroup;
			children = (
				2A0C02172B0A5F1F005764FA /* Home */,
			);
			path = Network;
			sourceTree = "<group>";
		};
		2A0C02082B0A5E4C005764FA /* Presentation */ = {
			isa = PBXGroup;
			children = (
				2AB7943E2B0CFD15003DFF48 /* Category */,
				A195599E2B0DC1F3002EED37 /* HatCategory */,
				2AB794572B0CFDE8003DFF48 /* HatDetail */,
				2A0C02092B0A5E5E005764FA /* Home */,
				835898E52B0FFF2200503CD1 /* Tabbar */,
			);
			path = Presentation;
			sourceTree = "<group>";
		};
		2A0C02092B0A5E5E005764FA /* Home */ = {
			isa = PBXGroup;
			children = (
				058D7AB22B10C82D002D6A0A /* Enum */,
				056F2F352B0DE5A200BA6ED8 /* ViewController */,
				056F2F342B0DE59B00BA6ED8 /* View */,
			);
			path = Home;
			sourceTree = "<group>";
		};
		2A0C020A2B0A5E77005764FA /* Extension */ = {
			isa = PBXGroup;
			children = (
				2A0C02112B0A5EAE005764FA /* UIView+.swift */,
				2A0C02312B0A6407005764FA /* UIFont+.swift */,
				2A0C02332B0A6681005764FA /* UIColor+.swift */,
				2A0C02352B0A6B5B005764FA /* UIImage+.swift */,
				2AA327B62B0B544A00732CE9 /* Adjust+.swift */,
				2AA327BB2B0B722100732CE9 /* NSObject+.swift */,
				2AA327D12B0C30E700732CE9 /* CALayer+.swift */,
				A19559B52B0DFAA0002EED37 /* NavigationController+.swift */,
				056F2F382B0DF1C600BA6ED8 /* UIStackView+.swift */,
				051836212B11E66100D4FB81 /* UILabel+.swift */,
			);
			path = Extension;
			sourceTree = "<group>";
		};
		2A0C020B2B0A5E85005764FA /* Literals */ = {
			isa = PBXGroup;
			children = (
				2A0C020D2B0A5E9A005764FA /* ImageLiterals.swift */,
				2A0C020F2B0A5EA5005764FA /* StringLiterals.swift */,
			);
			path = Literals;
			sourceTree = "<group>";
		};
		2A0C02132B0A5EC6005764FA /* Resources */ = {
			isa = PBXGroup;
			children = (
				2A0C02142B0A5ED5005764FA /* Font */,
				2A5296EF2B051E8600279401 /* Assets.xcassets */,
			);
			path = Resources;
			sourceTree = "<group>";
		};
		2A0C02142B0A5ED5005764FA /* Font */ = {
			isa = PBXGroup;
			children = (
				2A0C02232B0A61D3005764FA /* GmarketSansTTFBold.ttf */,
				2A0C02242B0A61D3005764FA /* GmarketSansTTFLight.ttf */,
				2A0C02262B0A61D3005764FA /* GmarketSansTTFMedium.ttf */,
			);
			path = Font;
			sourceTree = "<group>";
		};
		2A0C02152B0A5EF1005764FA /* SupportingFiles */ = {
			isa = PBXGroup;
			children = (
				2A0C02162B0A5F01005764FA /* Base */,
			);
			path = SupportingFiles;
			sourceTree = "<group>";
		};
		2A0C02162B0A5F01005764FA /* Base */ = {
			isa = PBXGroup;
			children = (
				2A5296F12B051E8600279401 /* LaunchScreen.storyboard */,
			);
			path = Base;
			sourceTree = "<group>";
		};
		2A0C02172B0A5F1F005764FA /* Home */ = {
			isa = PBXGroup;
			children = (
				2A0C02182B0A5F27005764FA /* DTO */,
				2A0C021E2B0A5F7B005764FA /* Sevice */,
				2A0C021B2B0A5F66005764FA /* Foundation */,
			);
			path = Home;
			sourceTree = "<group>";
		};
		2A0C02182B0A5F27005764FA /* DTO */ = {
			isa = PBXGroup;
			children = (
				2A0C02192B0A5F30005764FA /* a.swift */,
			);
			path = DTO;
			sourceTree = "<group>";
		};
		2A0C021B2B0A5F66005764FA /* Foundation */ = {
			isa = PBXGroup;
			children = (
				2A0C021C2B0A5F78005764FA /* b.swift */,
			);
			path = Foundation;
			sourceTree = "<group>";
		};
		2A0C021E2B0A5F7B005764FA /* Sevice */ = {
			isa = PBXGroup;
			children = (
				2A0C021F2B0A5F82005764FA /* x.swift */,
			);
			path = Sevice;
			sourceTree = "<group>";
		};
		2A5296DA2B051E8400279401 = {
			isa = PBXGroup;
			children = (
				2A5296E52B051E8400279401 /* CDS-APP-2-iOS */,
				2A5296E42B051E8400279401 /* Products */,
				835898C22B0FA61100503CD1 /* Recovered References */,
			);
			sourceTree = "<group>";
		};
		2A5296E42B051E8400279401 /* Products */ = {
			isa = PBXGroup;
			children = (
				2A5296E32B051E8400279401 /* CDS-APP-2-iOS.app */,
			);
			name = Products;
			sourceTree = "<group>";
		};
		2A5296E52B051E8400279401 /* CDS-APP-2-iOS */ = {
			isa = PBXGroup;
			children = (
				2A0C02052B0A5DF0005764FA /* Application */,
				2A0C02062B0A5E25005764FA /* Global */,
				2A0C02082B0A5E4C005764FA /* Presentation */,
				2A0C02072B0A5E3F005764FA /* Network */,
				2A5296F42B051E8600279401 /* Info.plist */,
			);
			path = "CDS-APP-2-iOS";
			sourceTree = "<group>";
		};
		2AB7943E2B0CFD15003DFF48 /* Category */ = {
			isa = PBXGroup;
			children = (
				2AB7943F2B0CFD15003DFF48 /* Dummy */,
				2AB794432B0CFD15003DFF48 /* Cell */,
				2AB794472B0CFD15003DFF48 /* View */,
				2AB7944B2B0CFD15003DFF48 /* ViewController */,
			);
			name = Category;
			path = "CDS-APP-2-iOS/Presentation/Category";
			sourceTree = SOURCE_ROOT;
		};
		2AB7943F2B0CFD15003DFF48 /* Dummy */ = {
			isa = PBXGroup;
			children = (
				2AB794412B0CFD15003DFF48 /* Category.swift */,
				2AB794402B0CFD15003DFF48 /* CategoryList.swift */,
				2AB794422B0CFD15003DFF48 /* CategoryDetailList.swift */,
			);
			path = Dummy;
			sourceTree = "<group>";
		};
		2AB794432B0CFD15003DFF48 /* Cell */ = {
			isa = PBXGroup;
			children = (
				2AB794462B0CFD15003DFF48 /* CategoryHorizontalCollectionViewCell.swift */,
				2AB794452B0CFD15003DFF48 /* CategoryTableViewCell.swift */,
				2AB794442B0CFD15003DFF48 /* CategoryDetailTableViewCell.swift */,
			);
			path = Cell;
			sourceTree = "<group>";
		};
		2AB794472B0CFD15003DFF48 /* View */ = {
			isa = PBXGroup;
			children = (
				2AB794492B0CFD15003DFF48 /* CategoryHeaderView.swift */,
				2AB794482B0CFD15003DFF48 /* CategoryTableView.swift */,
				2AB7944A2B0CFD15003DFF48 /* CategoryDetailTableHeaderView.swift */,
			);
			path = View;
			sourceTree = "<group>";
		};
		2AB7944B2B0CFD15003DFF48 /* ViewController */ = {
			isa = PBXGroup;
			children = (
				2AB7944C2B0CFD15003DFF48 /* CategoryViewController.swift */,
			);
			path = ViewController;
			sourceTree = "<group>";
		};
		2AB794572B0CFDE8003DFF48 /* HatDetail */ = {
			isa = PBXGroup;
			children = (
				2AB794582B0CFDE8003DFF48 /* HatDetailViewController.swift */,
				2AB794602B0CFDE8003DFF48 /* LayoutFactory.swift */,
				2AB794592B0CFDE8003DFF48 /* cell */,
			);
			path = HatDetail;
			sourceTree = "<group>";
		};
		2AB794592B0CFDE8003DFF48 /* cell */ = {
			isa = PBXGroup;
			children = (
				835898972B0DE59E00503CD1 /* MainInfo */,
				8358989A2B0DE60500503CD1 /* ProductInfo */,
				835898D02B0FA69200503CD1 /* SizeInfo */,
				835898D12B0FA6A200503CD1 /* ReviewInfo */,
				835898D22B0FA6B000503CD1 /* RecommendInfo */,
			);
			path = cell;
			sourceTree = "<group>";
		};
		835898972B0DE59E00503CD1 /* MainInfo */ = {
			isa = PBXGroup;
			children = (
				2AB7945A2B0CFDE8003DFF48 /* MainInfoCollectionViewCell.swift */,
				835899172B13016B00503CD1 /* MainInfoDetailView.swift */,
			);
			path = MainInfo;
			sourceTree = "<group>";
		};
		8358989A2B0DE60500503CD1 /* ProductInfo */ = {
			isa = PBXGroup;
			children = (
				2AB7945B2B0CFDE8003DFF48 /* ProductInfoCollectionViewCell.swift */,
				8358989B2B0DE62100503CD1 /* ProductInfoHeaderCollectionReusableView.swift */,
				8358989F2B0E455500503CD1 /* ProductInfoFooterCollectionReusableView.swift */,
			);
			path = ProductInfo;
			sourceTree = "<group>";
		};
		835898C22B0FA61100503CD1 /* Recovered References */ = {
			isa = PBXGroup;
			children = (
				A18370082B0D01B700B64568 /* TabbarItem.swift */,
				A183700C2B0D032200B64568 /* TabbarController.swift */,
			);
			name = "Recovered References";
			sourceTree = "<group>";
		};
		835898D02B0FA69200503CD1 /* SizeInfo */ = {
			isa = PBXGroup;
			children = (
				835898CE2B0FA68D00503CD1 /* SizeInfoCollectionViewCell.swift */,
				835A45292B1490360026F6C8 /* SizeInfoHeaderCollectionReusableView.swift */,
				835A452B2B1493760026F6C8 /* SizeInfoFooterCollectionReusableView.swift */,
			);
			path = SizeInfo;
			sourceTree = "<group>";
		};
		835898D12B0FA6A200503CD1 /* ReviewInfo */ = {
			isa = PBXGroup;
			children = (
				835898CC2B0FA68700503CD1 /* ReviewInfoCollectionViewCell.swift */,
			);
			path = ReviewInfo;
			sourceTree = "<group>";
		};
		835898D22B0FA6B000503CD1 /* RecommendInfo */ = {
			isa = PBXGroup;
			children = (
				835898CA2B0FA68100503CD1 /* RecommendInfoCollectionViewCell.swift */,
				83AC9A9C2B15188100B10222 /* FirstRecommendCollectionViewCell.swift */,
			);
			path = RecommendInfo;
			sourceTree = "<group>";
		};
		835898E52B0FFF2200503CD1 /* Tabbar */ = {
			isa = PBXGroup;
			children = (
				835898E32B0FFEFE00503CD1 /* TabbarItem.swift */,
				835898E62B0FFF2200503CD1 /* TabbarController.swift */,
			);
			path = Tabbar;
			sourceTree = "<group>";
		};
		A195599E2B0DC1F3002EED37 /* HatCategory */ = {
			isa = PBXGroup;
			children = (
				A1A29DEE2B0F37C900C9F25D /* Dummy */,
				A1A29DEB2B0F221900C9F25D /* Cell */,
				A195599F2B0DC34E002EED37 /* ViewController */,
			);
			path = HatCategory;
			sourceTree = "<group>";
		};
		A195599F2B0DC34E002EED37 /* ViewController */ = {
			isa = PBXGroup;
			children = (
				A19559A02B0DC360002EED37 /* HatCategoryViewController.swift */,
			);
			path = ViewController;
			sourceTree = "<group>";
		};
		A1A29DEB2B0F221900C9F25D /* Cell */ = {
			isa = PBXGroup;
			children = (
				A1A29DEC2B0F223C00C9F25D /* HeaderCollectionViewCell.swift */,
			);
			path = Cell;
			sourceTree = "<group>";
		};
		A1A29DEE2B0F37C900C9F25D /* Dummy */ = {
			isa = PBXGroup;
			children = (
				A1A29DEF2B0F37DA00C9F25D /* HeaderCategoryDummy.swift */,
			);
			path = Dummy;
			sourceTree = "<group>";
		};
/* End PBXGroup section */

/* Begin PBXNativeTarget section */
		2A5296E22B051E8400279401 /* CDS-APP-2-iOS */ = {
			isa = PBXNativeTarget;
			buildConfigurationList = 2A5296F72B051E8600279401 /* Build configuration list for PBXNativeTarget "CDS-APP-2-iOS" */;
			buildPhases = (
				2A5296DF2B051E8400279401 /* Sources */,
				2A5296E02B051E8400279401 /* Frameworks */,
				2A5296E12B051E8400279401 /* Resources */,
			);
			buildRules = (
			);
			dependencies = (
			);
			name = "CDS-APP-2-iOS";
			packageProductDependencies = (
				2AA327A92B0B231B00732CE9 /* SnapKit */,
				2AA327AC2B0B233100732CE9 /* Then */,
				2AA327AF2B0B234800732CE9 /* Kingfisher */,
			);
			productName = "CDS-APP-2-iOS";
			productReference = 2A5296E32B051E8400279401 /* CDS-APP-2-iOS.app */;
			productType = "com.apple.product-type.application";
		};
/* End PBXNativeTarget section */

/* Begin PBXProject section */
		2A5296DB2B051E8400279401 /* Project object */ = {
			isa = PBXProject;
			attributes = {
				BuildIndependentTargetsInParallel = 1;
				LastSwiftUpdateCheck = 1420;
				LastUpgradeCheck = 1420;
				TargetAttributes = {
					2A5296E22B051E8400279401 = {
						CreatedOnToolsVersion = 14.2;
					};
				};
			};
			buildConfigurationList = 2A5296DE2B051E8400279401 /* Build configuration list for PBXProject "CDS-APP-2-iOS" */;
			compatibilityVersion = "Xcode 14.0";
			developmentRegion = en;
			hasScannedForEncodings = 0;
			knownRegions = (
				en,
				Base,
			);
			mainGroup = 2A5296DA2B051E8400279401;
			packageReferences = (
				2AA327A82B0B231B00732CE9 /* XCRemoteSwiftPackageReference "SnapKit" */,
				2AA327AB2B0B233100732CE9 /* XCRemoteSwiftPackageReference "Then" */,
				2AA327AE2B0B234800732CE9 /* XCRemoteSwiftPackageReference "Kingfisher" */,
			);
			productRefGroup = 2A5296E42B051E8400279401 /* Products */;
			projectDirPath = "";
			projectRoot = "";
			targets = (
				2A5296E22B051E8400279401 /* CDS-APP-2-iOS */,
			);
		};
/* End PBXProject section */

/* Begin PBXResourcesBuildPhase section */
		2A5296E12B051E8400279401 /* Resources */ = {
			isa = PBXResourcesBuildPhase;
			buildActionMask = 2147483647;
			files = (
				2A5296F32B051E8600279401 /* LaunchScreen.storyboard in Resources */,
				2A0C022B2B0A61D3005764FA /* GmarketSansTTFLight.ttf in Resources */,
				2A5296F02B051E8600279401 /* Assets.xcassets in Resources */,
				2A0C022A2B0A61D3005764FA /* GmarketSansTTFBold.ttf in Resources */,
				2A0C022D2B0A61D3005764FA /* GmarketSansTTFMedium.ttf in Resources */,
			);
			runOnlyForDeploymentPostprocessing = 0;
		};
/* End PBXResourcesBuildPhase section */

/* Begin PBXSourcesBuildPhase section */
		2A5296DF2B051E8400279401 /* Sources */ = {
			isa = PBXSourcesBuildPhase;
			buildActionMask = 2147483647;
			files = (
				2A5296EB2B051E8400279401 /* HomeViewController.swift in Sources */,
				835898CD2B0FA68700503CD1 /* ReviewInfoCollectionViewCell.swift in Sources */,
				835899182B13016B00503CD1 /* MainInfoDetailView.swift in Sources */,
				2A5296EB2B051E8400279401 /* HomeViewController.swift in Sources */,
				056F2F372B0DE5BC00BA6ED8 /* HomeTopView.swift in Sources */,
				2AB794632B0CFDE8003DFF48 /* ProductInfoCollectionViewCell.swift in Sources */,
				058DD4442B109A4B001C63A6 /* HomeView.swift in Sources */,
				2AA327B72B0B544A00732CE9 /* Adjust+.swift in Sources */,
				2A0C02322B0A6407005764FA /* UIFont+.swift in Sources */,
				835A452C2B1493760026F6C8 /* SizeInfoFooterCollectionReusableView.swift in Sources */,
				056F2F392B0DF1C700BA6ED8 /* UIStackView+.swift in Sources */,
				2A0C02102B0A5EA5005764FA /* StringLiterals.swift in Sources */,
				8358989C2B0DE62100503CD1 /* ProductInfoHeaderCollectionReusableView.swift in Sources */,
				051836202B11E22E00D4FB81 /* HomeRecommendBigCollectionViewCell.swift in Sources */,
				A19559A12B0DC360002EED37 /* HatCategoryViewController.swift in Sources */,
				2AB794542B0CFD15003DFF48 /* CategoryHeaderView.swift in Sources */,
				2A0C02122B0A5EAE005764FA /* UIView+.swift in Sources */,
				83AC9A9D2B15188100B10222 /* FirstRecommendCollectionViewCell.swift in Sources */,
				835898E42B0FFEFE00503CD1 /* TabbarItem.swift in Sources */,
				835898CF2B0FA68D00503CD1 /* SizeInfoCollectionViewCell.swift in Sources */,
				2AB794502B0CFD15003DFF48 /* CategoryDetailTableViewCell.swift in Sources */,
				058D7AB42B10C850002D6A0A /* HomeLayoutFactory.swift in Sources */,
				2A0C02342B0A6681005764FA /* UIColor+.swift in Sources */,
				2A0C02202B0A5F82005764FA /* x.swift in Sources */,
				2AB794622B0CFDE8003DFF48 /* MainInfoCollectionViewCell.swift in Sources */,
				A1A29DED2B0F223C00C9F25D /* HeaderCollectionViewCell.swift in Sources */,
				2AB794512B0CFD15003DFF48 /* CategoryTableViewCell.swift in Sources */,
				058D7AB72B10CBB5002D6A0A /* HomeCardCollectionViewCell.swift in Sources */,
				056F2F3B2B0DF67D00BA6ED8 /* ChipView.swift in Sources */,
				2AA327D22B0C30E700732CE9 /* CALayer+.swift in Sources */,
				2AB794682B0CFDE8003DFF48 /* LayoutFactory.swift in Sources */,
				2AB794532B0CFD15003DFF48 /* CategoryTableView.swift in Sources */,
				2A0C021D2B0A5F78005764FA /* b.swift in Sources */,
				A19559B62B0DFAA0002EED37 /* NavigationController+.swift in Sources */,
				2A0C020E2B0A5E9A005764FA /* ImageLiterals.swift in Sources */,
				835898A02B0E455500503CD1 /* ProductInfoFooterCollectionReusableView.swift in Sources */,
				2AB794552B0CFD15003DFF48 /* CategoryDetailTableHeaderView.swift in Sources */,
				2AA327BC2B0B722100732CE9 /* NSObject+.swift in Sources */,
				835A452A2B1490360026F6C8 /* SizeInfoHeaderCollectionReusableView.swift in Sources */,
				2AB7944E2B0CFD15003DFF48 /* Category.swift in Sources */,
				0518361E2B11C81100D4FB81 /* HomeRecommendSmallCollectionViewCell.swift in Sources */,
				2A0C021A2B0A5F30005764FA /* a.swift in Sources */,
				2A0C02362B0A6B5B005764FA /* UIImage+.swift in Sources */,
				A1A29DF02B0F37DA00C9F25D /* HeaderCategoryDummy.swift in Sources */,
				2AB794612B0CFDE8003DFF48 /* HatDetailViewController.swift in Sources */,
				051836222B11E66100D4FB81 /* UILabel+.swift in Sources */,
				2A5296E72B051E8400279401 /* AppDelegate.swift in Sources */,
				058D7AB92B11044B002D6A0A /* HomeSection.swift in Sources */,
				2A5296E92B051E8400279401 /* SceneDelegate.swift in Sources */,
				2AB794522B0CFD15003DFF48 /* CategoryHorizontalCollectionViewCell.swift in Sources */,
				2AB7944F2B0CFD15003DFF48 /* CategoryDetailList.swift in Sources */,
				2AB794562B0CFD15003DFF48 /* CategoryViewController.swift in Sources */,
				2AB7944D2B0CFD15003DFF48 /* CategoryList.swift in Sources */,
				835898E72B0FFF2200503CD1 /* TabbarController.swift in Sources */,
				835898CB2B0FA68100503CD1 /* RecommendInfoCollectionViewCell.swift in Sources */,
			);
			runOnlyForDeploymentPostprocessing = 0;
		};
/* End PBXSourcesBuildPhase section */

/* Begin PBXVariantGroup section */
		2A5296F12B051E8600279401 /* LaunchScreen.storyboard */ = {
			isa = PBXVariantGroup;
			children = (
				2A5296F22B051E8600279401 /* Base */,
			);
			name = LaunchScreen.storyboard;
			sourceTree = "<group>";
		};
/* End PBXVariantGroup section */

/* Begin XCBuildConfiguration section */
		2A5296F52B051E8600279401 /* Debug */ = {
			isa = XCBuildConfiguration;
			buildSettings = {
				ALWAYS_SEARCH_USER_PATHS = NO;
				CLANG_ANALYZER_NONNULL = YES;
				CLANG_ANALYZER_NUMBER_OBJECT_CONVERSION = YES_AGGRESSIVE;
				CLANG_CXX_LANGUAGE_STANDARD = "gnu++20";
				CLANG_ENABLE_MODULES = YES;
				CLANG_ENABLE_OBJC_ARC = YES;
				CLANG_ENABLE_OBJC_WEAK = YES;
				CLANG_WARN_BLOCK_CAPTURE_AUTORELEASING = YES;
				CLANG_WARN_BOOL_CONVERSION = YES;
				CLANG_WARN_COMMA = YES;
				CLANG_WARN_CONSTANT_CONVERSION = YES;
				CLANG_WARN_DEPRECATED_OBJC_IMPLEMENTATIONS = YES;
				CLANG_WARN_DIRECT_OBJC_ISA_USAGE = YES_ERROR;
				CLANG_WARN_DOCUMENTATION_COMMENTS = YES;
				CLANG_WARN_EMPTY_BODY = YES;
				CLANG_WARN_ENUM_CONVERSION = YES;
				CLANG_WARN_INFINITE_RECURSION = YES;
				CLANG_WARN_INT_CONVERSION = YES;
				CLANG_WARN_NON_LITERAL_NULL_CONVERSION = YES;
				CLANG_WARN_OBJC_IMPLICIT_RETAIN_SELF = YES;
				CLANG_WARN_OBJC_LITERAL_CONVERSION = YES;
				CLANG_WARN_OBJC_ROOT_CLASS = YES_ERROR;
				CLANG_WARN_QUOTED_INCLUDE_IN_FRAMEWORK_HEADER = YES;
				CLANG_WARN_RANGE_LOOP_ANALYSIS = YES;
				CLANG_WARN_STRICT_PROTOTYPES = YES;
				CLANG_WARN_SUSPICIOUS_MOVE = YES;
				CLANG_WARN_UNGUARDED_AVAILABILITY = YES_AGGRESSIVE;
				CLANG_WARN_UNREACHABLE_CODE = YES;
				CLANG_WARN__DUPLICATE_METHOD_MATCH = YES;
				COPY_PHASE_STRIP = NO;
				DEBUG_INFORMATION_FORMAT = dwarf;
				ENABLE_STRICT_OBJC_MSGSEND = YES;
				ENABLE_TESTABILITY = YES;
				GCC_C_LANGUAGE_STANDARD = gnu11;
				GCC_DYNAMIC_NO_PIC = NO;
				GCC_NO_COMMON_BLOCKS = YES;
				GCC_OPTIMIZATION_LEVEL = 0;
				GCC_PREPROCESSOR_DEFINITIONS = (
					"DEBUG=1",
					"$(inherited)",
				);
				GCC_WARN_64_TO_32_BIT_CONVERSION = YES;
				GCC_WARN_ABOUT_RETURN_TYPE = YES_ERROR;
				GCC_WARN_UNDECLARED_SELECTOR = YES;
				GCC_WARN_UNINITIALIZED_AUTOS = YES_AGGRESSIVE;
				GCC_WARN_UNUSED_FUNCTION = YES;
				GCC_WARN_UNUSED_VARIABLE = YES;
				IPHONEOS_DEPLOYMENT_TARGET = 16.2;
				MTL_ENABLE_DEBUG_INFO = INCLUDE_SOURCE;
				MTL_FAST_MATH = YES;
				ONLY_ACTIVE_ARCH = YES;
				SDKROOT = iphoneos;
				SWIFT_ACTIVE_COMPILATION_CONDITIONS = DEBUG;
				SWIFT_OPTIMIZATION_LEVEL = "-Onone";
			};
			name = Debug;
		};
		2A5296F62B051E8600279401 /* Release */ = {
			isa = XCBuildConfiguration;
			buildSettings = {
				ALWAYS_SEARCH_USER_PATHS = NO;
				CLANG_ANALYZER_NONNULL = YES;
				CLANG_ANALYZER_NUMBER_OBJECT_CONVERSION = YES_AGGRESSIVE;
				CLANG_CXX_LANGUAGE_STANDARD = "gnu++20";
				CLANG_ENABLE_MODULES = YES;
				CLANG_ENABLE_OBJC_ARC = YES;
				CLANG_ENABLE_OBJC_WEAK = YES;
				CLANG_WARN_BLOCK_CAPTURE_AUTORELEASING = YES;
				CLANG_WARN_BOOL_CONVERSION = YES;
				CLANG_WARN_COMMA = YES;
				CLANG_WARN_CONSTANT_CONVERSION = YES;
				CLANG_WARN_DEPRECATED_OBJC_IMPLEMENTATIONS = YES;
				CLANG_WARN_DIRECT_OBJC_ISA_USAGE = YES_ERROR;
				CLANG_WARN_DOCUMENTATION_COMMENTS = YES;
				CLANG_WARN_EMPTY_BODY = YES;
				CLANG_WARN_ENUM_CONVERSION = YES;
				CLANG_WARN_INFINITE_RECURSION = YES;
				CLANG_WARN_INT_CONVERSION = YES;
				CLANG_WARN_NON_LITERAL_NULL_CONVERSION = YES;
				CLANG_WARN_OBJC_IMPLICIT_RETAIN_SELF = YES;
				CLANG_WARN_OBJC_LITERAL_CONVERSION = YES;
				CLANG_WARN_OBJC_ROOT_CLASS = YES_ERROR;
				CLANG_WARN_QUOTED_INCLUDE_IN_FRAMEWORK_HEADER = YES;
				CLANG_WARN_RANGE_LOOP_ANALYSIS = YES;
				CLANG_WARN_STRICT_PROTOTYPES = YES;
				CLANG_WARN_SUSPICIOUS_MOVE = YES;
				CLANG_WARN_UNGUARDED_AVAILABILITY = YES_AGGRESSIVE;
				CLANG_WARN_UNREACHABLE_CODE = YES;
				CLANG_WARN__DUPLICATE_METHOD_MATCH = YES;
				COPY_PHASE_STRIP = NO;
				DEBUG_INFORMATION_FORMAT = "dwarf-with-dsym";
				ENABLE_NS_ASSERTIONS = NO;
				ENABLE_STRICT_OBJC_MSGSEND = YES;
				GCC_C_LANGUAGE_STANDARD = gnu11;
				GCC_NO_COMMON_BLOCKS = YES;
				GCC_WARN_64_TO_32_BIT_CONVERSION = YES;
				GCC_WARN_ABOUT_RETURN_TYPE = YES_ERROR;
				GCC_WARN_UNDECLARED_SELECTOR = YES;
				GCC_WARN_UNINITIALIZED_AUTOS = YES_AGGRESSIVE;
				GCC_WARN_UNUSED_FUNCTION = YES;
				GCC_WARN_UNUSED_VARIABLE = YES;
				IPHONEOS_DEPLOYMENT_TARGET = 16.2;
				MTL_ENABLE_DEBUG_INFO = NO;
				MTL_FAST_MATH = YES;
				SDKROOT = iphoneos;
				SWIFT_COMPILATION_MODE = wholemodule;
				SWIFT_OPTIMIZATION_LEVEL = "-O";
				VALIDATE_PRODUCT = YES;
			};
			name = Release;
		};
		2A5296F82B051E8600279401 /* Debug */ = {
			isa = XCBuildConfiguration;
			buildSettings = {
				ASSETCATALOG_COMPILER_APPICON_NAME = AppIcon;
				ASSETCATALOG_COMPILER_GLOBAL_ACCENT_COLOR_NAME = AccentColor;
				CODE_SIGN_STYLE = Automatic;
				CURRENT_PROJECT_VERSION = 1;
				DEVELOPMENT_TEAM = 349HWJV2J8;
				GENERATE_INFOPLIST_FILE = YES;
				INFOPLIST_FILE = "CDS-APP-2-iOS/Info.plist";
				INFOPLIST_KEY_UIApplicationSupportsIndirectInputEvents = YES;
				INFOPLIST_KEY_UILaunchStoryboardName = LaunchScreen;
				INFOPLIST_KEY_UISupportedInterfaceOrientations_iPad = "UIInterfaceOrientationPortrait UIInterfaceOrientationPortraitUpsideDown UIInterfaceOrientationLandscapeLeft UIInterfaceOrientationLandscapeRight";
				INFOPLIST_KEY_UISupportedInterfaceOrientations_iPhone = "UIInterfaceOrientationPortrait UIInterfaceOrientationLandscapeLeft UIInterfaceOrientationLandscapeRight";
				LD_RUNPATH_SEARCH_PATHS = (
					"$(inherited)",
					"@executable_path/Frameworks",
				);
				MARKETING_VERSION = 1.0;
				PRODUCT_BUNDLE_IDENTIFIER = "com.naver-heejoo-byun.CDS-APP-2-iOS";
				PRODUCT_NAME = "$(TARGET_NAME)";
				SWIFT_EMIT_LOC_STRINGS = YES;
				SWIFT_VERSION = 5.0;
				TARGETED_DEVICE_FAMILY = "1,2";
			};
			name = Debug;
		};
		2A5296F92B051E8600279401 /* Release */ = {
			isa = XCBuildConfiguration;
			buildSettings = {
				ASSETCATALOG_COMPILER_APPICON_NAME = AppIcon;
				ASSETCATALOG_COMPILER_GLOBAL_ACCENT_COLOR_NAME = AccentColor;
				CODE_SIGN_STYLE = Automatic;
				CURRENT_PROJECT_VERSION = 1;
				DEVELOPMENT_TEAM = 349HWJV2J8;
				GENERATE_INFOPLIST_FILE = YES;
				INFOPLIST_FILE = "CDS-APP-2-iOS/Info.plist";
				INFOPLIST_KEY_UIApplicationSupportsIndirectInputEvents = YES;
				INFOPLIST_KEY_UILaunchStoryboardName = LaunchScreen;
				INFOPLIST_KEY_UISupportedInterfaceOrientations_iPad = "UIInterfaceOrientationPortrait UIInterfaceOrientationPortraitUpsideDown UIInterfaceOrientationLandscapeLeft UIInterfaceOrientationLandscapeRight";
				INFOPLIST_KEY_UISupportedInterfaceOrientations_iPhone = "UIInterfaceOrientationPortrait UIInterfaceOrientationLandscapeLeft UIInterfaceOrientationLandscapeRight";
				LD_RUNPATH_SEARCH_PATHS = (
					"$(inherited)",
					"@executable_path/Frameworks",
				);
				MARKETING_VERSION = 1.0;
				PRODUCT_BUNDLE_IDENTIFIER = "com.naver-heejoo-byun.CDS-APP-2-iOS";
				PRODUCT_NAME = "$(TARGET_NAME)";
				SWIFT_EMIT_LOC_STRINGS = YES;
				SWIFT_VERSION = 5.0;
				TARGETED_DEVICE_FAMILY = "1,2";
			};
			name = Release;
		};
/* End XCBuildConfiguration section */

/* Begin XCConfigurationList section */
		2A5296DE2B051E8400279401 /* Build configuration list for PBXProject "CDS-APP-2-iOS" */ = {
			isa = XCConfigurationList;
			buildConfigurations = (
				2A5296F52B051E8600279401 /* Debug */,
				2A5296F62B051E8600279401 /* Release */,
			);
			defaultConfigurationIsVisible = 0;
			defaultConfigurationName = Release;
		};
		2A5296F72B051E8600279401 /* Build configuration list for PBXNativeTarget "CDS-APP-2-iOS" */ = {
			isa = XCConfigurationList;
			buildConfigurations = (
				2A5296F82B051E8600279401 /* Debug */,
				2A5296F92B051E8600279401 /* Release */,
			);
			defaultConfigurationIsVisible = 0;
			defaultConfigurationName = Release;
		};
/* End XCConfigurationList section */

/* Begin XCRemoteSwiftPackageReference section */
		2AA327A82B0B231B00732CE9 /* XCRemoteSwiftPackageReference "SnapKit" */ = {
			isa = XCRemoteSwiftPackageReference;
			repositoryURL = "https://github.com/SnapKit/SnapKit.git";
			requirement = {
				kind = upToNextMajorVersion;
				minimumVersion = 5.0.0;
			};
		};
		2AA327AB2B0B233100732CE9 /* XCRemoteSwiftPackageReference "Then" */ = {
			isa = XCRemoteSwiftPackageReference;
			repositoryURL = "https://github.com/devxoul/Then.git";
			requirement = {
				kind = upToNextMajorVersion;
				minimumVersion = 3.0.0;
			};
		};
		2AA327AE2B0B234800732CE9 /* XCRemoteSwiftPackageReference "Kingfisher" */ = {
			isa = XCRemoteSwiftPackageReference;
			repositoryURL = "https://github.com/onevcat/Kingfisher.git";
			requirement = {
				kind = upToNextMajorVersion;
				minimumVersion = 7.0.0;
			};
		};
/* End XCRemoteSwiftPackageReference section */

/* Begin XCSwiftPackageProductDependency section */
		2AA327A92B0B231B00732CE9 /* SnapKit */ = {
			isa = XCSwiftPackageProductDependency;
			package = 2AA327A82B0B231B00732CE9 /* XCRemoteSwiftPackageReference "SnapKit" */;
			productName = SnapKit;
		};
		2AA327AC2B0B233100732CE9 /* Then */ = {
			isa = XCSwiftPackageProductDependency;
			package = 2AA327AB2B0B233100732CE9 /* XCRemoteSwiftPackageReference "Then" */;
			productName = Then;
		};
		2AA327AF2B0B234800732CE9 /* Kingfisher */ = {
			isa = XCSwiftPackageProductDependency;
			package = 2AA327AE2B0B234800732CE9 /* XCRemoteSwiftPackageReference "Kingfisher" */;
			productName = Kingfisher;
		};
/* End XCSwiftPackageProductDependency section */
	};
	rootObject = 2A5296DB2B051E8400279401 /* Project object */;
}
